
Microsoft Visual Studio Solution File, Format Version 12.00
# Visual Studio Version 16
VisualStudioVersion = 16.0.29021.104
MinimumVisualStudioVersion = 10.0.40219.1
Project("{2150E333-8FDC-42A3-9474-1A3956D46DE8}") = "Solution Items", "Solution Items", "{71E357C7-8DF1-447D-A0CA-084BA3F2AF83}"
	ProjectSection(SolutionItems) = preProject
		src\Directory.Build.props = src\Directory.Build.props
		src\Directory.Build.targets = src\Directory.Build.targets
		global.json = global.json
		nuget.config = nuget.config
		pack.cmd = pack.cmd
		Readme.md = Readme.md
		THIRD-PARTY-NOTICES.txt = THIRD-PARTY-NOTICES.txt
		version.json = version.json
	EndProjectSection
EndProject
Project("{2150E333-8FDC-42A3-9474-1A3956D46DE8}") = "BlinForms", "BlinForms", "{4D06362E-96E0-4359-BF69-9E3DC7570984}"
EndProject
Project("{9A19103F-16F7-4668-BE54-9A1E7A4F7556}") = "Microsoft.MobileBlazorBindings.Core", "src\Microsoft.MobileBlazorBindings.Core\Microsoft.MobileBlazorBindings.Core.csproj", "{367B082F-8D65-42EF-9DC0-EC078CDD577A}"
EndProject
Project("{9A19103F-16F7-4668-BE54-9A1E7A4F7556}") = "BlinFormsSample", "samples\BlinFormsSample\BlinFormsSample.csproj", "{1B6BEF03-CFDE-468B-8C50-2F261897826F}"
EndProject
Project("{9A19103F-16F7-4668-BE54-9A1E7A4F7556}") = "BlinForms.Framework", "src\BlinForms.Framework\BlinForms.Framework.csproj", "{B81C7084-BC74-4765-9045-A590B9099403}"
EndProject
Project("{9A19103F-16F7-4668-BE54-9A1E7A4F7556}") = "Microsoft.MobileBlazorBindings", "src\Microsoft.MobileBlazorBindings\Microsoft.MobileBlazorBindings.csproj", "{3AB2926C-AFED-49EE-8E2D-5A6910C285B9}"
EndProject
Project("{FAE04EC0-301F-11D3-BF4B-00C04F79EFBC}") = "MobileBlazorBindingsWeather.Android", "samples\MobileBlazorBindingsWeather\MobileBlazorBindingsWeather.Android\MobileBlazorBindingsWeather.Android.csproj", "{6F809079-188E-4B27-89E0-2E6AB46EF321}"
EndProject
Project("{FAE04EC0-301F-11D3-BF4B-00C04F79EFBC}") = "MobileBlazorBindingsWeather.iOS", "samples\MobileBlazorBindingsWeather\MobileBlazorBindingsWeather.iOS\MobileBlazorBindingsWeather.iOS.csproj", "{11991683-E4AC-45BB-B737-59FBBAC63C5F}"
EndProject
Project("{9A19103F-16F7-4668-BE54-9A1E7A4F7556}") = "MobileBlazorBindingsWeather", "samples\MobileBlazorBindingsWeather\MobileBlazorBindingsWeather\MobileBlazorBindingsWeather.csproj", "{0F4EF5E2-91EA-49B2-8124-420F4B66A6DB}"
EndProject
Project("{2150E333-8FDC-42A3-9474-1A3956D46DE8}") = "TodoSample", "TodoSample", "{9D142AD5-A0E6-4656-ADA1-4B5ACC4F7010}"
EndProject
Project("{2150E333-8FDC-42A3-9474-1A3956D46DE8}") = "WeatherSample", "WeatherSample", "{9B1F38B1-0661-4883-AD4D-ADA9ECA6941B}"
EndProject
Project("{9A19103F-16F7-4668-BE54-9A1E7A4F7556}") = "Microsoft.MobileBlazorBindings.PancakeView", "samples\MobileBlazorBindingsWeather\Microsoft.MobileBlazorBindings.PancakeView\Microsoft.MobileBlazorBindings.PancakeView.csproj", "{4907501E-B483-4544-834B-C3B85F5DC55C}"
EndProject
Project("{2150E333-8FDC-42A3-9474-1A3956D46DE8}") = "XaminalsSample", "XaminalsSample", "{42F94A54-D32B-4C05-8AAA-027E9B65DF39}"
EndProject
Project("{9A19103F-16F7-4668-BE54-9A1E7A4F7556}") = "MobileBlazorBindingsXaminals", "samples\MobileBlazorBindingsXaminals\MobileBlazorBindingsXaminals\MobileBlazorBindingsXaminals.csproj", "{F43D2BAF-0E9B-4B87-B490-A9AA267BD926}"
EndProject
Project("{FAE04EC0-301F-11D3-BF4B-00C04F79EFBC}") = "MobileBlazorBindingsXaminals.Android", "samples\MobileBlazorBindingsXaminals\MobileBlazorBindingsXaminals.Android\MobileBlazorBindingsXaminals.Android.csproj", "{7C0223A3-EC14-4432-A2E1-1E4CFEDA45D5}"
EndProject
Project("{FAE04EC0-301F-11D3-BF4B-00C04F79EFBC}") = "MobileBlazorBindingsXaminals.iOS", "samples\MobileBlazorBindingsXaminals\MobileBlazorBindingsXaminals.iOS\MobileBlazorBindingsXaminals.iOS.csproj", "{CAD95219-78B3-478E-906D-542585C844C3}"
EndProject
Project("{FAE04EC0-301F-11D3-BF4B-00C04F79EFBC}") = "MobileBlazorBindingsHelloWorld.Android", "samples\MobileBlazorBindingsHelloWorld\MobileBlazorBindingsHelloWorld.Android\MobileBlazorBindingsHelloWorld.Android.csproj", "{19AAE44D-B40F-4FD9-B6B2-A971B419501E}"
EndProject
Project("{FAE04EC0-301F-11D3-BF4B-00C04F79EFBC}") = "MobileBlazorBindingsHelloWorld.iOS", "samples\MobileBlazorBindingsHelloWorld\MobileBlazorBindingsHelloWorld.iOS\MobileBlazorBindingsHelloWorld.iOS.csproj", "{91A83E87-DCF0-46F3-9B1D-646A813B3B40}"
EndProject
Project("{9A19103F-16F7-4668-BE54-9A1E7A4F7556}") = "MobileBlazorBindingsHelloWorld", "samples\MobileBlazorBindingsHelloWorld\MobileBlazorBindingsHelloWorld\MobileBlazorBindingsHelloWorld.csproj", "{0A7A4594-D3E3-4EFE-9375-0B80BC049F6F}"
EndProject
Project("{2150E333-8FDC-42A3-9474-1A3956D46DE8}") = "HelloWorldSample", "HelloWorldSample", "{6EC09416-261E-48BD-848B-20CC98AC2CCA}"
EndProject
Project("{9A19103F-16F7-4668-BE54-9A1E7A4F7556}") = "MobileBlazorBindingsTodo", "samples\MobileBlazorBindingsTodoSample\MobileBlazorBindingsTodo\MobileBlazorBindingsTodo.csproj", "{E1B7618A-C873-44C1-A20F-94D9068EBB3C}"
EndProject
Project("{FAE04EC0-301F-11D3-BF4B-00C04F79EFBC}") = "MobileBlazorBindingsTodo.Android", "samples\MobileBlazorBindingsTodoSample\MobileBlazorBindingsTodo.Android\MobileBlazorBindingsTodo.Android.csproj", "{5E52B05E-5F6D-4BFB-9F58-651CDE373D25}"
EndProject
Project("{FAE04EC0-301F-11D3-BF4B-00C04F79EFBC}") = "MobileBlazorBindingsTodo.iOS", "samples\MobileBlazorBindingsTodoSample\MobileBlazorBindingsTodo.iOS\MobileBlazorBindingsTodo.iOS.csproj", "{E966A851-1BEB-4381-B275-6F0D532CF268}"
EndProject
Project("{9A19103F-16F7-4668-BE54-9A1E7A4F7556}") = "MobileBlazorBindings-template-pack", "templates\MobileBlazorBindings-template-pack.csproj", "{5BC2F6D0-DF39-4ADA-9DC5-7064F7B5D671}"
EndProject
Project("{9A19103F-16F7-4668-BE54-9A1E7A4F7556}") = "ComponentWrapperGenerator", "src\ComponentWrapperGenerator\ComponentWrapperGenerator.csproj", "{F14BE154-548C-4FFB-BBCC-C981D3962A70}"
EndProject
Project("{2150E333-8FDC-42A3-9474-1A3956D46DE8}") = "src", "src", "{175AB6E2-5FB5-4C15-94C2-DCA2EE6B0703}"
EndProject
Project("{2150E333-8FDC-42A3-9474-1A3956D46DE8}") = "samples", "samples", "{50192AAF-25B6-447A-99AA-BA8161DBB594}"
EndProject
Project("{9A19103F-16F7-4668-BE54-9A1E7A4F7556}") = "Microsoft.MobileBlazorBindings.WebView", "src\Microsoft.MobileBlazorBindings.WebView\Microsoft.MobileBlazorBindings.WebView.csproj", "{A89F4F80-ACBD-4C4B-A764-4CE6E695F20B}"
	ProjectSection(ProjectDependencies) = postProject
		{C1156611-F47D-4014-9701-105A4D83FB47} = {C1156611-F47D-4014-9701-105A4D83FB47}
	EndProjectSection
EndProject
Project("{9A19103F-16F7-4668-BE54-9A1E7A4F7556}") = "Microsoft.MobileBlazorBindings.WebView.JS", "src\Microsoft.MobileBlazorBindings.WebView.JS\Microsoft.MobileBlazorBindings.WebView.JS.csproj", "{C1156611-F47D-4014-9701-105A4D83FB47}"
EndProject
Project("{9A19103F-16F7-4668-BE54-9A1E7A4F7556}") = "Microsoft.MobileBlazorBindings.WebView.Android", "src\Microsoft.MobileBlazorBindings.WebView.Android\Microsoft.MobileBlazorBindings.WebView.Android.csproj", "{4041365C-EC53-4D91-9D23-EA86B4778FF0}"
EndProject
Project("{FAE04EC0-301F-11D3-BF4B-00C04F79EFBC}") = "Microsoft.MobileBlazorBindings.WebView.iOS", "src\Microsoft.MobileBlazorBindings.WebView.iOS\Microsoft.MobileBlazorBindings.WebView.iOS.csproj", "{3CECADBB-3E56-4D47-A313-CE9E43DCAB02}"
EndProject
Project("{FAE04EC0-301F-11D3-BF4B-00C04F79EFBC}") = "Microsoft.MobileBlazorBindings.WebView.macOS", "src\Microsoft.MobileBlazorBindings.WebView.macOS\Microsoft.MobileBlazorBindings.WebView.macOS.csproj", "{5644B2A3-5B96-44D5-A244-4E7E450E2196}"
EndProject
Project("{9A19103F-16F7-4668-BE54-9A1E7A4F7556}") = "Microsoft.MobileBlazorBindings.WebView.Windows", "src\Microsoft.MobileBlazorBindings.WebView.Windows\Microsoft.MobileBlazorBindings.WebView.Windows.csproj", "{69571F1B-D2C2-4152-A15D-F753397AFC16}"
EndProject
Project("{2150E333-8FDC-42A3-9474-1A3956D46DE8}") = "HybridAppSample", "HybridAppSample", "{0D2AAC54-5DE7-42F7-A839-1B2C550EE070}"
EndProject
Project("{9A19103F-16F7-4668-BE54-9A1E7A4F7556}") = "HybridApp", "samples\HybridApp\HybridApp\HybridApp.csproj", "{01A7CEE6-B551-41CE-99F7-2C6B29566C9B}"
EndProject
Project("{FAE04EC0-301F-11D3-BF4B-00C04F79EFBC}") = "HybridApp.Android", "samples\HybridApp\HybridApp.Android\HybridApp.Android.csproj", "{7147383D-8B55-44BA-A4E7-B01C875E33EE}"
EndProject
Project("{FAE04EC0-301F-11D3-BF4B-00C04F79EFBC}") = "HybridApp.iOS", "samples\HybridApp\HybridApp.iOS\HybridApp.iOS.csproj", "{1EDA072C-07B1-41F7-BFAF-7782B0B09CA8}"
EndProject
Project("{FAE04EC0-301F-11D3-BF4B-00C04F79EFBC}") = "HybridApp.macOS", "samples\HybridApp\HybridApp.macOS\HybridApp.macOS.csproj", "{FAFA9B0B-975F-4B2A-BE09-97386204399C}"
EndProject
Project("{9A19103F-16F7-4668-BE54-9A1E7A4F7556}") = "HybridApp.Windows", "samples\HybridApp\HybridApp.Windows\HybridApp.Windows.csproj", "{59D7D9FA-FD6A-4D7C-B20C-D82A9AEACC77}"
EndProject
Project("{2150E333-8FDC-42A3-9474-1A3956D46DE8}") = "HybridMessageAppSample", "HybridMessageAppSample", "{A1CEA2C3-9558-4578-B22E-09109111BE1A}"
EndProject
Project("{9A19103F-16F7-4668-BE54-9A1E7A4F7556}") = "HybridMessageApp", "samples\HybridMessageApp\HybridMessageApp\HybridMessageApp.csproj", "{5271BA3E-E1DC-45D2-9162-BD6EB81FA5AE}"
EndProject
Project("{FAE04EC0-301F-11D3-BF4B-00C04F79EFBC}") = "HybridMessageApp.iOS", "samples\HybridMessageApp\HybridMessageApp.iOS\HybridMessageApp.iOS.csproj", "{067B3562-A60A-48CB-A917-4B7D9700120A}"
EndProject
Project("{9A19103F-16F7-4668-BE54-9A1E7A4F7556}") = "HybridMessageApp.Windows", "samples\HybridMessageApp\HybridMessageApp.Windows\HybridMessageApp.Windows.csproj", "{E94D9E33-867F-4D47-8FC5-52E1B0783D1C}"
EndProject
Project("{FAE04EC0-301F-11D3-BF4B-00C04F79EFBC}") = "HybridMessageApp.Android", "samples\HybridMessageApp\HybridMessageApp.Android\HybridMessageApp.Android.csproj", "{96B3AB56-0FBC-4E73-ABBA-7AFB204E3E76}"
EndProject
Global
	GlobalSection(SolutionConfigurationPlatforms) = preSolution
		Debug|Any CPU = Debug|Any CPU
		Debug|iPhone = Debug|iPhone
		Debug|iPhoneSimulator = Debug|iPhoneSimulator
		Release|Any CPU = Release|Any CPU
		Release|iPhone = Release|iPhone
		Release|iPhoneSimulator = Release|iPhoneSimulator
	EndGlobalSection
	GlobalSection(ProjectConfigurationPlatforms) = postSolution
		{367B082F-8D65-42EF-9DC0-EC078CDD577A}.Debug|Any CPU.ActiveCfg = Debug|Any CPU
		{367B082F-8D65-42EF-9DC0-EC078CDD577A}.Debug|Any CPU.Build.0 = Debug|Any CPU
		{367B082F-8D65-42EF-9DC0-EC078CDD577A}.Debug|iPhone.ActiveCfg = Debug|Any CPU
		{367B082F-8D65-42EF-9DC0-EC078CDD577A}.Debug|iPhone.Build.0 = Debug|Any CPU
		{367B082F-8D65-42EF-9DC0-EC078CDD577A}.Debug|iPhoneSimulator.ActiveCfg = Debug|Any CPU
		{367B082F-8D65-42EF-9DC0-EC078CDD577A}.Debug|iPhoneSimulator.Build.0 = Debug|Any CPU
		{367B082F-8D65-42EF-9DC0-EC078CDD577A}.Release|Any CPU.ActiveCfg = Release|Any CPU
		{367B082F-8D65-42EF-9DC0-EC078CDD577A}.Release|Any CPU.Build.0 = Release|Any CPU
		{367B082F-8D65-42EF-9DC0-EC078CDD577A}.Release|iPhone.ActiveCfg = Release|Any CPU
		{367B082F-8D65-42EF-9DC0-EC078CDD577A}.Release|iPhone.Build.0 = Release|Any CPU
		{367B082F-8D65-42EF-9DC0-EC078CDD577A}.Release|iPhoneSimulator.ActiveCfg = Release|Any CPU
		{367B082F-8D65-42EF-9DC0-EC078CDD577A}.Release|iPhoneSimulator.Build.0 = Release|Any CPU
		{1B6BEF03-CFDE-468B-8C50-2F261897826F}.Debug|Any CPU.ActiveCfg = Debug|Any CPU
		{1B6BEF03-CFDE-468B-8C50-2F261897826F}.Debug|Any CPU.Build.0 = Debug|Any CPU
		{1B6BEF03-CFDE-468B-8C50-2F261897826F}.Debug|iPhone.ActiveCfg = Debug|Any CPU
		{1B6BEF03-CFDE-468B-8C50-2F261897826F}.Debug|iPhone.Build.0 = Debug|Any CPU
		{1B6BEF03-CFDE-468B-8C50-2F261897826F}.Debug|iPhoneSimulator.ActiveCfg = Debug|Any CPU
		{1B6BEF03-CFDE-468B-8C50-2F261897826F}.Debug|iPhoneSimulator.Build.0 = Debug|Any CPU
		{1B6BEF03-CFDE-468B-8C50-2F261897826F}.Release|Any CPU.ActiveCfg = Release|Any CPU
		{1B6BEF03-CFDE-468B-8C50-2F261897826F}.Release|Any CPU.Build.0 = Release|Any CPU
		{1B6BEF03-CFDE-468B-8C50-2F261897826F}.Release|iPhone.ActiveCfg = Release|Any CPU
		{1B6BEF03-CFDE-468B-8C50-2F261897826F}.Release|iPhone.Build.0 = Release|Any CPU
		{1B6BEF03-CFDE-468B-8C50-2F261897826F}.Release|iPhoneSimulator.ActiveCfg = Release|Any CPU
		{1B6BEF03-CFDE-468B-8C50-2F261897826F}.Release|iPhoneSimulator.Build.0 = Release|Any CPU
		{B81C7084-BC74-4765-9045-A590B9099403}.Debug|Any CPU.ActiveCfg = Debug|Any CPU
		{B81C7084-BC74-4765-9045-A590B9099403}.Debug|Any CPU.Build.0 = Debug|Any CPU
		{B81C7084-BC74-4765-9045-A590B9099403}.Debug|iPhone.ActiveCfg = Debug|Any CPU
		{B81C7084-BC74-4765-9045-A590B9099403}.Debug|iPhone.Build.0 = Debug|Any CPU
		{B81C7084-BC74-4765-9045-A590B9099403}.Debug|iPhoneSimulator.ActiveCfg = Debug|Any CPU
		{B81C7084-BC74-4765-9045-A590B9099403}.Debug|iPhoneSimulator.Build.0 = Debug|Any CPU
		{B81C7084-BC74-4765-9045-A590B9099403}.Release|Any CPU.ActiveCfg = Release|Any CPU
		{B81C7084-BC74-4765-9045-A590B9099403}.Release|Any CPU.Build.0 = Release|Any CPU
		{B81C7084-BC74-4765-9045-A590B9099403}.Release|iPhone.ActiveCfg = Release|Any CPU
		{B81C7084-BC74-4765-9045-A590B9099403}.Release|iPhone.Build.0 = Release|Any CPU
		{B81C7084-BC74-4765-9045-A590B9099403}.Release|iPhoneSimulator.ActiveCfg = Release|Any CPU
		{B81C7084-BC74-4765-9045-A590B9099403}.Release|iPhoneSimulator.Build.0 = Release|Any CPU
		{3AB2926C-AFED-49EE-8E2D-5A6910C285B9}.Debug|Any CPU.ActiveCfg = Debug|Any CPU
		{3AB2926C-AFED-49EE-8E2D-5A6910C285B9}.Debug|Any CPU.Build.0 = Debug|Any CPU
		{3AB2926C-AFED-49EE-8E2D-5A6910C285B9}.Debug|iPhone.ActiveCfg = Debug|Any CPU
		{3AB2926C-AFED-49EE-8E2D-5A6910C285B9}.Debug|iPhone.Build.0 = Debug|Any CPU
		{3AB2926C-AFED-49EE-8E2D-5A6910C285B9}.Debug|iPhoneSimulator.ActiveCfg = Debug|Any CPU
		{3AB2926C-AFED-49EE-8E2D-5A6910C285B9}.Debug|iPhoneSimulator.Build.0 = Debug|Any CPU
		{3AB2926C-AFED-49EE-8E2D-5A6910C285B9}.Release|Any CPU.ActiveCfg = Release|Any CPU
		{3AB2926C-AFED-49EE-8E2D-5A6910C285B9}.Release|Any CPU.Build.0 = Release|Any CPU
		{3AB2926C-AFED-49EE-8E2D-5A6910C285B9}.Release|iPhone.ActiveCfg = Release|Any CPU
		{3AB2926C-AFED-49EE-8E2D-5A6910C285B9}.Release|iPhone.Build.0 = Release|Any CPU
		{3AB2926C-AFED-49EE-8E2D-5A6910C285B9}.Release|iPhoneSimulator.ActiveCfg = Release|Any CPU
		{3AB2926C-AFED-49EE-8E2D-5A6910C285B9}.Release|iPhoneSimulator.Build.0 = Release|Any CPU
		{6F809079-188E-4B27-89E0-2E6AB46EF321}.Debug|Any CPU.ActiveCfg = Debug|Any CPU
		{6F809079-188E-4B27-89E0-2E6AB46EF321}.Debug|Any CPU.Build.0 = Debug|Any CPU
		{6F809079-188E-4B27-89E0-2E6AB46EF321}.Debug|Any CPU.Deploy.0 = Debug|Any CPU
		{6F809079-188E-4B27-89E0-2E6AB46EF321}.Debug|iPhone.ActiveCfg = Debug|Any CPU
		{6F809079-188E-4B27-89E0-2E6AB46EF321}.Debug|iPhone.Build.0 = Debug|Any CPU
		{6F809079-188E-4B27-89E0-2E6AB46EF321}.Debug|iPhone.Deploy.0 = Debug|Any CPU
		{6F809079-188E-4B27-89E0-2E6AB46EF321}.Debug|iPhoneSimulator.ActiveCfg = Debug|Any CPU
		{6F809079-188E-4B27-89E0-2E6AB46EF321}.Debug|iPhoneSimulator.Build.0 = Debug|Any CPU
		{6F809079-188E-4B27-89E0-2E6AB46EF321}.Debug|iPhoneSimulator.Deploy.0 = Debug|Any CPU
		{6F809079-188E-4B27-89E0-2E6AB46EF321}.Release|Any CPU.ActiveCfg = Release|Any CPU
		{6F809079-188E-4B27-89E0-2E6AB46EF321}.Release|Any CPU.Build.0 = Release|Any CPU
		{6F809079-188E-4B27-89E0-2E6AB46EF321}.Release|Any CPU.Deploy.0 = Release|Any CPU
		{6F809079-188E-4B27-89E0-2E6AB46EF321}.Release|iPhone.ActiveCfg = Release|Any CPU
		{6F809079-188E-4B27-89E0-2E6AB46EF321}.Release|iPhone.Build.0 = Release|Any CPU
		{6F809079-188E-4B27-89E0-2E6AB46EF321}.Release|iPhone.Deploy.0 = Release|Any CPU
		{6F809079-188E-4B27-89E0-2E6AB46EF321}.Release|iPhoneSimulator.ActiveCfg = Release|Any CPU
		{6F809079-188E-4B27-89E0-2E6AB46EF321}.Release|iPhoneSimulator.Build.0 = Release|Any CPU
		{6F809079-188E-4B27-89E0-2E6AB46EF321}.Release|iPhoneSimulator.Deploy.0 = Release|Any CPU
		{11991683-E4AC-45BB-B737-59FBBAC63C5F}.Debug|Any CPU.ActiveCfg = Debug|iPhone
		{11991683-E4AC-45BB-B737-59FBBAC63C5F}.Debug|iPhone.ActiveCfg = Debug|iPhone
		{11991683-E4AC-45BB-B737-59FBBAC63C5F}.Debug|iPhone.Build.0 = Debug|iPhone
		{11991683-E4AC-45BB-B737-59FBBAC63C5F}.Debug|iPhoneSimulator.ActiveCfg = Debug|iPhoneSimulator
		{11991683-E4AC-45BB-B737-59FBBAC63C5F}.Debug|iPhoneSimulator.Build.0 = Debug|iPhoneSimulator
		{11991683-E4AC-45BB-B737-59FBBAC63C5F}.Release|Any CPU.ActiveCfg = Release|iPhone
		{11991683-E4AC-45BB-B737-59FBBAC63C5F}.Release|iPhone.ActiveCfg = Release|iPhone
		{11991683-E4AC-45BB-B737-59FBBAC63C5F}.Release|iPhone.Build.0 = Release|iPhone
		{11991683-E4AC-45BB-B737-59FBBAC63C5F}.Release|iPhoneSimulator.ActiveCfg = Release|iPhoneSimulator
		{11991683-E4AC-45BB-B737-59FBBAC63C5F}.Release|iPhoneSimulator.Build.0 = Release|iPhoneSimulator
		{0F4EF5E2-91EA-49B2-8124-420F4B66A6DB}.Debug|Any CPU.ActiveCfg = Debug|Any CPU
		{0F4EF5E2-91EA-49B2-8124-420F4B66A6DB}.Debug|Any CPU.Build.0 = Debug|Any CPU
		{0F4EF5E2-91EA-49B2-8124-420F4B66A6DB}.Debug|iPhone.ActiveCfg = Debug|Any CPU
		{0F4EF5E2-91EA-49B2-8124-420F4B66A6DB}.Debug|iPhone.Build.0 = Debug|Any CPU
		{0F4EF5E2-91EA-49B2-8124-420F4B66A6DB}.Debug|iPhoneSimulator.ActiveCfg = Debug|Any CPU
		{0F4EF5E2-91EA-49B2-8124-420F4B66A6DB}.Debug|iPhoneSimulator.Build.0 = Debug|Any CPU
		{0F4EF5E2-91EA-49B2-8124-420F4B66A6DB}.Release|Any CPU.ActiveCfg = Release|Any CPU
		{0F4EF5E2-91EA-49B2-8124-420F4B66A6DB}.Release|Any CPU.Build.0 = Release|Any CPU
		{0F4EF5E2-91EA-49B2-8124-420F4B66A6DB}.Release|iPhone.ActiveCfg = Release|Any CPU
		{0F4EF5E2-91EA-49B2-8124-420F4B66A6DB}.Release|iPhone.Build.0 = Release|Any CPU
		{0F4EF5E2-91EA-49B2-8124-420F4B66A6DB}.Release|iPhoneSimulator.ActiveCfg = Release|Any CPU
		{0F4EF5E2-91EA-49B2-8124-420F4B66A6DB}.Release|iPhoneSimulator.Build.0 = Release|Any CPU
		{4907501E-B483-4544-834B-C3B85F5DC55C}.Debug|Any CPU.ActiveCfg = Debug|Any CPU
		{4907501E-B483-4544-834B-C3B85F5DC55C}.Debug|Any CPU.Build.0 = Debug|Any CPU
		{4907501E-B483-4544-834B-C3B85F5DC55C}.Debug|iPhone.ActiveCfg = Debug|Any CPU
		{4907501E-B483-4544-834B-C3B85F5DC55C}.Debug|iPhone.Build.0 = Debug|Any CPU
		{4907501E-B483-4544-834B-C3B85F5DC55C}.Debug|iPhoneSimulator.ActiveCfg = Debug|Any CPU
		{4907501E-B483-4544-834B-C3B85F5DC55C}.Debug|iPhoneSimulator.Build.0 = Debug|Any CPU
		{4907501E-B483-4544-834B-C3B85F5DC55C}.Release|Any CPU.ActiveCfg = Release|Any CPU
		{4907501E-B483-4544-834B-C3B85F5DC55C}.Release|Any CPU.Build.0 = Release|Any CPU
		{4907501E-B483-4544-834B-C3B85F5DC55C}.Release|iPhone.ActiveCfg = Release|Any CPU
		{4907501E-B483-4544-834B-C3B85F5DC55C}.Release|iPhone.Build.0 = Release|Any CPU
		{4907501E-B483-4544-834B-C3B85F5DC55C}.Release|iPhoneSimulator.ActiveCfg = Release|Any CPU
		{4907501E-B483-4544-834B-C3B85F5DC55C}.Release|iPhoneSimulator.Build.0 = Release|Any CPU
		{F43D2BAF-0E9B-4B87-B490-A9AA267BD926}.Debug|Any CPU.ActiveCfg = Debug|Any CPU
		{F43D2BAF-0E9B-4B87-B490-A9AA267BD926}.Debug|Any CPU.Build.0 = Debug|Any CPU
		{F43D2BAF-0E9B-4B87-B490-A9AA267BD926}.Debug|iPhone.ActiveCfg = Debug|Any CPU
		{F43D2BAF-0E9B-4B87-B490-A9AA267BD926}.Debug|iPhone.Build.0 = Debug|Any CPU
		{F43D2BAF-0E9B-4B87-B490-A9AA267BD926}.Debug|iPhoneSimulator.ActiveCfg = Debug|Any CPU
		{F43D2BAF-0E9B-4B87-B490-A9AA267BD926}.Debug|iPhoneSimulator.Build.0 = Debug|Any CPU
		{F43D2BAF-0E9B-4B87-B490-A9AA267BD926}.Release|Any CPU.ActiveCfg = Release|Any CPU
		{F43D2BAF-0E9B-4B87-B490-A9AA267BD926}.Release|Any CPU.Build.0 = Release|Any CPU
		{F43D2BAF-0E9B-4B87-B490-A9AA267BD926}.Release|iPhone.ActiveCfg = Release|Any CPU
		{F43D2BAF-0E9B-4B87-B490-A9AA267BD926}.Release|iPhone.Build.0 = Release|Any CPU
		{F43D2BAF-0E9B-4B87-B490-A9AA267BD926}.Release|iPhoneSimulator.ActiveCfg = Release|Any CPU
		{F43D2BAF-0E9B-4B87-B490-A9AA267BD926}.Release|iPhoneSimulator.Build.0 = Release|Any CPU
		{7C0223A3-EC14-4432-A2E1-1E4CFEDA45D5}.Debug|Any CPU.ActiveCfg = Debug|Any CPU
		{7C0223A3-EC14-4432-A2E1-1E4CFEDA45D5}.Debug|Any CPU.Build.0 = Debug|Any CPU
		{7C0223A3-EC14-4432-A2E1-1E4CFEDA45D5}.Debug|Any CPU.Deploy.0 = Debug|Any CPU
		{7C0223A3-EC14-4432-A2E1-1E4CFEDA45D5}.Debug|iPhone.ActiveCfg = Debug|Any CPU
		{7C0223A3-EC14-4432-A2E1-1E4CFEDA45D5}.Debug|iPhone.Build.0 = Debug|Any CPU
		{7C0223A3-EC14-4432-A2E1-1E4CFEDA45D5}.Debug|iPhone.Deploy.0 = Debug|Any CPU
		{7C0223A3-EC14-4432-A2E1-1E4CFEDA45D5}.Debug|iPhoneSimulator.ActiveCfg = Debug|Any CPU
		{7C0223A3-EC14-4432-A2E1-1E4CFEDA45D5}.Debug|iPhoneSimulator.Build.0 = Debug|Any CPU
		{7C0223A3-EC14-4432-A2E1-1E4CFEDA45D5}.Debug|iPhoneSimulator.Deploy.0 = Debug|Any CPU
		{7C0223A3-EC14-4432-A2E1-1E4CFEDA45D5}.Release|Any CPU.ActiveCfg = Release|Any CPU
		{7C0223A3-EC14-4432-A2E1-1E4CFEDA45D5}.Release|Any CPU.Build.0 = Release|Any CPU
		{7C0223A3-EC14-4432-A2E1-1E4CFEDA45D5}.Release|Any CPU.Deploy.0 = Release|Any CPU
		{7C0223A3-EC14-4432-A2E1-1E4CFEDA45D5}.Release|iPhone.ActiveCfg = Release|Any CPU
		{7C0223A3-EC14-4432-A2E1-1E4CFEDA45D5}.Release|iPhone.Build.0 = Release|Any CPU
		{7C0223A3-EC14-4432-A2E1-1E4CFEDA45D5}.Release|iPhone.Deploy.0 = Release|Any CPU
		{7C0223A3-EC14-4432-A2E1-1E4CFEDA45D5}.Release|iPhoneSimulator.ActiveCfg = Release|Any CPU
		{7C0223A3-EC14-4432-A2E1-1E4CFEDA45D5}.Release|iPhoneSimulator.Build.0 = Release|Any CPU
		{7C0223A3-EC14-4432-A2E1-1E4CFEDA45D5}.Release|iPhoneSimulator.Deploy.0 = Release|Any CPU
		{CAD95219-78B3-478E-906D-542585C844C3}.Debug|Any CPU.ActiveCfg = Debug|iPhone
		{CAD95219-78B3-478E-906D-542585C844C3}.Debug|iPhone.ActiveCfg = Debug|iPhone
		{CAD95219-78B3-478E-906D-542585C844C3}.Debug|iPhone.Build.0 = Debug|iPhone
		{CAD95219-78B3-478E-906D-542585C844C3}.Debug|iPhoneSimulator.ActiveCfg = Debug|iPhoneSimulator
		{CAD95219-78B3-478E-906D-542585C844C3}.Debug|iPhoneSimulator.Build.0 = Debug|iPhoneSimulator
		{CAD95219-78B3-478E-906D-542585C844C3}.Release|Any CPU.ActiveCfg = Release|iPhone
		{CAD95219-78B3-478E-906D-542585C844C3}.Release|iPhone.ActiveCfg = Release|iPhone
		{CAD95219-78B3-478E-906D-542585C844C3}.Release|iPhone.Build.0 = Release|iPhone
		{CAD95219-78B3-478E-906D-542585C844C3}.Release|iPhoneSimulator.ActiveCfg = Release|iPhoneSimulator
		{CAD95219-78B3-478E-906D-542585C844C3}.Release|iPhoneSimulator.Build.0 = Release|iPhoneSimulator
		{19AAE44D-B40F-4FD9-B6B2-A971B419501E}.Debug|Any CPU.ActiveCfg = Debug|Any CPU
		{19AAE44D-B40F-4FD9-B6B2-A971B419501E}.Debug|Any CPU.Build.0 = Debug|Any CPU
		{19AAE44D-B40F-4FD9-B6B2-A971B419501E}.Debug|Any CPU.Deploy.0 = Debug|Any CPU
		{19AAE44D-B40F-4FD9-B6B2-A971B419501E}.Debug|iPhone.ActiveCfg = Debug|Any CPU
		{19AAE44D-B40F-4FD9-B6B2-A971B419501E}.Debug|iPhone.Build.0 = Debug|Any CPU
		{19AAE44D-B40F-4FD9-B6B2-A971B419501E}.Debug|iPhone.Deploy.0 = Debug|Any CPU
		{19AAE44D-B40F-4FD9-B6B2-A971B419501E}.Debug|iPhoneSimulator.ActiveCfg = Debug|Any CPU
		{19AAE44D-B40F-4FD9-B6B2-A971B419501E}.Debug|iPhoneSimulator.Build.0 = Debug|Any CPU
		{19AAE44D-B40F-4FD9-B6B2-A971B419501E}.Debug|iPhoneSimulator.Deploy.0 = Debug|Any CPU
		{19AAE44D-B40F-4FD9-B6B2-A971B419501E}.Release|Any CPU.ActiveCfg = Release|Any CPU
		{19AAE44D-B40F-4FD9-B6B2-A971B419501E}.Release|Any CPU.Build.0 = Release|Any CPU
		{19AAE44D-B40F-4FD9-B6B2-A971B419501E}.Release|Any CPU.Deploy.0 = Release|Any CPU
		{19AAE44D-B40F-4FD9-B6B2-A971B419501E}.Release|iPhone.ActiveCfg = Release|Any CPU
		{19AAE44D-B40F-4FD9-B6B2-A971B419501E}.Release|iPhone.Build.0 = Release|Any CPU
		{19AAE44D-B40F-4FD9-B6B2-A971B419501E}.Release|iPhone.Deploy.0 = Release|Any CPU
		{19AAE44D-B40F-4FD9-B6B2-A971B419501E}.Release|iPhoneSimulator.ActiveCfg = Release|Any CPU
		{19AAE44D-B40F-4FD9-B6B2-A971B419501E}.Release|iPhoneSimulator.Build.0 = Release|Any CPU
		{19AAE44D-B40F-4FD9-B6B2-A971B419501E}.Release|iPhoneSimulator.Deploy.0 = Release|Any CPU
		{91A83E87-DCF0-46F3-9B1D-646A813B3B40}.Debug|Any CPU.ActiveCfg = Debug|iPhone
		{91A83E87-DCF0-46F3-9B1D-646A813B3B40}.Debug|iPhone.ActiveCfg = Debug|iPhone
		{91A83E87-DCF0-46F3-9B1D-646A813B3B40}.Debug|iPhone.Build.0 = Debug|iPhone
		{91A83E87-DCF0-46F3-9B1D-646A813B3B40}.Debug|iPhoneSimulator.ActiveCfg = Debug|iPhoneSimulator
		{91A83E87-DCF0-46F3-9B1D-646A813B3B40}.Debug|iPhoneSimulator.Build.0 = Debug|iPhoneSimulator
		{91A83E87-DCF0-46F3-9B1D-646A813B3B40}.Release|Any CPU.ActiveCfg = Release|iPhone
		{91A83E87-DCF0-46F3-9B1D-646A813B3B40}.Release|iPhone.ActiveCfg = Release|iPhone
		{91A83E87-DCF0-46F3-9B1D-646A813B3B40}.Release|iPhone.Build.0 = Release|iPhone
		{91A83E87-DCF0-46F3-9B1D-646A813B3B40}.Release|iPhoneSimulator.ActiveCfg = Release|iPhoneSimulator
		{91A83E87-DCF0-46F3-9B1D-646A813B3B40}.Release|iPhoneSimulator.Build.0 = Release|iPhoneSimulator
		{0A7A4594-D3E3-4EFE-9375-0B80BC049F6F}.Debug|Any CPU.ActiveCfg = Debug|Any CPU
		{0A7A4594-D3E3-4EFE-9375-0B80BC049F6F}.Debug|Any CPU.Build.0 = Debug|Any CPU
		{0A7A4594-D3E3-4EFE-9375-0B80BC049F6F}.Debug|iPhone.ActiveCfg = Debug|Any CPU
		{0A7A4594-D3E3-4EFE-9375-0B80BC049F6F}.Debug|iPhone.Build.0 = Debug|Any CPU
		{0A7A4594-D3E3-4EFE-9375-0B80BC049F6F}.Debug|iPhoneSimulator.ActiveCfg = Debug|Any CPU
		{0A7A4594-D3E3-4EFE-9375-0B80BC049F6F}.Debug|iPhoneSimulator.Build.0 = Debug|Any CPU
		{0A7A4594-D3E3-4EFE-9375-0B80BC049F6F}.Release|Any CPU.ActiveCfg = Release|Any CPU
		{0A7A4594-D3E3-4EFE-9375-0B80BC049F6F}.Release|Any CPU.Build.0 = Release|Any CPU
		{0A7A4594-D3E3-4EFE-9375-0B80BC049F6F}.Release|iPhone.ActiveCfg = Release|Any CPU
		{0A7A4594-D3E3-4EFE-9375-0B80BC049F6F}.Release|iPhone.Build.0 = Release|Any CPU
		{0A7A4594-D3E3-4EFE-9375-0B80BC049F6F}.Release|iPhoneSimulator.ActiveCfg = Release|Any CPU
		{0A7A4594-D3E3-4EFE-9375-0B80BC049F6F}.Release|iPhoneSimulator.Build.0 = Release|Any CPU
		{E1B7618A-C873-44C1-A20F-94D9068EBB3C}.Debug|Any CPU.ActiveCfg = Debug|Any CPU
		{E1B7618A-C873-44C1-A20F-94D9068EBB3C}.Debug|Any CPU.Build.0 = Debug|Any CPU
		{E1B7618A-C873-44C1-A20F-94D9068EBB3C}.Debug|iPhone.ActiveCfg = Debug|Any CPU
		{E1B7618A-C873-44C1-A20F-94D9068EBB3C}.Debug|iPhone.Build.0 = Debug|Any CPU
		{E1B7618A-C873-44C1-A20F-94D9068EBB3C}.Debug|iPhoneSimulator.ActiveCfg = Debug|Any CPU
		{E1B7618A-C873-44C1-A20F-94D9068EBB3C}.Debug|iPhoneSimulator.Build.0 = Debug|Any CPU
		{E1B7618A-C873-44C1-A20F-94D9068EBB3C}.Release|Any CPU.ActiveCfg = Release|Any CPU
		{E1B7618A-C873-44C1-A20F-94D9068EBB3C}.Release|Any CPU.Build.0 = Release|Any CPU
		{E1B7618A-C873-44C1-A20F-94D9068EBB3C}.Release|iPhone.ActiveCfg = Release|Any CPU
		{E1B7618A-C873-44C1-A20F-94D9068EBB3C}.Release|iPhone.Build.0 = Release|Any CPU
		{E1B7618A-C873-44C1-A20F-94D9068EBB3C}.Release|iPhoneSimulator.ActiveCfg = Release|Any CPU
		{E1B7618A-C873-44C1-A20F-94D9068EBB3C}.Release|iPhoneSimulator.Build.0 = Release|Any CPU
		{5E52B05E-5F6D-4BFB-9F58-651CDE373D25}.Debug|Any CPU.ActiveCfg = Debug|Any CPU
		{5E52B05E-5F6D-4BFB-9F58-651CDE373D25}.Debug|Any CPU.Build.0 = Debug|Any CPU
		{5E52B05E-5F6D-4BFB-9F58-651CDE373D25}.Debug|Any CPU.Deploy.0 = Debug|Any CPU
		{5E52B05E-5F6D-4BFB-9F58-651CDE373D25}.Debug|iPhone.ActiveCfg = Debug|Any CPU
		{5E52B05E-5F6D-4BFB-9F58-651CDE373D25}.Debug|iPhone.Build.0 = Debug|Any CPU
		{5E52B05E-5F6D-4BFB-9F58-651CDE373D25}.Debug|iPhone.Deploy.0 = Debug|Any CPU
		{5E52B05E-5F6D-4BFB-9F58-651CDE373D25}.Debug|iPhoneSimulator.ActiveCfg = Debug|Any CPU
		{5E52B05E-5F6D-4BFB-9F58-651CDE373D25}.Debug|iPhoneSimulator.Build.0 = Debug|Any CPU
		{5E52B05E-5F6D-4BFB-9F58-651CDE373D25}.Debug|iPhoneSimulator.Deploy.0 = Debug|Any CPU
		{5E52B05E-5F6D-4BFB-9F58-651CDE373D25}.Release|Any CPU.ActiveCfg = Release|Any CPU
		{5E52B05E-5F6D-4BFB-9F58-651CDE373D25}.Release|Any CPU.Build.0 = Release|Any CPU
		{5E52B05E-5F6D-4BFB-9F58-651CDE373D25}.Release|Any CPU.Deploy.0 = Release|Any CPU
		{5E52B05E-5F6D-4BFB-9F58-651CDE373D25}.Release|iPhone.ActiveCfg = Release|Any CPU
		{5E52B05E-5F6D-4BFB-9F58-651CDE373D25}.Release|iPhone.Build.0 = Release|Any CPU
		{5E52B05E-5F6D-4BFB-9F58-651CDE373D25}.Release|iPhone.Deploy.0 = Release|Any CPU
		{5E52B05E-5F6D-4BFB-9F58-651CDE373D25}.Release|iPhoneSimulator.ActiveCfg = Release|Any CPU
		{5E52B05E-5F6D-4BFB-9F58-651CDE373D25}.Release|iPhoneSimulator.Build.0 = Release|Any CPU
		{5E52B05E-5F6D-4BFB-9F58-651CDE373D25}.Release|iPhoneSimulator.Deploy.0 = Release|Any CPU
		{E966A851-1BEB-4381-B275-6F0D532CF268}.Debug|Any CPU.ActiveCfg = Debug|iPhone
		{E966A851-1BEB-4381-B275-6F0D532CF268}.Debug|iPhone.ActiveCfg = Debug|iPhone
		{E966A851-1BEB-4381-B275-6F0D532CF268}.Debug|iPhone.Build.0 = Debug|iPhone
		{E966A851-1BEB-4381-B275-6F0D532CF268}.Debug|iPhoneSimulator.ActiveCfg = Debug|iPhoneSimulator
		{E966A851-1BEB-4381-B275-6F0D532CF268}.Debug|iPhoneSimulator.Build.0 = Debug|iPhoneSimulator
		{E966A851-1BEB-4381-B275-6F0D532CF268}.Release|Any CPU.ActiveCfg = Release|iPhone
		{E966A851-1BEB-4381-B275-6F0D532CF268}.Release|iPhone.ActiveCfg = Release|iPhone
		{E966A851-1BEB-4381-B275-6F0D532CF268}.Release|iPhone.Build.0 = Release|iPhone
		{E966A851-1BEB-4381-B275-6F0D532CF268}.Release|iPhoneSimulator.ActiveCfg = Release|iPhoneSimulator
		{E966A851-1BEB-4381-B275-6F0D532CF268}.Release|iPhoneSimulator.Build.0 = Release|iPhoneSimulator
		{5BC2F6D0-DF39-4ADA-9DC5-7064F7B5D671}.Debug|Any CPU.ActiveCfg = Debug|Any CPU
		{5BC2F6D0-DF39-4ADA-9DC5-7064F7B5D671}.Debug|Any CPU.Build.0 = Debug|Any CPU
		{5BC2F6D0-DF39-4ADA-9DC5-7064F7B5D671}.Debug|iPhone.ActiveCfg = Debug|Any CPU
		{5BC2F6D0-DF39-4ADA-9DC5-7064F7B5D671}.Debug|iPhone.Build.0 = Debug|Any CPU
		{5BC2F6D0-DF39-4ADA-9DC5-7064F7B5D671}.Debug|iPhoneSimulator.ActiveCfg = Debug|Any CPU
		{5BC2F6D0-DF39-4ADA-9DC5-7064F7B5D671}.Debug|iPhoneSimulator.Build.0 = Debug|Any CPU
		{5BC2F6D0-DF39-4ADA-9DC5-7064F7B5D671}.Release|Any CPU.ActiveCfg = Release|Any CPU
		{5BC2F6D0-DF39-4ADA-9DC5-7064F7B5D671}.Release|Any CPU.Build.0 = Release|Any CPU
		{5BC2F6D0-DF39-4ADA-9DC5-7064F7B5D671}.Release|iPhone.ActiveCfg = Release|Any CPU
		{5BC2F6D0-DF39-4ADA-9DC5-7064F7B5D671}.Release|iPhone.Build.0 = Release|Any CPU
		{5BC2F6D0-DF39-4ADA-9DC5-7064F7B5D671}.Release|iPhoneSimulator.ActiveCfg = Release|Any CPU
		{5BC2F6D0-DF39-4ADA-9DC5-7064F7B5D671}.Release|iPhoneSimulator.Build.0 = Release|Any CPU
		{F14BE154-548C-4FFB-BBCC-C981D3962A70}.Debug|Any CPU.ActiveCfg = Debug|Any CPU
		{F14BE154-548C-4FFB-BBCC-C981D3962A70}.Debug|Any CPU.Build.0 = Debug|Any CPU
		{F14BE154-548C-4FFB-BBCC-C981D3962A70}.Debug|iPhone.ActiveCfg = Debug|Any CPU
		{F14BE154-548C-4FFB-BBCC-C981D3962A70}.Debug|iPhone.Build.0 = Debug|Any CPU
		{F14BE154-548C-4FFB-BBCC-C981D3962A70}.Debug|iPhoneSimulator.ActiveCfg = Debug|Any CPU
		{F14BE154-548C-4FFB-BBCC-C981D3962A70}.Debug|iPhoneSimulator.Build.0 = Debug|Any CPU
		{F14BE154-548C-4FFB-BBCC-C981D3962A70}.Release|Any CPU.ActiveCfg = Release|Any CPU
		{F14BE154-548C-4FFB-BBCC-C981D3962A70}.Release|Any CPU.Build.0 = Release|Any CPU
		{F14BE154-548C-4FFB-BBCC-C981D3962A70}.Release|iPhone.ActiveCfg = Release|Any CPU
		{F14BE154-548C-4FFB-BBCC-C981D3962A70}.Release|iPhone.Build.0 = Release|Any CPU
		{F14BE154-548C-4FFB-BBCC-C981D3962A70}.Release|iPhoneSimulator.ActiveCfg = Release|Any CPU
		{F14BE154-548C-4FFB-BBCC-C981D3962A70}.Release|iPhoneSimulator.Build.0 = Release|Any CPU
		{A89F4F80-ACBD-4C4B-A764-4CE6E695F20B}.Debug|Any CPU.ActiveCfg = Debug|Any CPU
		{A89F4F80-ACBD-4C4B-A764-4CE6E695F20B}.Debug|Any CPU.Build.0 = Debug|Any CPU
		{A89F4F80-ACBD-4C4B-A764-4CE6E695F20B}.Debug|iPhone.ActiveCfg = Debug|Any CPU
		{A89F4F80-ACBD-4C4B-A764-4CE6E695F20B}.Debug|iPhone.Build.0 = Debug|Any CPU
		{A89F4F80-ACBD-4C4B-A764-4CE6E695F20B}.Debug|iPhoneSimulator.ActiveCfg = Debug|Any CPU
		{A89F4F80-ACBD-4C4B-A764-4CE6E695F20B}.Debug|iPhoneSimulator.Build.0 = Debug|Any CPU
		{A89F4F80-ACBD-4C4B-A764-4CE6E695F20B}.Release|Any CPU.ActiveCfg = Release|Any CPU
		{A89F4F80-ACBD-4C4B-A764-4CE6E695F20B}.Release|Any CPU.Build.0 = Release|Any CPU
		{A89F4F80-ACBD-4C4B-A764-4CE6E695F20B}.Release|iPhone.ActiveCfg = Release|Any CPU
		{A89F4F80-ACBD-4C4B-A764-4CE6E695F20B}.Release|iPhone.Build.0 = Release|Any CPU
		{A89F4F80-ACBD-4C4B-A764-4CE6E695F20B}.Release|iPhoneSimulator.ActiveCfg = Release|Any CPU
		{A89F4F80-ACBD-4C4B-A764-4CE6E695F20B}.Release|iPhoneSimulator.Build.0 = Release|Any CPU
		{C1156611-F47D-4014-9701-105A4D83FB47}.Debug|Any CPU.ActiveCfg = Debug|Any CPU
		{C1156611-F47D-4014-9701-105A4D83FB47}.Debug|Any CPU.Build.0 = Debug|Any CPU
		{C1156611-F47D-4014-9701-105A4D83FB47}.Debug|iPhone.ActiveCfg = Debug|Any CPU
		{C1156611-F47D-4014-9701-105A4D83FB47}.Debug|iPhone.Build.0 = Debug|Any CPU
		{C1156611-F47D-4014-9701-105A4D83FB47}.Debug|iPhoneSimulator.ActiveCfg = Debug|Any CPU
		{C1156611-F47D-4014-9701-105A4D83FB47}.Debug|iPhoneSimulator.Build.0 = Debug|Any CPU
		{C1156611-F47D-4014-9701-105A4D83FB47}.Release|Any CPU.ActiveCfg = Release|Any CPU
		{C1156611-F47D-4014-9701-105A4D83FB47}.Release|Any CPU.Build.0 = Release|Any CPU
		{C1156611-F47D-4014-9701-105A4D83FB47}.Release|iPhone.ActiveCfg = Release|Any CPU
		{C1156611-F47D-4014-9701-105A4D83FB47}.Release|iPhone.Build.0 = Release|Any CPU
		{C1156611-F47D-4014-9701-105A4D83FB47}.Release|iPhoneSimulator.ActiveCfg = Release|Any CPU
		{C1156611-F47D-4014-9701-105A4D83FB47}.Release|iPhoneSimulator.Build.0 = Release|Any CPU
		{4041365C-EC53-4D91-9D23-EA86B4778FF0}.Debug|Any CPU.ActiveCfg = Debug|Any CPU
		{4041365C-EC53-4D91-9D23-EA86B4778FF0}.Debug|Any CPU.Build.0 = Debug|Any CPU
		{4041365C-EC53-4D91-9D23-EA86B4778FF0}.Debug|iPhone.ActiveCfg = Debug|Any CPU
		{4041365C-EC53-4D91-9D23-EA86B4778FF0}.Debug|iPhone.Build.0 = Debug|Any CPU
		{4041365C-EC53-4D91-9D23-EA86B4778FF0}.Debug|iPhoneSimulator.ActiveCfg = Debug|Any CPU
		{4041365C-EC53-4D91-9D23-EA86B4778FF0}.Debug|iPhoneSimulator.Build.0 = Debug|Any CPU
		{4041365C-EC53-4D91-9D23-EA86B4778FF0}.Release|Any CPU.ActiveCfg = Release|Any CPU
		{4041365C-EC53-4D91-9D23-EA86B4778FF0}.Release|Any CPU.Build.0 = Release|Any CPU
		{4041365C-EC53-4D91-9D23-EA86B4778FF0}.Release|iPhone.ActiveCfg = Release|Any CPU
		{4041365C-EC53-4D91-9D23-EA86B4778FF0}.Release|iPhone.Build.0 = Release|Any CPU
		{4041365C-EC53-4D91-9D23-EA86B4778FF0}.Release|iPhoneSimulator.ActiveCfg = Release|Any CPU
		{4041365C-EC53-4D91-9D23-EA86B4778FF0}.Release|iPhoneSimulator.Build.0 = Release|Any CPU
		{3CECADBB-3E56-4D47-A313-CE9E43DCAB02}.Debug|Any CPU.ActiveCfg = Debug|Any CPU
		{3CECADBB-3E56-4D47-A313-CE9E43DCAB02}.Debug|Any CPU.Build.0 = Debug|Any CPU
		{3CECADBB-3E56-4D47-A313-CE9E43DCAB02}.Debug|iPhone.ActiveCfg = Debug|Any CPU
		{3CECADBB-3E56-4D47-A313-CE9E43DCAB02}.Debug|iPhone.Build.0 = Debug|Any CPU
		{3CECADBB-3E56-4D47-A313-CE9E43DCAB02}.Debug|iPhoneSimulator.ActiveCfg = Debug|Any CPU
		{3CECADBB-3E56-4D47-A313-CE9E43DCAB02}.Debug|iPhoneSimulator.Build.0 = Debug|Any CPU
		{3CECADBB-3E56-4D47-A313-CE9E43DCAB02}.Release|Any CPU.ActiveCfg = Release|Any CPU
		{3CECADBB-3E56-4D47-A313-CE9E43DCAB02}.Release|Any CPU.Build.0 = Release|Any CPU
		{3CECADBB-3E56-4D47-A313-CE9E43DCAB02}.Release|iPhone.ActiveCfg = Release|Any CPU
		{3CECADBB-3E56-4D47-A313-CE9E43DCAB02}.Release|iPhone.Build.0 = Release|Any CPU
		{3CECADBB-3E56-4D47-A313-CE9E43DCAB02}.Release|iPhoneSimulator.ActiveCfg = Release|Any CPU
		{3CECADBB-3E56-4D47-A313-CE9E43DCAB02}.Release|iPhoneSimulator.Build.0 = Release|Any CPU
		{5644B2A3-5B96-44D5-A244-4E7E450E2196}.Debug|Any CPU.ActiveCfg = Debug|Any CPU
		{5644B2A3-5B96-44D5-A244-4E7E450E2196}.Debug|Any CPU.Build.0 = Debug|Any CPU
		{5644B2A3-5B96-44D5-A244-4E7E450E2196}.Debug|iPhone.ActiveCfg = Debug|Any CPU
		{5644B2A3-5B96-44D5-A244-4E7E450E2196}.Debug|iPhone.Build.0 = Debug|Any CPU
		{5644B2A3-5B96-44D5-A244-4E7E450E2196}.Debug|iPhoneSimulator.ActiveCfg = Debug|Any CPU
		{5644B2A3-5B96-44D5-A244-4E7E450E2196}.Debug|iPhoneSimulator.Build.0 = Debug|Any CPU
		{5644B2A3-5B96-44D5-A244-4E7E450E2196}.Release|Any CPU.ActiveCfg = Release|Any CPU
		{5644B2A3-5B96-44D5-A244-4E7E450E2196}.Release|Any CPU.Build.0 = Release|Any CPU
		{5644B2A3-5B96-44D5-A244-4E7E450E2196}.Release|iPhone.ActiveCfg = Release|Any CPU
		{5644B2A3-5B96-44D5-A244-4E7E450E2196}.Release|iPhone.Build.0 = Release|Any CPU
		{5644B2A3-5B96-44D5-A244-4E7E450E2196}.Release|iPhoneSimulator.ActiveCfg = Release|Any CPU
		{5644B2A3-5B96-44D5-A244-4E7E450E2196}.Release|iPhoneSimulator.Build.0 = Release|Any CPU
		{69571F1B-D2C2-4152-A15D-F753397AFC16}.Debug|Any CPU.ActiveCfg = Debug|Any CPU
		{69571F1B-D2C2-4152-A15D-F753397AFC16}.Debug|Any CPU.Build.0 = Debug|Any CPU
		{69571F1B-D2C2-4152-A15D-F753397AFC16}.Debug|iPhone.ActiveCfg = Debug|Any CPU
		{69571F1B-D2C2-4152-A15D-F753397AFC16}.Debug|iPhone.Build.0 = Debug|Any CPU
		{69571F1B-D2C2-4152-A15D-F753397AFC16}.Debug|iPhoneSimulator.ActiveCfg = Debug|Any CPU
		{69571F1B-D2C2-4152-A15D-F753397AFC16}.Debug|iPhoneSimulator.Build.0 = Debug|Any CPU
		{69571F1B-D2C2-4152-A15D-F753397AFC16}.Release|Any CPU.ActiveCfg = Release|Any CPU
		{69571F1B-D2C2-4152-A15D-F753397AFC16}.Release|Any CPU.Build.0 = Release|Any CPU
		{69571F1B-D2C2-4152-A15D-F753397AFC16}.Release|iPhone.ActiveCfg = Release|Any CPU
		{69571F1B-D2C2-4152-A15D-F753397AFC16}.Release|iPhone.Build.0 = Release|Any CPU
		{69571F1B-D2C2-4152-A15D-F753397AFC16}.Release|iPhoneSimulator.ActiveCfg = Release|Any CPU
		{69571F1B-D2C2-4152-A15D-F753397AFC16}.Release|iPhoneSimulator.Build.0 = Release|Any CPU
		{01A7CEE6-B551-41CE-99F7-2C6B29566C9B}.Debug|Any CPU.ActiveCfg = Debug|Any CPU
		{01A7CEE6-B551-41CE-99F7-2C6B29566C9B}.Debug|Any CPU.Build.0 = Debug|Any CPU
		{01A7CEE6-B551-41CE-99F7-2C6B29566C9B}.Debug|iPhone.ActiveCfg = Debug|Any CPU
		{01A7CEE6-B551-41CE-99F7-2C6B29566C9B}.Debug|iPhone.Build.0 = Debug|Any CPU
		{01A7CEE6-B551-41CE-99F7-2C6B29566C9B}.Debug|iPhoneSimulator.ActiveCfg = Debug|Any CPU
		{01A7CEE6-B551-41CE-99F7-2C6B29566C9B}.Debug|iPhoneSimulator.Build.0 = Debug|Any CPU
		{01A7CEE6-B551-41CE-99F7-2C6B29566C9B}.Release|Any CPU.ActiveCfg = Release|Any CPU
		{01A7CEE6-B551-41CE-99F7-2C6B29566C9B}.Release|Any CPU.Build.0 = Release|Any CPU
		{01A7CEE6-B551-41CE-99F7-2C6B29566C9B}.Release|iPhone.ActiveCfg = Release|Any CPU
		{01A7CEE6-B551-41CE-99F7-2C6B29566C9B}.Release|iPhone.Build.0 = Release|Any CPU
		{01A7CEE6-B551-41CE-99F7-2C6B29566C9B}.Release|iPhoneSimulator.ActiveCfg = Release|Any CPU
		{01A7CEE6-B551-41CE-99F7-2C6B29566C9B}.Release|iPhoneSimulator.Build.0 = Release|Any CPU
		{7147383D-8B55-44BA-A4E7-B01C875E33EE}.Debug|Any CPU.ActiveCfg = Debug|Any CPU
		{7147383D-8B55-44BA-A4E7-B01C875E33EE}.Debug|Any CPU.Build.0 = Debug|Any CPU
		{7147383D-8B55-44BA-A4E7-B01C875E33EE}.Debug|Any CPU.Deploy.0 = Debug|Any CPU
		{7147383D-8B55-44BA-A4E7-B01C875E33EE}.Debug|iPhone.ActiveCfg = Debug|Any CPU
		{7147383D-8B55-44BA-A4E7-B01C875E33EE}.Debug|iPhone.Build.0 = Debug|Any CPU
		{7147383D-8B55-44BA-A4E7-B01C875E33EE}.Debug|iPhone.Deploy.0 = Debug|Any CPU
		{7147383D-8B55-44BA-A4E7-B01C875E33EE}.Debug|iPhoneSimulator.ActiveCfg = Debug|Any CPU
		{7147383D-8B55-44BA-A4E7-B01C875E33EE}.Debug|iPhoneSimulator.Build.0 = Debug|Any CPU
		{7147383D-8B55-44BA-A4E7-B01C875E33EE}.Debug|iPhoneSimulator.Deploy.0 = Debug|Any CPU
		{7147383D-8B55-44BA-A4E7-B01C875E33EE}.Release|Any CPU.ActiveCfg = Release|Any CPU
		{7147383D-8B55-44BA-A4E7-B01C875E33EE}.Release|Any CPU.Build.0 = Release|Any CPU
		{7147383D-8B55-44BA-A4E7-B01C875E33EE}.Release|Any CPU.Deploy.0 = Release|Any CPU
		{7147383D-8B55-44BA-A4E7-B01C875E33EE}.Release|iPhone.ActiveCfg = Release|Any CPU
		{7147383D-8B55-44BA-A4E7-B01C875E33EE}.Release|iPhone.Build.0 = Release|Any CPU
		{7147383D-8B55-44BA-A4E7-B01C875E33EE}.Release|iPhone.Deploy.0 = Release|Any CPU
		{7147383D-8B55-44BA-A4E7-B01C875E33EE}.Release|iPhoneSimulator.ActiveCfg = Release|Any CPU
		{7147383D-8B55-44BA-A4E7-B01C875E33EE}.Release|iPhoneSimulator.Build.0 = Release|Any CPU
		{7147383D-8B55-44BA-A4E7-B01C875E33EE}.Release|iPhoneSimulator.Deploy.0 = Release|Any CPU
		{1EDA072C-07B1-41F7-BFAF-7782B0B09CA8}.Debug|Any CPU.ActiveCfg = Debug|iPhone
		{1EDA072C-07B1-41F7-BFAF-7782B0B09CA8}.Debug|iPhone.ActiveCfg = Debug|iPhone
		{1EDA072C-07B1-41F7-BFAF-7782B0B09CA8}.Debug|iPhone.Build.0 = Debug|iPhone
		{1EDA072C-07B1-41F7-BFAF-7782B0B09CA8}.Debug|iPhoneSimulator.ActiveCfg = Debug|iPhoneSimulator
		{1EDA072C-07B1-41F7-BFAF-7782B0B09CA8}.Debug|iPhoneSimulator.Build.0 = Debug|iPhoneSimulator
		{1EDA072C-07B1-41F7-BFAF-7782B0B09CA8}.Release|Any CPU.ActiveCfg = Release|iPhone
		{1EDA072C-07B1-41F7-BFAF-7782B0B09CA8}.Release|iPhone.ActiveCfg = Release|iPhone
		{1EDA072C-07B1-41F7-BFAF-7782B0B09CA8}.Release|iPhone.Build.0 = Release|iPhone
		{1EDA072C-07B1-41F7-BFAF-7782B0B09CA8}.Release|iPhoneSimulator.ActiveCfg = Release|iPhoneSimulator
		{1EDA072C-07B1-41F7-BFAF-7782B0B09CA8}.Release|iPhoneSimulator.Build.0 = Release|iPhoneSimulator
		{FAFA9B0B-975F-4B2A-BE09-97386204399C}.Debug|Any CPU.ActiveCfg = Debug|Any CPU
		{FAFA9B0B-975F-4B2A-BE09-97386204399C}.Debug|Any CPU.Build.0 = Debug|Any CPU
		{FAFA9B0B-975F-4B2A-BE09-97386204399C}.Debug|iPhone.ActiveCfg = Debug|Any CPU
		{FAFA9B0B-975F-4B2A-BE09-97386204399C}.Debug|iPhone.Build.0 = Debug|Any CPU
		{FAFA9B0B-975F-4B2A-BE09-97386204399C}.Debug|iPhoneSimulator.ActiveCfg = Debug|Any CPU
		{FAFA9B0B-975F-4B2A-BE09-97386204399C}.Debug|iPhoneSimulator.Build.0 = Debug|Any CPU
		{FAFA9B0B-975F-4B2A-BE09-97386204399C}.Release|Any CPU.ActiveCfg = Release|Any CPU
		{FAFA9B0B-975F-4B2A-BE09-97386204399C}.Release|Any CPU.Build.0 = Release|Any CPU
		{FAFA9B0B-975F-4B2A-BE09-97386204399C}.Release|iPhone.ActiveCfg = Release|Any CPU
		{FAFA9B0B-975F-4B2A-BE09-97386204399C}.Release|iPhone.Build.0 = Release|Any CPU
		{FAFA9B0B-975F-4B2A-BE09-97386204399C}.Release|iPhoneSimulator.ActiveCfg = Release|Any CPU
		{FAFA9B0B-975F-4B2A-BE09-97386204399C}.Release|iPhoneSimulator.Build.0 = Release|Any CPU
		{59D7D9FA-FD6A-4D7C-B20C-D82A9AEACC77}.Debug|Any CPU.ActiveCfg = Debug|Any CPU
		{59D7D9FA-FD6A-4D7C-B20C-D82A9AEACC77}.Debug|Any CPU.Build.0 = Debug|Any CPU
		{59D7D9FA-FD6A-4D7C-B20C-D82A9AEACC77}.Debug|iPhone.ActiveCfg = Debug|Any CPU
		{59D7D9FA-FD6A-4D7C-B20C-D82A9AEACC77}.Debug|iPhone.Build.0 = Debug|Any CPU
		{59D7D9FA-FD6A-4D7C-B20C-D82A9AEACC77}.Debug|iPhoneSimulator.ActiveCfg = Debug|Any CPU
		{59D7D9FA-FD6A-4D7C-B20C-D82A9AEACC77}.Debug|iPhoneSimulator.Build.0 = Debug|Any CPU
		{59D7D9FA-FD6A-4D7C-B20C-D82A9AEACC77}.Release|Any CPU.ActiveCfg = Release|Any CPU
		{59D7D9FA-FD6A-4D7C-B20C-D82A9AEACC77}.Release|Any CPU.Build.0 = Release|Any CPU
		{59D7D9FA-FD6A-4D7C-B20C-D82A9AEACC77}.Release|iPhone.ActiveCfg = Release|Any CPU
		{59D7D9FA-FD6A-4D7C-B20C-D82A9AEACC77}.Release|iPhone.Build.0 = Release|Any CPU
		{59D7D9FA-FD6A-4D7C-B20C-D82A9AEACC77}.Release|iPhoneSimulator.ActiveCfg = Release|Any CPU
		{59D7D9FA-FD6A-4D7C-B20C-D82A9AEACC77}.Release|iPhoneSimulator.Build.0 = Release|Any CPU
		{5271BA3E-E1DC-45D2-9162-BD6EB81FA5AE}.Debug|Any CPU.ActiveCfg = Debug|Any CPU
		{5271BA3E-E1DC-45D2-9162-BD6EB81FA5AE}.Debug|Any CPU.Build.0 = Debug|Any CPU
		{5271BA3E-E1DC-45D2-9162-BD6EB81FA5AE}.Debug|iPhone.ActiveCfg = Debug|Any CPU
		{5271BA3E-E1DC-45D2-9162-BD6EB81FA5AE}.Debug|iPhone.Build.0 = Debug|Any CPU
		{5271BA3E-E1DC-45D2-9162-BD6EB81FA5AE}.Debug|iPhoneSimulator.ActiveCfg = Debug|Any CPU
		{5271BA3E-E1DC-45D2-9162-BD6EB81FA5AE}.Debug|iPhoneSimulator.Build.0 = Debug|Any CPU
		{5271BA3E-E1DC-45D2-9162-BD6EB81FA5AE}.Release|Any CPU.ActiveCfg = Release|Any CPU
		{5271BA3E-E1DC-45D2-9162-BD6EB81FA5AE}.Release|Any CPU.Build.0 = Release|Any CPU
		{5271BA3E-E1DC-45D2-9162-BD6EB81FA5AE}.Release|iPhone.ActiveCfg = Release|Any CPU
		{5271BA3E-E1DC-45D2-9162-BD6EB81FA5AE}.Release|iPhone.Build.0 = Release|Any CPU
		{5271BA3E-E1DC-45D2-9162-BD6EB81FA5AE}.Release|iPhoneSimulator.ActiveCfg = Release|Any CPU
		{5271BA3E-E1DC-45D2-9162-BD6EB81FA5AE}.Release|iPhoneSimulator.Build.0 = Release|Any CPU
		{067B3562-A60A-48CB-A917-4B7D9700120A}.Debug|Any CPU.ActiveCfg = Debug|iPhone
		{067B3562-A60A-48CB-A917-4B7D9700120A}.Debug|iPhone.ActiveCfg = Debug|iPhone
		{067B3562-A60A-48CB-A917-4B7D9700120A}.Debug|iPhone.Build.0 = Debug|iPhone
		{067B3562-A60A-48CB-A917-4B7D9700120A}.Debug|iPhoneSimulator.ActiveCfg = Debug|iPhoneSimulator
		{067B3562-A60A-48CB-A917-4B7D9700120A}.Debug|iPhoneSimulator.Build.0 = Debug|iPhoneSimulator
		{067B3562-A60A-48CB-A917-4B7D9700120A}.Release|Any CPU.ActiveCfg = Release|iPhone
		{067B3562-A60A-48CB-A917-4B7D9700120A}.Release|iPhone.ActiveCfg = Release|iPhone
		{067B3562-A60A-48CB-A917-4B7D9700120A}.Release|iPhone.Build.0 = Release|iPhone
		{067B3562-A60A-48CB-A917-4B7D9700120A}.Release|iPhoneSimulator.ActiveCfg = Release|iPhoneSimulator
		{067B3562-A60A-48CB-A917-4B7D9700120A}.Release|iPhoneSimulator.Build.0 = Release|iPhoneSimulator
		{E94D9E33-867F-4D47-8FC5-52E1B0783D1C}.Debug|Any CPU.ActiveCfg = Debug|Any CPU
		{E94D9E33-867F-4D47-8FC5-52E1B0783D1C}.Debug|Any CPU.Build.0 = Debug|Any CPU
		{E94D9E33-867F-4D47-8FC5-52E1B0783D1C}.Debug|iPhone.ActiveCfg = Debug|Any CPU
		{E94D9E33-867F-4D47-8FC5-52E1B0783D1C}.Debug|iPhone.Build.0 = Debug|Any CPU
		{E94D9E33-867F-4D47-8FC5-52E1B0783D1C}.Debug|iPhoneSimulator.ActiveCfg = Debug|Any CPU
		{E94D9E33-867F-4D47-8FC5-52E1B0783D1C}.Debug|iPhoneSimulator.Build.0 = Debug|Any CPU
		{E94D9E33-867F-4D47-8FC5-52E1B0783D1C}.Release|Any CPU.ActiveCfg = Release|Any CPU
		{E94D9E33-867F-4D47-8FC5-52E1B0783D1C}.Release|Any CPU.Build.0 = Release|Any CPU
		{E94D9E33-867F-4D47-8FC5-52E1B0783D1C}.Release|iPhone.ActiveCfg = Release|Any CPU
		{E94D9E33-867F-4D47-8FC5-52E1B0783D1C}.Release|iPhone.Build.0 = Release|Any CPU
		{E94D9E33-867F-4D47-8FC5-52E1B0783D1C}.Release|iPhoneSimulator.ActiveCfg = Release|Any CPU
		{E94D9E33-867F-4D47-8FC5-52E1B0783D1C}.Release|iPhoneSimulator.Build.0 = Release|Any CPU
		{96B3AB56-0FBC-4E73-ABBA-7AFB204E3E76}.Debug|Any CPU.ActiveCfg = Debug|Any CPU
		{96B3AB56-0FBC-4E73-ABBA-7AFB204E3E76}.Debug|Any CPU.Build.0 = Debug|Any CPU
		{96B3AB56-0FBC-4E73-ABBA-7AFB204E3E76}.Debug|Any CPU.Deploy.0 = Debug|Any CPU
		{96B3AB56-0FBC-4E73-ABBA-7AFB204E3E76}.Debug|iPhone.ActiveCfg = Debug|Any CPU
		{96B3AB56-0FBC-4E73-ABBA-7AFB204E3E76}.Debug|iPhone.Build.0 = Debug|Any CPU
		{96B3AB56-0FBC-4E73-ABBA-7AFB204E3E76}.Debug|iPhone.Deploy.0 = Debug|Any CPU
		{96B3AB56-0FBC-4E73-ABBA-7AFB204E3E76}.Debug|iPhoneSimulator.ActiveCfg = Debug|Any CPU
		{96B3AB56-0FBC-4E73-ABBA-7AFB204E3E76}.Debug|iPhoneSimulator.Build.0 = Debug|Any CPU
		{96B3AB56-0FBC-4E73-ABBA-7AFB204E3E76}.Debug|iPhoneSimulator.Deploy.0 = Debug|Any CPU
		{96B3AB56-0FBC-4E73-ABBA-7AFB204E3E76}.Release|Any CPU.ActiveCfg = Release|Any CPU
		{96B3AB56-0FBC-4E73-ABBA-7AFB204E3E76}.Release|Any CPU.Build.0 = Release|Any CPU
		{96B3AB56-0FBC-4E73-ABBA-7AFB204E3E76}.Release|Any CPU.Deploy.0 = Release|Any CPU
		{96B3AB56-0FBC-4E73-ABBA-7AFB204E3E76}.Release|iPhone.ActiveCfg = Release|Any CPU
		{96B3AB56-0FBC-4E73-ABBA-7AFB204E3E76}.Release|iPhone.Build.0 = Release|Any CPU
		{96B3AB56-0FBC-4E73-ABBA-7AFB204E3E76}.Release|iPhone.Deploy.0 = Release|Any CPU
		{96B3AB56-0FBC-4E73-ABBA-7AFB204E3E76}.Release|iPhoneSimulator.ActiveCfg = Release|Any CPU
		{96B3AB56-0FBC-4E73-ABBA-7AFB204E3E76}.Release|iPhoneSimulator.Build.0 = Release|Any CPU
		{96B3AB56-0FBC-4E73-ABBA-7AFB204E3E76}.Release|iPhoneSimulator.Deploy.0 = Release|Any CPU
	EndGlobalSection
	GlobalSection(SolutionProperties) = preSolution
		HideSolutionNode = FALSE
	EndGlobalSection
	GlobalSection(NestedProjects) = preSolution
		{367B082F-8D65-42EF-9DC0-EC078CDD577A} = {175AB6E2-5FB5-4C15-94C2-DCA2EE6B0703}
		{1B6BEF03-CFDE-468B-8C50-2F261897826F} = {4D06362E-96E0-4359-BF69-9E3DC7570984}
		{B81C7084-BC74-4765-9045-A590B9099403} = {4D06362E-96E0-4359-BF69-9E3DC7570984}
		{3AB2926C-AFED-49EE-8E2D-5A6910C285B9} = {175AB6E2-5FB5-4C15-94C2-DCA2EE6B0703}
		{6F809079-188E-4B27-89E0-2E6AB46EF321} = {9B1F38B1-0661-4883-AD4D-ADA9ECA6941B}
		{11991683-E4AC-45BB-B737-59FBBAC63C5F} = {9B1F38B1-0661-4883-AD4D-ADA9ECA6941B}
		{0F4EF5E2-91EA-49B2-8124-420F4B66A6DB} = {9B1F38B1-0661-4883-AD4D-ADA9ECA6941B}
		{9D142AD5-A0E6-4656-ADA1-4B5ACC4F7010} = {50192AAF-25B6-447A-99AA-BA8161DBB594}
		{9B1F38B1-0661-4883-AD4D-ADA9ECA6941B} = {50192AAF-25B6-447A-99AA-BA8161DBB594}
		{4907501E-B483-4544-834B-C3B85F5DC55C} = {9B1F38B1-0661-4883-AD4D-ADA9ECA6941B}
		{42F94A54-D32B-4C05-8AAA-027E9B65DF39} = {50192AAF-25B6-447A-99AA-BA8161DBB594}
		{F43D2BAF-0E9B-4B87-B490-A9AA267BD926} = {42F94A54-D32B-4C05-8AAA-027E9B65DF39}
		{7C0223A3-EC14-4432-A2E1-1E4CFEDA45D5} = {42F94A54-D32B-4C05-8AAA-027E9B65DF39}
		{CAD95219-78B3-478E-906D-542585C844C3} = {42F94A54-D32B-4C05-8AAA-027E9B65DF39}
		{19AAE44D-B40F-4FD9-B6B2-A971B419501E} = {6EC09416-261E-48BD-848B-20CC98AC2CCA}
		{91A83E87-DCF0-46F3-9B1D-646A813B3B40} = {6EC09416-261E-48BD-848B-20CC98AC2CCA}
		{0A7A4594-D3E3-4EFE-9375-0B80BC049F6F} = {6EC09416-261E-48BD-848B-20CC98AC2CCA}
		{6EC09416-261E-48BD-848B-20CC98AC2CCA} = {50192AAF-25B6-447A-99AA-BA8161DBB594}
		{E1B7618A-C873-44C1-A20F-94D9068EBB3C} = {9D142AD5-A0E6-4656-ADA1-4B5ACC4F7010}
		{5E52B05E-5F6D-4BFB-9F58-651CDE373D25} = {9D142AD5-A0E6-4656-ADA1-4B5ACC4F7010}
		{E966A851-1BEB-4381-B275-6F0D532CF268} = {9D142AD5-A0E6-4656-ADA1-4B5ACC4F7010}
		{5BC2F6D0-DF39-4ADA-9DC5-7064F7B5D671} = {175AB6E2-5FB5-4C15-94C2-DCA2EE6B0703}
		{F14BE154-548C-4FFB-BBCC-C981D3962A70} = {175AB6E2-5FB5-4C15-94C2-DCA2EE6B0703}
		{A89F4F80-ACBD-4C4B-A764-4CE6E695F20B} = {175AB6E2-5FB5-4C15-94C2-DCA2EE6B0703}
		{C1156611-F47D-4014-9701-105A4D83FB47} = {175AB6E2-5FB5-4C15-94C2-DCA2EE6B0703}
		{4041365C-EC53-4D91-9D23-EA86B4778FF0} = {175AB6E2-5FB5-4C15-94C2-DCA2EE6B0703}
		{3CECADBB-3E56-4D47-A313-CE9E43DCAB02} = {175AB6E2-5FB5-4C15-94C2-DCA2EE6B0703}
		{5644B2A3-5B96-44D5-A244-4E7E450E2196} = {175AB6E2-5FB5-4C15-94C2-DCA2EE6B0703}
		{69571F1B-D2C2-4152-A15D-F753397AFC16} = {175AB6E2-5FB5-4C15-94C2-DCA2EE6B0703}
		{0D2AAC54-5DE7-42F7-A839-1B2C550EE070} = {50192AAF-25B6-447A-99AA-BA8161DBB594}
		{01A7CEE6-B551-41CE-99F7-2C6B29566C9B} = {0D2AAC54-5DE7-42F7-A839-1B2C550EE070}
		{7147383D-8B55-44BA-A4E7-B01C875E33EE} = {0D2AAC54-5DE7-42F7-A839-1B2C550EE070}
		{1EDA072C-07B1-41F7-BFAF-7782B0B09CA8} = {0D2AAC54-5DE7-42F7-A839-1B2C550EE070}
		{FAFA9B0B-975F-4B2A-BE09-97386204399C} = {0D2AAC54-5DE7-42F7-A839-1B2C550EE070}
		{59D7D9FA-FD6A-4D7C-B20C-D82A9AEACC77} = {0D2AAC54-5DE7-42F7-A839-1B2C550EE070}
		{A1CEA2C3-9558-4578-B22E-09109111BE1A} = {50192AAF-25B6-447A-99AA-BA8161DBB594}
		{5271BA3E-E1DC-45D2-9162-BD6EB81FA5AE} = {A1CEA2C3-9558-4578-B22E-09109111BE1A}
		{067B3562-A60A-48CB-A917-4B7D9700120A} = {A1CEA2C3-9558-4578-B22E-09109111BE1A}
		{E94D9E33-867F-4D47-8FC5-52E1B0783D1C} = {A1CEA2C3-9558-4578-B22E-09109111BE1A}
		{96B3AB56-0FBC-4E73-ABBA-7AFB204E3E76} = {A1CEA2C3-9558-4578-B22E-09109111BE1A}
	EndGlobalSection
	GlobalSection(ExtensibilityGlobals) = postSolution
		SolutionGuid = {A645A7FF-3F09-414D-A391-7E50C3597F05}
	EndGlobalSection
EndGlobal
