
Microsoft Visual Studio Solution File, Format Version 12.00
# Visual Studio Version 16
VisualStudioVersion = 16.0.30001.183
MinimumVisualStudioVersion = 10.0.40219.1
Project("{2150E333-8FDC-42A3-9474-1A3956D46DE8}") = "samples", "samples", "{BC202E31-ED6C-4C96-BFAA-F5648FBC9675}"
EndProject
Project("{2150E333-8FDC-42A3-9474-1A3956D46DE8}") = "src", "src", "{19667E63-DC41-4FAD-98DC-F438F10D095F}"
EndProject
Project("{2150E333-8FDC-42A3-9474-1A3956D46DE8}") = "HybridApp", "HybridApp", "{E47E53F0-9924-49A0-8D98-5428399C5BE4}"
EndProject
Project("{2150E333-8FDC-42A3-9474-1A3956D46DE8}") = "HybridMessageApp", "HybridMessageApp", "{79C215AD-9170-4838-A59E-171C6756949E}"
EndProject
Project("{9A19103F-16F7-4668-BE54-9A1E7A4F7556}") = "Microsoft.MobileBlazorBindings.WebView", "src\Microsoft.MobileBlazorBindings.WebView\Microsoft.MobileBlazorBindings.WebView.csproj", "{AEB5E813-4663-4C5D-9911-F2B203886FA2}"
EndProject
Project("{9A19103F-16F7-4668-BE54-9A1E7A4F7556}") = "Microsoft.MobileBlazorBindings.WebView.JS", "src\Microsoft.MobileBlazorBindings.WebView.JS\Microsoft.MobileBlazorBindings.WebView.JS.csproj", "{C2F229E0-C879-4D7B-8836-B24F5C049A3E}"
EndProject
Project("{FAE04EC0-301F-11D3-BF4B-00C04F79EFBC}") = "Microsoft.MobileBlazorBindings.WebView.Android", "src\Microsoft.MobileBlazorBindings.WebView.Android\Microsoft.MobileBlazorBindings.WebView.Android.csproj", "{4041365C-EC53-4D91-9D23-EA86B4778FF0}"
EndProject
Project("{FAE04EC0-301F-11D3-BF4B-00C04F79EFBC}") = "Microsoft.MobileBlazorBindings.WebView.iOS", "src\Microsoft.MobileBlazorBindings.WebView.iOS\Microsoft.MobileBlazorBindings.WebView.iOS.csproj", "{3CECADBB-3E56-4D47-A313-CE9E43DCAB02}"
EndProject
Project("{FAE04EC0-301F-11D3-BF4B-00C04F79EFBC}") = "Microsoft.MobileBlazorBindings.WebView.macOS", "src\Microsoft.MobileBlazorBindings.WebView.macOS\Microsoft.MobileBlazorBindings.WebView.macOS.csproj", "{5644B2A3-5B96-44D5-A244-4E7E450E2196}"
EndProject
Project("{9A19103F-16F7-4668-BE54-9A1E7A4F7556}") = "Microsoft.MobileBlazorBindings.WebView.Windows", "src\Microsoft.MobileBlazorBindings.WebView.Windows\Microsoft.MobileBlazorBindings.WebView.Windows.csproj", "{C02FAA65-DD05-45FC-9692-DF8D33FEE2B0}"
EndProject
Project("{9A19103F-16F7-4668-BE54-9A1E7A4F7556}") = "HybridApp", "samples\HybridApp\HybridApp\HybridApp.csproj", "{DE71F6D4-9950-472A-90B2-F4074810AE6D}"
EndProject
Project("{FAE04EC0-301F-11D3-BF4B-00C04F79EFBC}") = "HybridApp.Android", "samples\HybridApp\HybridApp.Android\HybridApp.Android.csproj", "{7147383D-8B55-44BA-A4E7-B01C875E33EE}"
EndProject
Project("{FAE04EC0-301F-11D3-BF4B-00C04F79EFBC}") = "HybridApp.iOS", "samples\HybridApp\HybridApp.iOS\HybridApp.iOS.csproj", "{1EDA072C-07B1-41F7-BFAF-7782B0B09CA8}"
EndProject
Project("{FAE04EC0-301F-11D3-BF4B-00C04F79EFBC}") = "HybridApp.macOS", "samples\HybridApp\HybridApp.macOS\HybridApp.macOS.csproj", "{FAFA9B0B-975F-4B2A-BE09-97386204399C}"
EndProject
Project("{9A19103F-16F7-4668-BE54-9A1E7A4F7556}") = "HybridApp.Windows", "samples\HybridApp\HybridApp.Windows\HybridApp.Windows.csproj", "{4AAC5708-EA80-4224-8B5F-72FEEB399D31}"
EndProject
Project("{9A19103F-16F7-4668-BE54-9A1E7A4F7556}") = "HybridMessageApp", "samples\HybridMessageApp\HybridMessageApp\HybridMessageApp.csproj", "{623E9273-D3E7-452B-AF15-0F2DFB20ECC2}"
EndProject
Project("{FAE04EC0-301F-11D3-BF4B-00C04F79EFBC}") = "HybridMessageApp.iOS", "samples\HybridMessageApp\HybridMessageApp.iOS\HybridMessageApp.iOS.csproj", "{067B3562-A60A-48CB-A917-4B7D9700120A}"
EndProject
Project("{9A19103F-16F7-4668-BE54-9A1E7A4F7556}") = "HybridMessageApp.Windows", "samples\HybridMessageApp\HybridMessageApp.Windows\HybridMessageApp.Windows.csproj", "{B055E3F5-CA1F-4382-B754-2B34040D76DC}"
EndProject
Project("{FAE04EC0-301F-11D3-BF4B-00C04F79EFBC}") = "Microsoft.MobileBlazorBindings.Temp", "src\Microsoft.MobileBlazorBindings.Temp\Microsoft.MobileBlazorBindings.Temp.csproj", "{3F91A356-D0E0-43B8-9048-A8392A6D68C2}"
EndProject
Global
	GlobalSection(SolutionConfigurationPlatforms) = preSolution
		Debug|Any CPU = Debug|Any CPU
		Debug|iPhone = Debug|iPhone
		Debug|iPhoneSimulator = Debug|iPhoneSimulator
		Release|Any CPU = Release|Any CPU
		Release|iPhone = Release|iPhone
		Release|iPhoneSimulator = Release|iPhoneSimulator
	EndGlobalSection
	GlobalSection(ProjectConfigurationPlatforms) = postSolution
		{AEB5E813-4663-4C5D-9911-F2B203886FA2}.Debug|Any CPU.ActiveCfg = Debug|Any CPU
		{AEB5E813-4663-4C5D-9911-F2B203886FA2}.Debug|Any CPU.Build.0 = Debug|Any CPU
		{AEB5E813-4663-4C5D-9911-F2B203886FA2}.Debug|iPhone.ActiveCfg = Debug|Any CPU
		{AEB5E813-4663-4C5D-9911-F2B203886FA2}.Debug|iPhone.Build.0 = Debug|Any CPU
		{AEB5E813-4663-4C5D-9911-F2B203886FA2}.Debug|iPhoneSimulator.ActiveCfg = Debug|Any CPU
		{AEB5E813-4663-4C5D-9911-F2B203886FA2}.Debug|iPhoneSimulator.Build.0 = Debug|Any CPU
		{AEB5E813-4663-4C5D-9911-F2B203886FA2}.Release|Any CPU.ActiveCfg = Release|Any CPU
		{AEB5E813-4663-4C5D-9911-F2B203886FA2}.Release|Any CPU.Build.0 = Release|Any CPU
		{AEB5E813-4663-4C5D-9911-F2B203886FA2}.Release|iPhone.ActiveCfg = Release|Any CPU
		{AEB5E813-4663-4C5D-9911-F2B203886FA2}.Release|iPhone.Build.0 = Release|Any CPU
		{AEB5E813-4663-4C5D-9911-F2B203886FA2}.Release|iPhoneSimulator.ActiveCfg = Release|Any CPU
		{AEB5E813-4663-4C5D-9911-F2B203886FA2}.Release|iPhoneSimulator.Build.0 = Release|Any CPU
		{C2F229E0-C879-4D7B-8836-B24F5C049A3E}.Debug|Any CPU.ActiveCfg = Debug|Any CPU
		{C2F229E0-C879-4D7B-8836-B24F5C049A3E}.Debug|Any CPU.Build.0 = Debug|Any CPU
		{C2F229E0-C879-4D7B-8836-B24F5C049A3E}.Debug|iPhone.ActiveCfg = Debug|Any CPU
		{C2F229E0-C879-4D7B-8836-B24F5C049A3E}.Debug|iPhone.Build.0 = Debug|Any CPU
		{C2F229E0-C879-4D7B-8836-B24F5C049A3E}.Debug|iPhoneSimulator.ActiveCfg = Debug|Any CPU
		{C2F229E0-C879-4D7B-8836-B24F5C049A3E}.Debug|iPhoneSimulator.Build.0 = Debug|Any CPU
		{C2F229E0-C879-4D7B-8836-B24F5C049A3E}.Release|Any CPU.ActiveCfg = Release|Any CPU
		{C2F229E0-C879-4D7B-8836-B24F5C049A3E}.Release|Any CPU.Build.0 = Release|Any CPU
		{C2F229E0-C879-4D7B-8836-B24F5C049A3E}.Release|iPhone.ActiveCfg = Release|Any CPU
		{C2F229E0-C879-4D7B-8836-B24F5C049A3E}.Release|iPhone.Build.0 = Release|Any CPU
		{C2F229E0-C879-4D7B-8836-B24F5C049A3E}.Release|iPhoneSimulator.ActiveCfg = Release|Any CPU
		{C2F229E0-C879-4D7B-8836-B24F5C049A3E}.Release|iPhoneSimulator.Build.0 = Release|Any CPU
		{4041365C-EC53-4D91-9D23-EA86B4778FF0}.Debug|Any CPU.ActiveCfg = Debug|Any CPU
		{4041365C-EC53-4D91-9D23-EA86B4778FF0}.Debug|Any CPU.Build.0 = Debug|Any CPU
		{4041365C-EC53-4D91-9D23-EA86B4778FF0}.Debug|iPhone.ActiveCfg = Debug|Any CPU
		{4041365C-EC53-4D91-9D23-EA86B4778FF0}.Debug|iPhone.Build.0 = Debug|Any CPU
		{4041365C-EC53-4D91-9D23-EA86B4778FF0}.Debug|iPhoneSimulator.ActiveCfg = Debug|Any CPU
		{4041365C-EC53-4D91-9D23-EA86B4778FF0}.Debug|iPhoneSimulator.Build.0 = Debug|Any CPU
		{4041365C-EC53-4D91-9D23-EA86B4778FF0}.Release|Any CPU.ActiveCfg = Release|Any CPU
		{4041365C-EC53-4D91-9D23-EA86B4778FF0}.Release|Any CPU.Build.0 = Release|Any CPU
		{4041365C-EC53-4D91-9D23-EA86B4778FF0}.Release|iPhone.ActiveCfg = Release|Any CPU
		{4041365C-EC53-4D91-9D23-EA86B4778FF0}.Release|iPhone.Build.0 = Release|Any CPU
		{4041365C-EC53-4D91-9D23-EA86B4778FF0}.Release|iPhoneSimulator.ActiveCfg = Release|Any CPU
		{4041365C-EC53-4D91-9D23-EA86B4778FF0}.Release|iPhoneSimulator.Build.0 = Release|Any CPU
		{3CECADBB-3E56-4D47-A313-CE9E43DCAB02}.Debug|Any CPU.ActiveCfg = Debug|Any CPU
		{3CECADBB-3E56-4D47-A313-CE9E43DCAB02}.Debug|Any CPU.Build.0 = Debug|Any CPU
		{3CECADBB-3E56-4D47-A313-CE9E43DCAB02}.Debug|iPhone.ActiveCfg = Debug|Any CPU
		{3CECADBB-3E56-4D47-A313-CE9E43DCAB02}.Debug|iPhone.Build.0 = Debug|Any CPU
		{3CECADBB-3E56-4D47-A313-CE9E43DCAB02}.Debug|iPhoneSimulator.ActiveCfg = Debug|Any CPU
		{3CECADBB-3E56-4D47-A313-CE9E43DCAB02}.Debug|iPhoneSimulator.Build.0 = Debug|Any CPU
		{3CECADBB-3E56-4D47-A313-CE9E43DCAB02}.Release|Any CPU.ActiveCfg = Release|Any CPU
		{3CECADBB-3E56-4D47-A313-CE9E43DCAB02}.Release|Any CPU.Build.0 = Release|Any CPU
		{3CECADBB-3E56-4D47-A313-CE9E43DCAB02}.Release|iPhone.ActiveCfg = Release|Any CPU
		{3CECADBB-3E56-4D47-A313-CE9E43DCAB02}.Release|iPhone.Build.0 = Release|Any CPU
		{3CECADBB-3E56-4D47-A313-CE9E43DCAB02}.Release|iPhoneSimulator.ActiveCfg = Release|Any CPU
		{3CECADBB-3E56-4D47-A313-CE9E43DCAB02}.Release|iPhoneSimulator.Build.0 = Release|Any CPU
		{5644B2A3-5B96-44D5-A244-4E7E450E2196}.Debug|Any CPU.ActiveCfg = Debug|Any CPU
		{5644B2A3-5B96-44D5-A244-4E7E450E2196}.Debug|Any CPU.Build.0 = Debug|Any CPU
		{5644B2A3-5B96-44D5-A244-4E7E450E2196}.Debug|iPhone.ActiveCfg = Debug|Any CPU
		{5644B2A3-5B96-44D5-A244-4E7E450E2196}.Debug|iPhone.Build.0 = Debug|Any CPU
		{5644B2A3-5B96-44D5-A244-4E7E450E2196}.Debug|iPhoneSimulator.ActiveCfg = Debug|Any CPU
		{5644B2A3-5B96-44D5-A244-4E7E450E2196}.Debug|iPhoneSimulator.Build.0 = Debug|Any CPU
		{5644B2A3-5B96-44D5-A244-4E7E450E2196}.Release|Any CPU.ActiveCfg = Release|Any CPU
		{5644B2A3-5B96-44D5-A244-4E7E450E2196}.Release|Any CPU.Build.0 = Release|Any CPU
		{5644B2A3-5B96-44D5-A244-4E7E450E2196}.Release|iPhone.ActiveCfg = Release|Any CPU
		{5644B2A3-5B96-44D5-A244-4E7E450E2196}.Release|iPhone.Build.0 = Release|Any CPU
		{5644B2A3-5B96-44D5-A244-4E7E450E2196}.Release|iPhoneSimulator.ActiveCfg = Release|Any CPU
		{5644B2A3-5B96-44D5-A244-4E7E450E2196}.Release|iPhoneSimulator.Build.0 = Release|Any CPU
		{C02FAA65-DD05-45FC-9692-DF8D33FEE2B0}.Debug|Any CPU.ActiveCfg = Debug|Any CPU
		{C02FAA65-DD05-45FC-9692-DF8D33FEE2B0}.Debug|Any CPU.Build.0 = Debug|Any CPU
		{C02FAA65-DD05-45FC-9692-DF8D33FEE2B0}.Debug|iPhone.ActiveCfg = Debug|Any CPU
		{C02FAA65-DD05-45FC-9692-DF8D33FEE2B0}.Debug|iPhone.Build.0 = Debug|Any CPU
		{C02FAA65-DD05-45FC-9692-DF8D33FEE2B0}.Debug|iPhoneSimulator.ActiveCfg = Debug|Any CPU
		{C02FAA65-DD05-45FC-9692-DF8D33FEE2B0}.Debug|iPhoneSimulator.Build.0 = Debug|Any CPU
		{C02FAA65-DD05-45FC-9692-DF8D33FEE2B0}.Release|Any CPU.ActiveCfg = Release|Any CPU
		{C02FAA65-DD05-45FC-9692-DF8D33FEE2B0}.Release|Any CPU.Build.0 = Release|Any CPU
		{C02FAA65-DD05-45FC-9692-DF8D33FEE2B0}.Release|iPhone.ActiveCfg = Release|Any CPU
		{C02FAA65-DD05-45FC-9692-DF8D33FEE2B0}.Release|iPhone.Build.0 = Release|Any CPU
		{C02FAA65-DD05-45FC-9692-DF8D33FEE2B0}.Release|iPhoneSimulator.ActiveCfg = Release|Any CPU
		{C02FAA65-DD05-45FC-9692-DF8D33FEE2B0}.Release|iPhoneSimulator.Build.0 = Release|Any CPU
		{DE71F6D4-9950-472A-90B2-F4074810AE6D}.Debug|Any CPU.ActiveCfg = Debug|Any CPU
		{DE71F6D4-9950-472A-90B2-F4074810AE6D}.Debug|Any CPU.Build.0 = Debug|Any CPU
		{DE71F6D4-9950-472A-90B2-F4074810AE6D}.Debug|iPhone.ActiveCfg = Debug|Any CPU
		{DE71F6D4-9950-472A-90B2-F4074810AE6D}.Debug|iPhone.Build.0 = Debug|Any CPU
		{DE71F6D4-9950-472A-90B2-F4074810AE6D}.Debug|iPhoneSimulator.ActiveCfg = Debug|Any CPU
		{DE71F6D4-9950-472A-90B2-F4074810AE6D}.Debug|iPhoneSimulator.Build.0 = Debug|Any CPU
		{DE71F6D4-9950-472A-90B2-F4074810AE6D}.Release|Any CPU.ActiveCfg = Release|Any CPU
		{DE71F6D4-9950-472A-90B2-F4074810AE6D}.Release|Any CPU.Build.0 = Release|Any CPU
		{DE71F6D4-9950-472A-90B2-F4074810AE6D}.Release|iPhone.ActiveCfg = Release|Any CPU
		{DE71F6D4-9950-472A-90B2-F4074810AE6D}.Release|iPhone.Build.0 = Release|Any CPU
		{DE71F6D4-9950-472A-90B2-F4074810AE6D}.Release|iPhoneSimulator.ActiveCfg = Release|Any CPU
		{DE71F6D4-9950-472A-90B2-F4074810AE6D}.Release|iPhoneSimulator.Build.0 = Release|Any CPU
		{7147383D-8B55-44BA-A4E7-B01C875E33EE}.Debug|Any CPU.ActiveCfg = Debug|Any CPU
		{7147383D-8B55-44BA-A4E7-B01C875E33EE}.Debug|Any CPU.Build.0 = Debug|Any CPU
		{7147383D-8B55-44BA-A4E7-B01C875E33EE}.Debug|Any CPU.Deploy.0 = Debug|Any CPU
		{7147383D-8B55-44BA-A4E7-B01C875E33EE}.Debug|iPhone.ActiveCfg = Debug|Any CPU
		{7147383D-8B55-44BA-A4E7-B01C875E33EE}.Debug|iPhone.Build.0 = Debug|Any CPU
		{7147383D-8B55-44BA-A4E7-B01C875E33EE}.Debug|iPhone.Deploy.0 = Debug|Any CPU
		{7147383D-8B55-44BA-A4E7-B01C875E33EE}.Debug|iPhoneSimulator.ActiveCfg = Debug|Any CPU
		{7147383D-8B55-44BA-A4E7-B01C875E33EE}.Debug|iPhoneSimulator.Build.0 = Debug|Any CPU
		{7147383D-8B55-44BA-A4E7-B01C875E33EE}.Debug|iPhoneSimulator.Deploy.0 = Debug|Any CPU
		{7147383D-8B55-44BA-A4E7-B01C875E33EE}.Release|Any CPU.ActiveCfg = Release|Any CPU
		{7147383D-8B55-44BA-A4E7-B01C875E33EE}.Release|Any CPU.Build.0 = Release|Any CPU
		{7147383D-8B55-44BA-A4E7-B01C875E33EE}.Release|Any CPU.Deploy.0 = Release|Any CPU
		{7147383D-8B55-44BA-A4E7-B01C875E33EE}.Release|iPhone.ActiveCfg = Release|Any CPU
		{7147383D-8B55-44BA-A4E7-B01C875E33EE}.Release|iPhone.Build.0 = Release|Any CPU
		{7147383D-8B55-44BA-A4E7-B01C875E33EE}.Release|iPhone.Deploy.0 = Release|Any CPU
		{7147383D-8B55-44BA-A4E7-B01C875E33EE}.Release|iPhoneSimulator.ActiveCfg = Release|Any CPU
		{7147383D-8B55-44BA-A4E7-B01C875E33EE}.Release|iPhoneSimulator.Build.0 = Release|Any CPU
		{7147383D-8B55-44BA-A4E7-B01C875E33EE}.Release|iPhoneSimulator.Deploy.0 = Release|Any CPU
		{1EDA072C-07B1-41F7-BFAF-7782B0B09CA8}.Debug|Any CPU.ActiveCfg = Debug|iPhone
		{1EDA072C-07B1-41F7-BFAF-7782B0B09CA8}.Debug|iPhone.ActiveCfg = Debug|iPhone
		{1EDA072C-07B1-41F7-BFAF-7782B0B09CA8}.Debug|iPhone.Build.0 = Debug|iPhone
		{1EDA072C-07B1-41F7-BFAF-7782B0B09CA8}.Debug|iPhoneSimulator.ActiveCfg = Debug|iPhoneSimulator
		{1EDA072C-07B1-41F7-BFAF-7782B0B09CA8}.Debug|iPhoneSimulator.Build.0 = Debug|iPhoneSimulator
		{1EDA072C-07B1-41F7-BFAF-7782B0B09CA8}.Release|Any CPU.ActiveCfg = Release|iPhone
		{1EDA072C-07B1-41F7-BFAF-7782B0B09CA8}.Release|iPhone.ActiveCfg = Release|iPhone
		{1EDA072C-07B1-41F7-BFAF-7782B0B09CA8}.Release|iPhone.Build.0 = Release|iPhone
		{1EDA072C-07B1-41F7-BFAF-7782B0B09CA8}.Release|iPhoneSimulator.ActiveCfg = Release|iPhoneSimulator
		{1EDA072C-07B1-41F7-BFAF-7782B0B09CA8}.Release|iPhoneSimulator.Build.0 = Release|iPhoneSimulator
		{FAFA9B0B-975F-4B2A-BE09-97386204399C}.Debug|Any CPU.ActiveCfg = Debug|Any CPU
		{FAFA9B0B-975F-4B2A-BE09-97386204399C}.Debug|Any CPU.Build.0 = Debug|Any CPU
		{FAFA9B0B-975F-4B2A-BE09-97386204399C}.Debug|iPhone.ActiveCfg = Debug|Any CPU
		{FAFA9B0B-975F-4B2A-BE09-97386204399C}.Debug|iPhone.Build.0 = Debug|Any CPU
		{FAFA9B0B-975F-4B2A-BE09-97386204399C}.Debug|iPhoneSimulator.ActiveCfg = Debug|Any CPU
		{FAFA9B0B-975F-4B2A-BE09-97386204399C}.Debug|iPhoneSimulator.Build.0 = Debug|Any CPU
		{FAFA9B0B-975F-4B2A-BE09-97386204399C}.Release|Any CPU.ActiveCfg = Release|Any CPU
		{FAFA9B0B-975F-4B2A-BE09-97386204399C}.Release|Any CPU.Build.0 = Release|Any CPU
		{FAFA9B0B-975F-4B2A-BE09-97386204399C}.Release|iPhone.ActiveCfg = Release|Any CPU
		{FAFA9B0B-975F-4B2A-BE09-97386204399C}.Release|iPhone.Build.0 = Release|Any CPU
		{FAFA9B0B-975F-4B2A-BE09-97386204399C}.Release|iPhoneSimulator.ActiveCfg = Release|Any CPU
		{FAFA9B0B-975F-4B2A-BE09-97386204399C}.Release|iPhoneSimulator.Build.0 = Release|Any CPU
		{4AAC5708-EA80-4224-8B5F-72FEEB399D31}.Debug|Any CPU.ActiveCfg = Debug|Any CPU
		{4AAC5708-EA80-4224-8B5F-72FEEB399D31}.Debug|Any CPU.Build.0 = Debug|Any CPU
		{4AAC5708-EA80-4224-8B5F-72FEEB399D31}.Debug|iPhone.ActiveCfg = Debug|Any CPU
		{4AAC5708-EA80-4224-8B5F-72FEEB399D31}.Debug|iPhone.Build.0 = Debug|Any CPU
		{4AAC5708-EA80-4224-8B5F-72FEEB399D31}.Debug|iPhoneSimulator.ActiveCfg = Debug|Any CPU
		{4AAC5708-EA80-4224-8B5F-72FEEB399D31}.Debug|iPhoneSimulator.Build.0 = Debug|Any CPU
		{4AAC5708-EA80-4224-8B5F-72FEEB399D31}.Release|Any CPU.ActiveCfg = Release|Any CPU
		{4AAC5708-EA80-4224-8B5F-72FEEB399D31}.Release|Any CPU.Build.0 = Release|Any CPU
		{4AAC5708-EA80-4224-8B5F-72FEEB399D31}.Release|iPhone.ActiveCfg = Release|Any CPU
		{4AAC5708-EA80-4224-8B5F-72FEEB399D31}.Release|iPhone.Build.0 = Release|Any CPU
		{4AAC5708-EA80-4224-8B5F-72FEEB399D31}.Release|iPhoneSimulator.ActiveCfg = Release|Any CPU
		{4AAC5708-EA80-4224-8B5F-72FEEB399D31}.Release|iPhoneSimulator.Build.0 = Release|Any CPU
		{623E9273-D3E7-452B-AF15-0F2DFB20ECC2}.Debug|Any CPU.ActiveCfg = Debug|Any CPU
		{623E9273-D3E7-452B-AF15-0F2DFB20ECC2}.Debug|Any CPU.Build.0 = Debug|Any CPU
		{623E9273-D3E7-452B-AF15-0F2DFB20ECC2}.Debug|iPhone.ActiveCfg = Debug|Any CPU
		{623E9273-D3E7-452B-AF15-0F2DFB20ECC2}.Debug|iPhone.Build.0 = Debug|Any CPU
		{623E9273-D3E7-452B-AF15-0F2DFB20ECC2}.Debug|iPhoneSimulator.ActiveCfg = Debug|Any CPU
		{623E9273-D3E7-452B-AF15-0F2DFB20ECC2}.Debug|iPhoneSimulator.Build.0 = Debug|Any CPU
		{623E9273-D3E7-452B-AF15-0F2DFB20ECC2}.Release|Any CPU.ActiveCfg = Release|Any CPU
		{623E9273-D3E7-452B-AF15-0F2DFB20ECC2}.Release|Any CPU.Build.0 = Release|Any CPU
		{623E9273-D3E7-452B-AF15-0F2DFB20ECC2}.Release|iPhone.ActiveCfg = Release|Any CPU
		{623E9273-D3E7-452B-AF15-0F2DFB20ECC2}.Release|iPhone.Build.0 = Release|Any CPU
		{623E9273-D3E7-452B-AF15-0F2DFB20ECC2}.Release|iPhoneSimulator.ActiveCfg = Release|Any CPU
		{623E9273-D3E7-452B-AF15-0F2DFB20ECC2}.Release|iPhoneSimulator.Build.0 = Release|Any CPU
		{067B3562-A60A-48CB-A917-4B7D9700120A}.Debug|Any CPU.ActiveCfg = Debug|iPhone
		{067B3562-A60A-48CB-A917-4B7D9700120A}.Debug|iPhone.ActiveCfg = Debug|iPhone
		{067B3562-A60A-48CB-A917-4B7D9700120A}.Debug|iPhone.Build.0 = Debug|iPhone
		{067B3562-A60A-48CB-A917-4B7D9700120A}.Debug|iPhoneSimulator.ActiveCfg = Debug|iPhoneSimulator
		{067B3562-A60A-48CB-A917-4B7D9700120A}.Debug|iPhoneSimulator.Build.0 = Debug|iPhoneSimulator
		{067B3562-A60A-48CB-A917-4B7D9700120A}.Release|Any CPU.ActiveCfg = Release|iPhone
		{067B3562-A60A-48CB-A917-4B7D9700120A}.Release|iPhone.ActiveCfg = Release|iPhone
		{067B3562-A60A-48CB-A917-4B7D9700120A}.Release|iPhone.Build.0 = Release|iPhone
		{067B3562-A60A-48CB-A917-4B7D9700120A}.Release|iPhoneSimulator.ActiveCfg = Release|iPhoneSimulator
		{067B3562-A60A-48CB-A917-4B7D9700120A}.Release|iPhoneSimulator.Build.0 = Release|iPhoneSimulator
		{B055E3F5-CA1F-4382-B754-2B34040D76DC}.Debug|Any CPU.ActiveCfg = Debug|Any CPU
		{B055E3F5-CA1F-4382-B754-2B34040D76DC}.Debug|Any CPU.Build.0 = Debug|Any CPU
		{B055E3F5-CA1F-4382-B754-2B34040D76DC}.Debug|iPhone.ActiveCfg = Debug|Any CPU
		{B055E3F5-CA1F-4382-B754-2B34040D76DC}.Debug|iPhone.Build.0 = Debug|Any CPU
		{B055E3F5-CA1F-4382-B754-2B34040D76DC}.Debug|iPhoneSimulator.ActiveCfg = Debug|Any CPU
		{B055E3F5-CA1F-4382-B754-2B34040D76DC}.Debug|iPhoneSimulator.Build.0 = Debug|Any CPU
		{B055E3F5-CA1F-4382-B754-2B34040D76DC}.Release|Any CPU.ActiveCfg = Release|Any CPU
		{B055E3F5-CA1F-4382-B754-2B34040D76DC}.Release|Any CPU.Build.0 = Release|Any CPU
		{B055E3F5-CA1F-4382-B754-2B34040D76DC}.Release|iPhone.ActiveCfg = Release|Any CPU
		{B055E3F5-CA1F-4382-B754-2B34040D76DC}.Release|iPhone.Build.0 = Release|Any CPU
		{B055E3F5-CA1F-4382-B754-2B34040D76DC}.Release|iPhoneSimulator.ActiveCfg = Release|Any CPU
		{B055E3F5-CA1F-4382-B754-2B34040D76DC}.Release|iPhoneSimulator.Build.0 = Release|Any CPU
		{3F91A356-D0E0-43B8-9048-A8392A6D68C2}.Debug|Any CPU.ActiveCfg = Debug|Any CPU
		{3F91A356-D0E0-43B8-9048-A8392A6D68C2}.Debug|Any CPU.Build.0 = Debug|Any CPU
		{3F91A356-D0E0-43B8-9048-A8392A6D68C2}.Debug|iPhone.ActiveCfg = Debug|Any CPU
		{3F91A356-D0E0-43B8-9048-A8392A6D68C2}.Debug|iPhone.Build.0 = Debug|Any CPU
		{3F91A356-D0E0-43B8-9048-A8392A6D68C2}.Debug|iPhoneSimulator.ActiveCfg = Debug|Any CPU
		{3F91A356-D0E0-43B8-9048-A8392A6D68C2}.Debug|iPhoneSimulator.Build.0 = Debug|Any CPU
		{3F91A356-D0E0-43B8-9048-A8392A6D68C2}.Release|Any CPU.ActiveCfg = Release|Any CPU
		{3F91A356-D0E0-43B8-9048-A8392A6D68C2}.Release|Any CPU.Build.0 = Release|Any CPU
		{3F91A356-D0E0-43B8-9048-A8392A6D68C2}.Release|iPhone.ActiveCfg = Release|Any CPU
		{3F91A356-D0E0-43B8-9048-A8392A6D68C2}.Release|iPhone.Build.0 = Release|Any CPU
		{3F91A356-D0E0-43B8-9048-A8392A6D68C2}.Release|iPhoneSimulator.ActiveCfg = Release|Any CPU
		{3F91A356-D0E0-43B8-9048-A8392A6D68C2}.Release|iPhoneSimulator.Build.0 = Release|Any CPU
	EndGlobalSection
	GlobalSection(SolutionProperties) = preSolution
		HideSolutionNode = FALSE
	EndGlobalSection
	GlobalSection(NestedProjects) = preSolution
		{E47E53F0-9924-49A0-8D98-5428399C5BE4} = {BC202E31-ED6C-4C96-BFAA-F5648FBC9675}
		{79C215AD-9170-4838-A59E-171C6756949E} = {BC202E31-ED6C-4C96-BFAA-F5648FBC9675}
		{AEB5E813-4663-4C5D-9911-F2B203886FA2} = {19667E63-DC41-4FAD-98DC-F438F10D095F}
		{C2F229E0-C879-4D7B-8836-B24F5C049A3E} = {19667E63-DC41-4FAD-98DC-F438F10D095F}
		{4041365C-EC53-4D91-9D23-EA86B4778FF0} = {19667E63-DC41-4FAD-98DC-F438F10D095F}
		{3CECADBB-3E56-4D47-A313-CE9E43DCAB02} = {19667E63-DC41-4FAD-98DC-F438F10D095F}
		{5644B2A3-5B96-44D5-A244-4E7E450E2196} = {19667E63-DC41-4FAD-98DC-F438F10D095F}
		{C02FAA65-DD05-45FC-9692-DF8D33FEE2B0} = {19667E63-DC41-4FAD-98DC-F438F10D095F}
		{DE71F6D4-9950-472A-90B2-F4074810AE6D} = {E47E53F0-9924-49A0-8D98-5428399C5BE4}
		{7147383D-8B55-44BA-A4E7-B01C875E33EE} = {E47E53F0-9924-49A0-8D98-5428399C5BE4}
		{1EDA072C-07B1-41F7-BFAF-7782B0B09CA8} = {E47E53F0-9924-49A0-8D98-5428399C5BE4}
		{FAFA9B0B-975F-4B2A-BE09-97386204399C} = {E47E53F0-9924-49A0-8D98-5428399C5BE4}
		{4AAC5708-EA80-4224-8B5F-72FEEB399D31} = {E47E53F0-9924-49A0-8D98-5428399C5BE4}
		{623E9273-D3E7-452B-AF15-0F2DFB20ECC2} = {79C215AD-9170-4838-A59E-171C6756949E}
		{067B3562-A60A-48CB-A917-4B7D9700120A} = {79C215AD-9170-4838-A59E-171C6756949E}
		{B055E3F5-CA1F-4382-B754-2B34040D76DC} = {79C215AD-9170-4838-A59E-171C6756949E}
		{3F91A356-D0E0-43B8-9048-A8392A6D68C2} = {19667E63-DC41-4FAD-98DC-F438F10D095F}
	EndGlobalSection
	GlobalSection(ExtensibilityGlobals) = postSolution
		SolutionGuid = {DFFC8E8C-FFEE-4C9F-AF4E-A20F449F21B9}
	EndGlobalSection
EndGlobal
