
Microsoft Visual Studio Solution File, Format Version 12.00
# Visual Studio Version 16
VisualStudioVersion = 16.0.30001.183
MinimumVisualStudioVersion = 10.0.40219.1
Project("{2150E333-8FDC-42A3-9474-1A3956D46DE8}") = "sample", "sample", "{BC202E31-ED6C-4C96-BFAA-F5648FBC9675}"
EndProject
Project("{9A19103F-16F7-4668-BE54-9A1E7A4F7556}") = "MyApplication", "sample\MyApplication\MyApplication.csproj", "{671E0BC2-F069-4E03-91A6-85163C7245C9}"
EndProject
Project("{2150E333-8FDC-42A3-9474-1A3956D46DE8}") = "src", "src", "{19667E63-DC41-4FAD-98DC-F438F10D095F}"
EndProject
Project("{9A19103F-16F7-4668-BE54-9A1E7A4F7556}") = "BlazorDesktop", "src\BlazorDesktop\BlazorDesktop.csproj", "{EE29C585-5FDA-49EA-A68E-54E0E2DDE078}"
EndProject
Project("{9A19103F-16F7-4668-BE54-9A1E7A4F7556}") = "BlazorDesktop.JS", "src\BlazorDesktop.JS\BlazorDesktop.JS.csproj", "{4ED53158-FD09-40E0-8494-70E37DD2B2C0}"
EndProject
Project("{FAE04EC0-301F-11D3-BF4B-00C04F79EFBC}") = "MyApplication.macOS", "sample\MyApplication.macOS\MyApplication.macOS.csproj", "{FAFA9B0B-975F-4B2A-BE09-97386204399C}"
EndProject
Project("{FAE04EC0-301F-11D3-BF4B-00C04F79EFBC}") = "BlazorDesktop.macOS", "src\BlazorDesktop.macOS\BlazorDesktop.macOS.csproj", "{5644B2A3-5B96-44D5-A244-4E7E450E2196}"
EndProject
Project("{FAE04EC0-301F-11D3-BF4B-00C04F79EFBC}") = "MyApplication.iOS", "sample\MyApplication.iOS\MyApplication.iOS.csproj", "{1EDA072C-07B1-41F7-BFAF-7782B0B09CA8}"
EndProject
Project("{FAE04EC0-301F-11D3-BF4B-00C04F79EFBC}") = "BlazorDesktop.iOS", "src\BlazorDesktop.iOS\BlazorDesktop.iOS.csproj", "{3CECADBB-3E56-4D47-A313-CE9E43DCAB02}"
EndProject
Project("{9A19103F-16F7-4668-BE54-9A1E7A4F7556}") = "MyApplication.Windows", "sample\MyApplication.Windows\MyApplication.Windows.csproj", "{F160B140-9A5E-4897-ADDC-45156FE76B27}"
EndProject
Project("{9A19103F-16F7-4668-BE54-9A1E7A4F7556}") = "BlazorDesktop.Windows", "src\BlazorDesktop.Windows\BlazorDesktop.Windows.csproj", "{AECD2857-3FAF-4885-B32A-FF88F4C1E1C8}"
EndProject
Global
	GlobalSection(SolutionConfigurationPlatforms) = preSolution
		Debug|Any CPU = Debug|Any CPU
		Debug|ARM = Debug|ARM
		Debug|iPhone = Debug|iPhone
		Debug|iPhoneSimulator = Debug|iPhoneSimulator
		Debug|x64 = Debug|x64
		Debug|x86 = Debug|x86
		Release|Any CPU = Release|Any CPU
		Release|ARM = Release|ARM
		Release|iPhone = Release|iPhone
		Release|iPhoneSimulator = Release|iPhoneSimulator
		Release|x64 = Release|x64
		Release|x86 = Release|x86
	EndGlobalSection
	GlobalSection(ProjectConfigurationPlatforms) = postSolution
		{671E0BC2-F069-4E03-91A6-85163C7245C9}.Debug|Any CPU.ActiveCfg = Debug|Any CPU
		{671E0BC2-F069-4E03-91A6-85163C7245C9}.Debug|Any CPU.Build.0 = Debug|Any CPU
		{671E0BC2-F069-4E03-91A6-85163C7245C9}.Debug|ARM.ActiveCfg = Debug|Any CPU
		{671E0BC2-F069-4E03-91A6-85163C7245C9}.Debug|ARM.Build.0 = Debug|Any CPU
		{671E0BC2-F069-4E03-91A6-85163C7245C9}.Debug|iPhone.ActiveCfg = Debug|Any CPU
		{671E0BC2-F069-4E03-91A6-85163C7245C9}.Debug|iPhone.Build.0 = Debug|Any CPU
		{671E0BC2-F069-4E03-91A6-85163C7245C9}.Debug|iPhoneSimulator.ActiveCfg = Debug|Any CPU
		{671E0BC2-F069-4E03-91A6-85163C7245C9}.Debug|iPhoneSimulator.Build.0 = Debug|Any CPU
		{671E0BC2-F069-4E03-91A6-85163C7245C9}.Debug|x64.ActiveCfg = Debug|Any CPU
		{671E0BC2-F069-4E03-91A6-85163C7245C9}.Debug|x64.Build.0 = Debug|Any CPU
		{671E0BC2-F069-4E03-91A6-85163C7245C9}.Debug|x86.ActiveCfg = Debug|Any CPU
		{671E0BC2-F069-4E03-91A6-85163C7245C9}.Debug|x86.Build.0 = Debug|Any CPU
		{671E0BC2-F069-4E03-91A6-85163C7245C9}.Release|Any CPU.ActiveCfg = Release|Any CPU
		{671E0BC2-F069-4E03-91A6-85163C7245C9}.Release|Any CPU.Build.0 = Release|Any CPU
		{671E0BC2-F069-4E03-91A6-85163C7245C9}.Release|ARM.ActiveCfg = Release|Any CPU
		{671E0BC2-F069-4E03-91A6-85163C7245C9}.Release|ARM.Build.0 = Release|Any CPU
		{671E0BC2-F069-4E03-91A6-85163C7245C9}.Release|iPhone.ActiveCfg = Release|Any CPU
		{671E0BC2-F069-4E03-91A6-85163C7245C9}.Release|iPhone.Build.0 = Release|Any CPU
		{671E0BC2-F069-4E03-91A6-85163C7245C9}.Release|iPhoneSimulator.ActiveCfg = Release|Any CPU
		{671E0BC2-F069-4E03-91A6-85163C7245C9}.Release|iPhoneSimulator.Build.0 = Release|Any CPU
		{671E0BC2-F069-4E03-91A6-85163C7245C9}.Release|x64.ActiveCfg = Release|Any CPU
		{671E0BC2-F069-4E03-91A6-85163C7245C9}.Release|x64.Build.0 = Release|Any CPU
		{671E0BC2-F069-4E03-91A6-85163C7245C9}.Release|x86.ActiveCfg = Release|Any CPU
		{671E0BC2-F069-4E03-91A6-85163C7245C9}.Release|x86.Build.0 = Release|Any CPU
		{EE29C585-5FDA-49EA-A68E-54E0E2DDE078}.Debug|Any CPU.ActiveCfg = Debug|Any CPU
		{EE29C585-5FDA-49EA-A68E-54E0E2DDE078}.Debug|Any CPU.Build.0 = Debug|Any CPU
		{EE29C585-5FDA-49EA-A68E-54E0E2DDE078}.Debug|ARM.ActiveCfg = Debug|Any CPU
		{EE29C585-5FDA-49EA-A68E-54E0E2DDE078}.Debug|ARM.Build.0 = Debug|Any CPU
		{EE29C585-5FDA-49EA-A68E-54E0E2DDE078}.Debug|iPhone.ActiveCfg = Debug|Any CPU
		{EE29C585-5FDA-49EA-A68E-54E0E2DDE078}.Debug|iPhone.Build.0 = Debug|Any CPU
		{EE29C585-5FDA-49EA-A68E-54E0E2DDE078}.Debug|iPhoneSimulator.ActiveCfg = Debug|Any CPU
		{EE29C585-5FDA-49EA-A68E-54E0E2DDE078}.Debug|iPhoneSimulator.Build.0 = Debug|Any CPU
		{EE29C585-5FDA-49EA-A68E-54E0E2DDE078}.Debug|x64.ActiveCfg = Debug|Any CPU
		{EE29C585-5FDA-49EA-A68E-54E0E2DDE078}.Debug|x64.Build.0 = Debug|Any CPU
		{EE29C585-5FDA-49EA-A68E-54E0E2DDE078}.Debug|x86.ActiveCfg = Debug|Any CPU
		{EE29C585-5FDA-49EA-A68E-54E0E2DDE078}.Debug|x86.Build.0 = Debug|Any CPU
		{EE29C585-5FDA-49EA-A68E-54E0E2DDE078}.Release|Any CPU.ActiveCfg = Release|Any CPU
		{EE29C585-5FDA-49EA-A68E-54E0E2DDE078}.Release|Any CPU.Build.0 = Release|Any CPU
		{EE29C585-5FDA-49EA-A68E-54E0E2DDE078}.Release|ARM.ActiveCfg = Release|Any CPU
		{EE29C585-5FDA-49EA-A68E-54E0E2DDE078}.Release|ARM.Build.0 = Release|Any CPU
		{EE29C585-5FDA-49EA-A68E-54E0E2DDE078}.Release|iPhone.ActiveCfg = Release|Any CPU
		{EE29C585-5FDA-49EA-A68E-54E0E2DDE078}.Release|iPhone.Build.0 = Release|Any CPU
		{EE29C585-5FDA-49EA-A68E-54E0E2DDE078}.Release|iPhoneSimulator.ActiveCfg = Release|Any CPU
		{EE29C585-5FDA-49EA-A68E-54E0E2DDE078}.Release|iPhoneSimulator.Build.0 = Release|Any CPU
		{EE29C585-5FDA-49EA-A68E-54E0E2DDE078}.Release|x64.ActiveCfg = Release|Any CPU
		{EE29C585-5FDA-49EA-A68E-54E0E2DDE078}.Release|x64.Build.0 = Release|Any CPU
		{EE29C585-5FDA-49EA-A68E-54E0E2DDE078}.Release|x86.ActiveCfg = Release|Any CPU
		{EE29C585-5FDA-49EA-A68E-54E0E2DDE078}.Release|x86.Build.0 = Release|Any CPU
		{4ED53158-FD09-40E0-8494-70E37DD2B2C0}.Debug|Any CPU.ActiveCfg = Debug|Any CPU
		{4ED53158-FD09-40E0-8494-70E37DD2B2C0}.Debug|Any CPU.Build.0 = Debug|Any CPU
		{4ED53158-FD09-40E0-8494-70E37DD2B2C0}.Debug|ARM.ActiveCfg = Debug|Any CPU
		{4ED53158-FD09-40E0-8494-70E37DD2B2C0}.Debug|ARM.Build.0 = Debug|Any CPU
		{4ED53158-FD09-40E0-8494-70E37DD2B2C0}.Debug|iPhone.ActiveCfg = Debug|Any CPU
		{4ED53158-FD09-40E0-8494-70E37DD2B2C0}.Debug|iPhone.Build.0 = Debug|Any CPU
		{4ED53158-FD09-40E0-8494-70E37DD2B2C0}.Debug|iPhoneSimulator.ActiveCfg = Debug|Any CPU
		{4ED53158-FD09-40E0-8494-70E37DD2B2C0}.Debug|iPhoneSimulator.Build.0 = Debug|Any CPU
		{4ED53158-FD09-40E0-8494-70E37DD2B2C0}.Debug|x64.ActiveCfg = Debug|Any CPU
		{4ED53158-FD09-40E0-8494-70E37DD2B2C0}.Debug|x64.Build.0 = Debug|Any CPU
		{4ED53158-FD09-40E0-8494-70E37DD2B2C0}.Debug|x86.ActiveCfg = Debug|Any CPU
		{4ED53158-FD09-40E0-8494-70E37DD2B2C0}.Debug|x86.Build.0 = Debug|Any CPU
		{4ED53158-FD09-40E0-8494-70E37DD2B2C0}.Release|Any CPU.ActiveCfg = Release|Any CPU
		{4ED53158-FD09-40E0-8494-70E37DD2B2C0}.Release|Any CPU.Build.0 = Release|Any CPU
		{4ED53158-FD09-40E0-8494-70E37DD2B2C0}.Release|ARM.ActiveCfg = Release|Any CPU
		{4ED53158-FD09-40E0-8494-70E37DD2B2C0}.Release|ARM.Build.0 = Release|Any CPU
		{4ED53158-FD09-40E0-8494-70E37DD2B2C0}.Release|iPhone.ActiveCfg = Release|Any CPU
		{4ED53158-FD09-40E0-8494-70E37DD2B2C0}.Release|iPhone.Build.0 = Release|Any CPU
		{4ED53158-FD09-40E0-8494-70E37DD2B2C0}.Release|iPhoneSimulator.ActiveCfg = Release|Any CPU
		{4ED53158-FD09-40E0-8494-70E37DD2B2C0}.Release|iPhoneSimulator.Build.0 = Release|Any CPU
		{4ED53158-FD09-40E0-8494-70E37DD2B2C0}.Release|x64.ActiveCfg = Release|Any CPU
		{4ED53158-FD09-40E0-8494-70E37DD2B2C0}.Release|x64.Build.0 = Release|Any CPU
		{4ED53158-FD09-40E0-8494-70E37DD2B2C0}.Release|x86.ActiveCfg = Release|Any CPU
		{4ED53158-FD09-40E0-8494-70E37DD2B2C0}.Release|x86.Build.0 = Release|Any CPU
		{FAFA9B0B-975F-4B2A-BE09-97386204399C}.Debug|Any CPU.ActiveCfg = Debug|Any CPU
		{FAFA9B0B-975F-4B2A-BE09-97386204399C}.Debug|Any CPU.Build.0 = Debug|Any CPU
		{FAFA9B0B-975F-4B2A-BE09-97386204399C}.Debug|ARM.ActiveCfg = Debug|Any CPU
		{FAFA9B0B-975F-4B2A-BE09-97386204399C}.Debug|ARM.Build.0 = Debug|Any CPU
		{FAFA9B0B-975F-4B2A-BE09-97386204399C}.Debug|iPhone.ActiveCfg = Debug|Any CPU
		{FAFA9B0B-975F-4B2A-BE09-97386204399C}.Debug|iPhone.Build.0 = Debug|Any CPU
		{FAFA9B0B-975F-4B2A-BE09-97386204399C}.Debug|iPhoneSimulator.ActiveCfg = Debug|Any CPU
		{FAFA9B0B-975F-4B2A-BE09-97386204399C}.Debug|iPhoneSimulator.Build.0 = Debug|Any CPU
		{FAFA9B0B-975F-4B2A-BE09-97386204399C}.Debug|x64.ActiveCfg = Debug|Any CPU
		{FAFA9B0B-975F-4B2A-BE09-97386204399C}.Debug|x64.Build.0 = Debug|Any CPU
		{FAFA9B0B-975F-4B2A-BE09-97386204399C}.Debug|x86.ActiveCfg = Debug|Any CPU
		{FAFA9B0B-975F-4B2A-BE09-97386204399C}.Debug|x86.Build.0 = Debug|Any CPU
		{FAFA9B0B-975F-4B2A-BE09-97386204399C}.Release|Any CPU.ActiveCfg = Release|Any CPU
		{FAFA9B0B-975F-4B2A-BE09-97386204399C}.Release|Any CPU.Build.0 = Release|Any CPU
		{FAFA9B0B-975F-4B2A-BE09-97386204399C}.Release|ARM.ActiveCfg = Release|Any CPU
		{FAFA9B0B-975F-4B2A-BE09-97386204399C}.Release|ARM.Build.0 = Release|Any CPU
		{FAFA9B0B-975F-4B2A-BE09-97386204399C}.Release|iPhone.ActiveCfg = Release|Any CPU
		{FAFA9B0B-975F-4B2A-BE09-97386204399C}.Release|iPhone.Build.0 = Release|Any CPU
		{FAFA9B0B-975F-4B2A-BE09-97386204399C}.Release|iPhoneSimulator.ActiveCfg = Release|Any CPU
		{FAFA9B0B-975F-4B2A-BE09-97386204399C}.Release|iPhoneSimulator.Build.0 = Release|Any CPU
		{FAFA9B0B-975F-4B2A-BE09-97386204399C}.Release|x64.ActiveCfg = Release|Any CPU
		{FAFA9B0B-975F-4B2A-BE09-97386204399C}.Release|x64.Build.0 = Release|Any CPU
		{FAFA9B0B-975F-4B2A-BE09-97386204399C}.Release|x86.ActiveCfg = Release|Any CPU
		{FAFA9B0B-975F-4B2A-BE09-97386204399C}.Release|x86.Build.0 = Release|Any CPU
		{5644B2A3-5B96-44D5-A244-4E7E450E2196}.Debug|Any CPU.ActiveCfg = Debug|Any CPU
		{5644B2A3-5B96-44D5-A244-4E7E450E2196}.Debug|Any CPU.Build.0 = Debug|Any CPU
		{5644B2A3-5B96-44D5-A244-4E7E450E2196}.Debug|ARM.ActiveCfg = Debug|Any CPU
		{5644B2A3-5B96-44D5-A244-4E7E450E2196}.Debug|ARM.Build.0 = Debug|Any CPU
		{5644B2A3-5B96-44D5-A244-4E7E450E2196}.Debug|iPhone.ActiveCfg = Debug|Any CPU
		{5644B2A3-5B96-44D5-A244-4E7E450E2196}.Debug|iPhone.Build.0 = Debug|Any CPU
		{5644B2A3-5B96-44D5-A244-4E7E450E2196}.Debug|iPhoneSimulator.ActiveCfg = Debug|Any CPU
		{5644B2A3-5B96-44D5-A244-4E7E450E2196}.Debug|iPhoneSimulator.Build.0 = Debug|Any CPU
		{5644B2A3-5B96-44D5-A244-4E7E450E2196}.Debug|x64.ActiveCfg = Debug|Any CPU
		{5644B2A3-5B96-44D5-A244-4E7E450E2196}.Debug|x64.Build.0 = Debug|Any CPU
		{5644B2A3-5B96-44D5-A244-4E7E450E2196}.Debug|x86.ActiveCfg = Debug|Any CPU
		{5644B2A3-5B96-44D5-A244-4E7E450E2196}.Debug|x86.Build.0 = Debug|Any CPU
		{5644B2A3-5B96-44D5-A244-4E7E450E2196}.Release|Any CPU.ActiveCfg = Release|Any CPU
		{5644B2A3-5B96-44D5-A244-4E7E450E2196}.Release|Any CPU.Build.0 = Release|Any CPU
		{5644B2A3-5B96-44D5-A244-4E7E450E2196}.Release|ARM.ActiveCfg = Release|Any CPU
		{5644B2A3-5B96-44D5-A244-4E7E450E2196}.Release|ARM.Build.0 = Release|Any CPU
		{5644B2A3-5B96-44D5-A244-4E7E450E2196}.Release|iPhone.ActiveCfg = Release|Any CPU
		{5644B2A3-5B96-44D5-A244-4E7E450E2196}.Release|iPhone.Build.0 = Release|Any CPU
		{5644B2A3-5B96-44D5-A244-4E7E450E2196}.Release|iPhoneSimulator.ActiveCfg = Release|Any CPU
		{5644B2A3-5B96-44D5-A244-4E7E450E2196}.Release|iPhoneSimulator.Build.0 = Release|Any CPU
		{5644B2A3-5B96-44D5-A244-4E7E450E2196}.Release|x64.ActiveCfg = Release|Any CPU
		{5644B2A3-5B96-44D5-A244-4E7E450E2196}.Release|x64.Build.0 = Release|Any CPU
		{5644B2A3-5B96-44D5-A244-4E7E450E2196}.Release|x86.ActiveCfg = Release|Any CPU
		{5644B2A3-5B96-44D5-A244-4E7E450E2196}.Release|x86.Build.0 = Release|Any CPU
		{1EDA072C-07B1-41F7-BFAF-7782B0B09CA8}.Debug|Any CPU.ActiveCfg = Debug|iPhoneSimulator
		{1EDA072C-07B1-41F7-BFAF-7782B0B09CA8}.Debug|Any CPU.Build.0 = Debug|iPhoneSimulator
		{1EDA072C-07B1-41F7-BFAF-7782B0B09CA8}.Debug|ARM.ActiveCfg = Debug|iPhoneSimulator
		{1EDA072C-07B1-41F7-BFAF-7782B0B09CA8}.Debug|ARM.Build.0 = Debug|iPhoneSimulator
		{1EDA072C-07B1-41F7-BFAF-7782B0B09CA8}.Debug|iPhone.ActiveCfg = Debug|iPhone
		{1EDA072C-07B1-41F7-BFAF-7782B0B09CA8}.Debug|iPhone.Build.0 = Debug|iPhone
		{1EDA072C-07B1-41F7-BFAF-7782B0B09CA8}.Debug|iPhoneSimulator.ActiveCfg = Debug|iPhoneSimulator
		{1EDA072C-07B1-41F7-BFAF-7782B0B09CA8}.Debug|iPhoneSimulator.Build.0 = Debug|iPhoneSimulator
		{1EDA072C-07B1-41F7-BFAF-7782B0B09CA8}.Debug|x64.ActiveCfg = Debug|iPhoneSimulator
		{1EDA072C-07B1-41F7-BFAF-7782B0B09CA8}.Debug|x64.Build.0 = Debug|iPhoneSimulator
		{1EDA072C-07B1-41F7-BFAF-7782B0B09CA8}.Debug|x86.ActiveCfg = Debug|iPhoneSimulator
		{1EDA072C-07B1-41F7-BFAF-7782B0B09CA8}.Debug|x86.Build.0 = Debug|iPhoneSimulator
		{1EDA072C-07B1-41F7-BFAF-7782B0B09CA8}.Release|Any CPU.ActiveCfg = Release|iPhoneSimulator
		{1EDA072C-07B1-41F7-BFAF-7782B0B09CA8}.Release|Any CPU.Build.0 = Release|iPhoneSimulator
		{1EDA072C-07B1-41F7-BFAF-7782B0B09CA8}.Release|ARM.ActiveCfg = Release|iPhoneSimulator
		{1EDA072C-07B1-41F7-BFAF-7782B0B09CA8}.Release|ARM.Build.0 = Release|iPhoneSimulator
		{1EDA072C-07B1-41F7-BFAF-7782B0B09CA8}.Release|iPhone.ActiveCfg = Release|iPhone
		{1EDA072C-07B1-41F7-BFAF-7782B0B09CA8}.Release|iPhone.Build.0 = Release|iPhone
		{1EDA072C-07B1-41F7-BFAF-7782B0B09CA8}.Release|iPhoneSimulator.ActiveCfg = Release|iPhoneSimulator
		{1EDA072C-07B1-41F7-BFAF-7782B0B09CA8}.Release|iPhoneSimulator.Build.0 = Release|iPhoneSimulator
		{1EDA072C-07B1-41F7-BFAF-7782B0B09CA8}.Release|x64.ActiveCfg = Release|iPhoneSimulator
		{1EDA072C-07B1-41F7-BFAF-7782B0B09CA8}.Release|x64.Build.0 = Release|iPhoneSimulator
		{1EDA072C-07B1-41F7-BFAF-7782B0B09CA8}.Release|x86.ActiveCfg = Release|iPhoneSimulator
		{1EDA072C-07B1-41F7-BFAF-7782B0B09CA8}.Release|x86.Build.0 = Release|iPhoneSimulator
		{3CECADBB-3E56-4D47-A313-CE9E43DCAB02}.Debug|Any CPU.ActiveCfg = Debug|Any CPU
		{3CECADBB-3E56-4D47-A313-CE9E43DCAB02}.Debug|Any CPU.Build.0 = Debug|Any CPU
		{3CECADBB-3E56-4D47-A313-CE9E43DCAB02}.Debug|ARM.ActiveCfg = Debug|Any CPU
		{3CECADBB-3E56-4D47-A313-CE9E43DCAB02}.Debug|ARM.Build.0 = Debug|Any CPU
		{3CECADBB-3E56-4D47-A313-CE9E43DCAB02}.Debug|iPhone.ActiveCfg = Debug|Any CPU
		{3CECADBB-3E56-4D47-A313-CE9E43DCAB02}.Debug|iPhone.Build.0 = Debug|Any CPU
		{3CECADBB-3E56-4D47-A313-CE9E43DCAB02}.Debug|iPhoneSimulator.ActiveCfg = Debug|Any CPU
		{3CECADBB-3E56-4D47-A313-CE9E43DCAB02}.Debug|iPhoneSimulator.Build.0 = Debug|Any CPU
		{3CECADBB-3E56-4D47-A313-CE9E43DCAB02}.Debug|x64.ActiveCfg = Debug|Any CPU
		{3CECADBB-3E56-4D47-A313-CE9E43DCAB02}.Debug|x64.Build.0 = Debug|Any CPU
		{3CECADBB-3E56-4D47-A313-CE9E43DCAB02}.Debug|x86.ActiveCfg = Debug|Any CPU
		{3CECADBB-3E56-4D47-A313-CE9E43DCAB02}.Debug|x86.Build.0 = Debug|Any CPU
		{3CECADBB-3E56-4D47-A313-CE9E43DCAB02}.Release|Any CPU.ActiveCfg = Release|Any CPU
		{3CECADBB-3E56-4D47-A313-CE9E43DCAB02}.Release|Any CPU.Build.0 = Release|Any CPU
		{3CECADBB-3E56-4D47-A313-CE9E43DCAB02}.Release|ARM.ActiveCfg = Release|Any CPU
		{3CECADBB-3E56-4D47-A313-CE9E43DCAB02}.Release|ARM.Build.0 = Release|Any CPU
		{3CECADBB-3E56-4D47-A313-CE9E43DCAB02}.Release|iPhone.ActiveCfg = Release|Any CPU
		{3CECADBB-3E56-4D47-A313-CE9E43DCAB02}.Release|iPhone.Build.0 = Release|Any CPU
		{3CECADBB-3E56-4D47-A313-CE9E43DCAB02}.Release|iPhoneSimulator.ActiveCfg = Release|Any CPU
		{3CECADBB-3E56-4D47-A313-CE9E43DCAB02}.Release|iPhoneSimulator.Build.0 = Release|Any CPU
		{3CECADBB-3E56-4D47-A313-CE9E43DCAB02}.Release|x64.ActiveCfg = Release|Any CPU
		{3CECADBB-3E56-4D47-A313-CE9E43DCAB02}.Release|x64.Build.0 = Release|Any CPU
		{3CECADBB-3E56-4D47-A313-CE9E43DCAB02}.Release|x86.ActiveCfg = Release|Any CPU
		{3CECADBB-3E56-4D47-A313-CE9E43DCAB02}.Release|x86.Build.0 = Release|Any CPU
		{F160B140-9A5E-4897-ADDC-45156FE76B27}.Debug|Any CPU.ActiveCfg = Debug|Any CPU
		{F160B140-9A5E-4897-ADDC-45156FE76B27}.Debug|Any CPU.Build.0 = Debug|Any CPU
		{F160B140-9A5E-4897-ADDC-45156FE76B27}.Debug|ARM.ActiveCfg = Debug|Any CPU
		{F160B140-9A5E-4897-ADDC-45156FE76B27}.Debug|ARM.Build.0 = Debug|Any CPU
		{F160B140-9A5E-4897-ADDC-45156FE76B27}.Debug|iPhone.ActiveCfg = Debug|Any CPU
		{F160B140-9A5E-4897-ADDC-45156FE76B27}.Debug|iPhone.Build.0 = Debug|Any CPU
		{F160B140-9A5E-4897-ADDC-45156FE76B27}.Debug|iPhoneSimulator.ActiveCfg = Debug|Any CPU
		{F160B140-9A5E-4897-ADDC-45156FE76B27}.Debug|iPhoneSimulator.Build.0 = Debug|Any CPU
		{F160B140-9A5E-4897-ADDC-45156FE76B27}.Debug|x64.ActiveCfg = Debug|Any CPU
		{F160B140-9A5E-4897-ADDC-45156FE76B27}.Debug|x64.Build.0 = Debug|Any CPU
		{F160B140-9A5E-4897-ADDC-45156FE76B27}.Debug|x86.ActiveCfg = Debug|Any CPU
		{F160B140-9A5E-4897-ADDC-45156FE76B27}.Debug|x86.Build.0 = Debug|Any CPU
		{F160B140-9A5E-4897-ADDC-45156FE76B27}.Release|Any CPU.ActiveCfg = Release|Any CPU
		{F160B140-9A5E-4897-ADDC-45156FE76B27}.Release|Any CPU.Build.0 = Release|Any CPU
		{F160B140-9A5E-4897-ADDC-45156FE76B27}.Release|ARM.ActiveCfg = Release|Any CPU
		{F160B140-9A5E-4897-ADDC-45156FE76B27}.Release|ARM.Build.0 = Release|Any CPU
		{F160B140-9A5E-4897-ADDC-45156FE76B27}.Release|iPhone.ActiveCfg = Release|Any CPU
		{F160B140-9A5E-4897-ADDC-45156FE76B27}.Release|iPhone.Build.0 = Release|Any CPU
		{F160B140-9A5E-4897-ADDC-45156FE76B27}.Release|iPhoneSimulator.ActiveCfg = Release|Any CPU
		{F160B140-9A5E-4897-ADDC-45156FE76B27}.Release|iPhoneSimulator.Build.0 = Release|Any CPU
		{F160B140-9A5E-4897-ADDC-45156FE76B27}.Release|x64.ActiveCfg = Release|Any CPU
		{F160B140-9A5E-4897-ADDC-45156FE76B27}.Release|x64.Build.0 = Release|Any CPU
		{F160B140-9A5E-4897-ADDC-45156FE76B27}.Release|x86.ActiveCfg = Release|Any CPU
		{F160B140-9A5E-4897-ADDC-45156FE76B27}.Release|x86.Build.0 = Release|Any CPU
		{AECD2857-3FAF-4885-B32A-FF88F4C1E1C8}.Debug|Any CPU.ActiveCfg = Debug|Any CPU
		{AECD2857-3FAF-4885-B32A-FF88F4C1E1C8}.Debug|Any CPU.Build.0 = Debug|Any CPU
		{AECD2857-3FAF-4885-B32A-FF88F4C1E1C8}.Debug|ARM.ActiveCfg = Debug|Any CPU
		{AECD2857-3FAF-4885-B32A-FF88F4C1E1C8}.Debug|ARM.Build.0 = Debug|Any CPU
		{AECD2857-3FAF-4885-B32A-FF88F4C1E1C8}.Debug|iPhone.ActiveCfg = Debug|Any CPU
		{AECD2857-3FAF-4885-B32A-FF88F4C1E1C8}.Debug|iPhone.Build.0 = Debug|Any CPU
		{AECD2857-3FAF-4885-B32A-FF88F4C1E1C8}.Debug|iPhoneSimulator.ActiveCfg = Debug|Any CPU
		{AECD2857-3FAF-4885-B32A-FF88F4C1E1C8}.Debug|iPhoneSimulator.Build.0 = Debug|Any CPU
		{AECD2857-3FAF-4885-B32A-FF88F4C1E1C8}.Debug|x64.ActiveCfg = Debug|Any CPU
		{AECD2857-3FAF-4885-B32A-FF88F4C1E1C8}.Debug|x64.Build.0 = Debug|Any CPU
		{AECD2857-3FAF-4885-B32A-FF88F4C1E1C8}.Debug|x86.ActiveCfg = Debug|Any CPU
		{AECD2857-3FAF-4885-B32A-FF88F4C1E1C8}.Debug|x86.Build.0 = Debug|Any CPU
		{AECD2857-3FAF-4885-B32A-FF88F4C1E1C8}.Release|Any CPU.ActiveCfg = Release|Any CPU
		{AECD2857-3FAF-4885-B32A-FF88F4C1E1C8}.Release|Any CPU.Build.0 = Release|Any CPU
		{AECD2857-3FAF-4885-B32A-FF88F4C1E1C8}.Release|ARM.ActiveCfg = Release|Any CPU
		{AECD2857-3FAF-4885-B32A-FF88F4C1E1C8}.Release|ARM.Build.0 = Release|Any CPU
		{AECD2857-3FAF-4885-B32A-FF88F4C1E1C8}.Release|iPhone.ActiveCfg = Release|Any CPU
		{AECD2857-3FAF-4885-B32A-FF88F4C1E1C8}.Release|iPhone.Build.0 = Release|Any CPU
		{AECD2857-3FAF-4885-B32A-FF88F4C1E1C8}.Release|iPhoneSimulator.ActiveCfg = Release|Any CPU
		{AECD2857-3FAF-4885-B32A-FF88F4C1E1C8}.Release|iPhoneSimulator.Build.0 = Release|Any CPU
		{AECD2857-3FAF-4885-B32A-FF88F4C1E1C8}.Release|x64.ActiveCfg = Release|Any CPU
		{AECD2857-3FAF-4885-B32A-FF88F4C1E1C8}.Release|x64.Build.0 = Release|Any CPU
		{AECD2857-3FAF-4885-B32A-FF88F4C1E1C8}.Release|x86.ActiveCfg = Release|Any CPU
		{AECD2857-3FAF-4885-B32A-FF88F4C1E1C8}.Release|x86.Build.0 = Release|Any CPU
	EndGlobalSection
	GlobalSection(SolutionProperties) = preSolution
		HideSolutionNode = FALSE
	EndGlobalSection
	GlobalSection(NestedProjects) = preSolution
		{671E0BC2-F069-4E03-91A6-85163C7245C9} = {BC202E31-ED6C-4C96-BFAA-F5648FBC9675}
		{EE29C585-5FDA-49EA-A68E-54E0E2DDE078} = {19667E63-DC41-4FAD-98DC-F438F10D095F}
		{4ED53158-FD09-40E0-8494-70E37DD2B2C0} = {19667E63-DC41-4FAD-98DC-F438F10D095F}
		{FAFA9B0B-975F-4B2A-BE09-97386204399C} = {BC202E31-ED6C-4C96-BFAA-F5648FBC9675}
		{5644B2A3-5B96-44D5-A244-4E7E450E2196} = {19667E63-DC41-4FAD-98DC-F438F10D095F}
		{1EDA072C-07B1-41F7-BFAF-7782B0B09CA8} = {BC202E31-ED6C-4C96-BFAA-F5648FBC9675}
		{3CECADBB-3E56-4D47-A313-CE9E43DCAB02} = {19667E63-DC41-4FAD-98DC-F438F10D095F}
		{F160B140-9A5E-4897-ADDC-45156FE76B27} = {BC202E31-ED6C-4C96-BFAA-F5648FBC9675}
		{AECD2857-3FAF-4885-B32A-FF88F4C1E1C8} = {19667E63-DC41-4FAD-98DC-F438F10D095F}
	EndGlobalSection
	GlobalSection(ExtensibilityGlobals) = postSolution
		SolutionGuid = {DFFC8E8C-FFEE-4C9F-AF4E-A20F449F21B9}
	EndGlobalSection
EndGlobal
