
Microsoft Visual Studio Solution File, Format Version 12.00
# Visual Studio Version 16
VisualStudioVersion = 16.0.30001.183
MinimumVisualStudioVersion = 10.0.40219.1
Project("{2150E333-8FDC-42A3-9474-1A3956D46DE8}") = "sample", "sample", "{BC202E31-ED6C-4C96-BFAA-F5648FBC9675}"
EndProject
Project("{9A19103F-16F7-4668-BE54-9A1E7A4F7556}") = "MyApplication", "sample\MyApplication\MyApplication.csproj", "{671E0BC2-F069-4E03-91A6-85163C7245C9}"
EndProject
Project("{2150E333-8FDC-42A3-9474-1A3956D46DE8}") = "src", "src", "{19667E63-DC41-4FAD-98DC-F438F10D095F}"
EndProject
Project("{9A19103F-16F7-4668-BE54-9A1E7A4F7556}") = "BlazorDesktop", "src\BlazorDesktop\BlazorDesktop.csproj", "{EE29C585-5FDA-49EA-A68E-54E0E2DDE078}"
EndProject
Project("{9A19103F-16F7-4668-BE54-9A1E7A4F7556}") = "BlazorDesktop.JS", "src\BlazorDesktop.JS\BlazorDesktop.JS.csproj", "{4ED53158-FD09-40E0-8494-70E37DD2B2C0}"
EndProject
Project("{FAE04EC0-301F-11D3-BF4B-00C04F79EFBC}") = "MyApplication.macOS", "sample\MyApplication.macOS\MyApplication.macOS.csproj", "{FAFA9B0B-975F-4B2A-BE09-97386204399C}"
EndProject
Project("{FAE04EC0-301F-11D3-BF4B-00C04F79EFBC}") = "BlazorDesktop.macOS", "src\BlazorDesktop.macOS\BlazorDesktop.macOS.csproj", "{5644B2A3-5B96-44D5-A244-4E7E450E2196}"
EndProject
Project("{FAE04EC0-301F-11D3-BF4B-00C04F79EFBC}") = "MyApplication.iOS", "sample\MyApplication.iOS\MyApplication.iOS.csproj", "{1EDA072C-07B1-41F7-BFAF-7782B0B09CA8}"
EndProject
Project("{FAE04EC0-301F-11D3-BF4B-00C04F79EFBC}") = "BlazorDesktop.iOS", "src\BlazorDesktop.iOS\BlazorDesktop.iOS.csproj", "{3CECADBB-3E56-4D47-A313-CE9E43DCAB02}"
EndProject
Project("{2150E333-8FDC-42A3-9474-1A3956D46DE8}") = "MyApplication", "MyApplication", "{E47E53F0-9924-49A0-8D98-5428399C5BE4}"
EndProject
Project("{2150E333-8FDC-42A3-9474-1A3956D46DE8}") = "MessageApp", "MessageApp", "{79C215AD-9170-4838-A59E-171C6756949E}"
EndProject
Project("{FAE04EC0-301F-11D3-BF4B-00C04F79EFBC}") = "MessageApp.iOS", "sample\MessageApp\MessageApp.iOS\MessageApp.iOS.csproj", "{067B3562-A60A-48CB-A917-4B7D9700120A}"
EndProject
Project("{9A19103F-16F7-4668-BE54-9A1E7A4F7556}") = "MessageApp", "sample\MessageApp\MessageApp\MessageApp.csproj", "{3BF32231-DBD0-4BF6-A3A0-CF4F397BB29C}"
EndProject
Project("{9A19103F-16F7-4668-BE54-9A1E7A4F7556}") = "MyApplication.Windows", "sample\MyApplication.Windows\MyApplication.Windows.csproj", "{F4E4DE9D-5766-49A8-BD66-DEC0D1636D5D}"
EndProject
Project("{9A19103F-16F7-4668-BE54-9A1E7A4F7556}") = "MessageApp.Windows", "sample\MessageApp\MessageApp.Windows\MessageApp.Windows.csproj", "{3B1E3038-4904-436B-8594-E9456CDFA6F5}"
EndProject
Project("{9A19103F-16F7-4668-BE54-9A1E7A4F7556}") = "BlazorDesktop.Windows", "src\BlazorDesktop.Windows\BlazorDesktop.Windows.csproj", "{047A718A-19C9-4E34-A562-F07C2BDD7DBD}"
EndProject
Project("{FAE04EC0-301F-11D3-BF4B-00C04F79EFBC}") = "MyApplication.Android", "sample\MyApplication.Android\MyApplication.Android.csproj", "{7147383D-8B55-44BA-A4E7-B01C875E33EE}"
EndProject
Project("{FAE04EC0-301F-11D3-BF4B-00C04F79EFBC}") = "BlazorDesktop.Android", "src\BlazorDesktop.Android\BlazorDesktop.Android.csproj", "{4041365C-EC53-4D91-9D23-EA86B4778FF0}"
EndProject
Global
	GlobalSection(SolutionConfigurationPlatforms) = preSolution
		Debug|Any CPU = Debug|Any CPU
		Debug|ARM = Debug|ARM
		Debug|iPhone = Debug|iPhone
		Debug|iPhoneSimulator = Debug|iPhoneSimulator
		Debug|x64 = Debug|x64
		Debug|x86 = Debug|x86
		Release|Any CPU = Release|Any CPU
		Release|ARM = Release|ARM
		Release|iPhone = Release|iPhone
		Release|iPhoneSimulator = Release|iPhoneSimulator
		Release|x64 = Release|x64
		Release|x86 = Release|x86
	EndGlobalSection
	GlobalSection(ProjectConfigurationPlatforms) = postSolution
		{671E0BC2-F069-4E03-91A6-85163C7245C9}.Debug|Any CPU.ActiveCfg = Debug|Any CPU
		{671E0BC2-F069-4E03-91A6-85163C7245C9}.Debug|Any CPU.Build.0 = Debug|Any CPU
		{671E0BC2-F069-4E03-91A6-85163C7245C9}.Debug|ARM.ActiveCfg = Debug|Any CPU
		{671E0BC2-F069-4E03-91A6-85163C7245C9}.Debug|ARM.Build.0 = Debug|Any CPU
		{671E0BC2-F069-4E03-91A6-85163C7245C9}.Debug|iPhone.ActiveCfg = Debug|Any CPU
		{671E0BC2-F069-4E03-91A6-85163C7245C9}.Debug|iPhone.Build.0 = Debug|Any CPU
		{671E0BC2-F069-4E03-91A6-85163C7245C9}.Debug|iPhoneSimulator.ActiveCfg = Debug|Any CPU
		{671E0BC2-F069-4E03-91A6-85163C7245C9}.Debug|iPhoneSimulator.Build.0 = Debug|Any CPU
		{671E0BC2-F069-4E03-91A6-85163C7245C9}.Debug|x64.ActiveCfg = Debug|Any CPU
		{671E0BC2-F069-4E03-91A6-85163C7245C9}.Debug|x64.Build.0 = Debug|Any CPU
		{671E0BC2-F069-4E03-91A6-85163C7245C9}.Debug|x86.ActiveCfg = Debug|Any CPU
		{671E0BC2-F069-4E03-91A6-85163C7245C9}.Debug|x86.Build.0 = Debug|Any CPU
		{671E0BC2-F069-4E03-91A6-85163C7245C9}.Release|Any CPU.ActiveCfg = Release|Any CPU
		{671E0BC2-F069-4E03-91A6-85163C7245C9}.Release|Any CPU.Build.0 = Release|Any CPU
		{671E0BC2-F069-4E03-91A6-85163C7245C9}.Release|ARM.ActiveCfg = Release|Any CPU
		{671E0BC2-F069-4E03-91A6-85163C7245C9}.Release|ARM.Build.0 = Release|Any CPU
		{671E0BC2-F069-4E03-91A6-85163C7245C9}.Release|iPhone.ActiveCfg = Release|Any CPU
		{671E0BC2-F069-4E03-91A6-85163C7245C9}.Release|iPhone.Build.0 = Release|Any CPU
		{671E0BC2-F069-4E03-91A6-85163C7245C9}.Release|iPhoneSimulator.ActiveCfg = Release|Any CPU
		{671E0BC2-F069-4E03-91A6-85163C7245C9}.Release|iPhoneSimulator.Build.0 = Release|Any CPU
		{671E0BC2-F069-4E03-91A6-85163C7245C9}.Release|x64.ActiveCfg = Release|Any CPU
		{671E0BC2-F069-4E03-91A6-85163C7245C9}.Release|x64.Build.0 = Release|Any CPU
		{671E0BC2-F069-4E03-91A6-85163C7245C9}.Release|x86.ActiveCfg = Release|Any CPU
		{671E0BC2-F069-4E03-91A6-85163C7245C9}.Release|x86.Build.0 = Release|Any CPU
		{EE29C585-5FDA-49EA-A68E-54E0E2DDE078}.Debug|Any CPU.ActiveCfg = Debug|Any CPU
		{EE29C585-5FDA-49EA-A68E-54E0E2DDE078}.Debug|Any CPU.Build.0 = Debug|Any CPU
		{EE29C585-5FDA-49EA-A68E-54E0E2DDE078}.Debug|ARM.ActiveCfg = Debug|Any CPU
		{EE29C585-5FDA-49EA-A68E-54E0E2DDE078}.Debug|ARM.Build.0 = Debug|Any CPU
		{EE29C585-5FDA-49EA-A68E-54E0E2DDE078}.Debug|iPhone.ActiveCfg = Debug|Any CPU
		{EE29C585-5FDA-49EA-A68E-54E0E2DDE078}.Debug|iPhone.Build.0 = Debug|Any CPU
		{EE29C585-5FDA-49EA-A68E-54E0E2DDE078}.Debug|iPhoneSimulator.ActiveCfg = Debug|Any CPU
		{EE29C585-5FDA-49EA-A68E-54E0E2DDE078}.Debug|iPhoneSimulator.Build.0 = Debug|Any CPU
		{EE29C585-5FDA-49EA-A68E-54E0E2DDE078}.Debug|x64.ActiveCfg = Debug|Any CPU
		{EE29C585-5FDA-49EA-A68E-54E0E2DDE078}.Debug|x64.Build.0 = Debug|Any CPU
		{EE29C585-5FDA-49EA-A68E-54E0E2DDE078}.Debug|x86.ActiveCfg = Debug|Any CPU
		{EE29C585-5FDA-49EA-A68E-54E0E2DDE078}.Debug|x86.Build.0 = Debug|Any CPU
		{EE29C585-5FDA-49EA-A68E-54E0E2DDE078}.Release|Any CPU.ActiveCfg = Release|Any CPU
		{EE29C585-5FDA-49EA-A68E-54E0E2DDE078}.Release|Any CPU.Build.0 = Release|Any CPU
		{EE29C585-5FDA-49EA-A68E-54E0E2DDE078}.Release|ARM.ActiveCfg = Release|Any CPU
		{EE29C585-5FDA-49EA-A68E-54E0E2DDE078}.Release|ARM.Build.0 = Release|Any CPU
		{EE29C585-5FDA-49EA-A68E-54E0E2DDE078}.Release|iPhone.ActiveCfg = Release|Any CPU
		{EE29C585-5FDA-49EA-A68E-54E0E2DDE078}.Release|iPhone.Build.0 = Release|Any CPU
		{EE29C585-5FDA-49EA-A68E-54E0E2DDE078}.Release|iPhoneSimulator.ActiveCfg = Release|Any CPU
		{EE29C585-5FDA-49EA-A68E-54E0E2DDE078}.Release|iPhoneSimulator.Build.0 = Release|Any CPU
		{EE29C585-5FDA-49EA-A68E-54E0E2DDE078}.Release|x64.ActiveCfg = Release|Any CPU
		{EE29C585-5FDA-49EA-A68E-54E0E2DDE078}.Release|x64.Build.0 = Release|Any CPU
		{EE29C585-5FDA-49EA-A68E-54E0E2DDE078}.Release|x86.ActiveCfg = Release|Any CPU
		{EE29C585-5FDA-49EA-A68E-54E0E2DDE078}.Release|x86.Build.0 = Release|Any CPU
		{4ED53158-FD09-40E0-8494-70E37DD2B2C0}.Debug|Any CPU.ActiveCfg = Debug|Any CPU
		{4ED53158-FD09-40E0-8494-70E37DD2B2C0}.Debug|Any CPU.Build.0 = Debug|Any CPU
		{4ED53158-FD09-40E0-8494-70E37DD2B2C0}.Debug|ARM.ActiveCfg = Debug|Any CPU
		{4ED53158-FD09-40E0-8494-70E37DD2B2C0}.Debug|ARM.Build.0 = Debug|Any CPU
		{4ED53158-FD09-40E0-8494-70E37DD2B2C0}.Debug|iPhone.ActiveCfg = Debug|Any CPU
		{4ED53158-FD09-40E0-8494-70E37DD2B2C0}.Debug|iPhone.Build.0 = Debug|Any CPU
		{4ED53158-FD09-40E0-8494-70E37DD2B2C0}.Debug|iPhoneSimulator.ActiveCfg = Debug|Any CPU
		{4ED53158-FD09-40E0-8494-70E37DD2B2C0}.Debug|iPhoneSimulator.Build.0 = Debug|Any CPU
		{4ED53158-FD09-40E0-8494-70E37DD2B2C0}.Debug|x64.ActiveCfg = Debug|Any CPU
		{4ED53158-FD09-40E0-8494-70E37DD2B2C0}.Debug|x64.Build.0 = Debug|Any CPU
		{4ED53158-FD09-40E0-8494-70E37DD2B2C0}.Debug|x86.ActiveCfg = Debug|Any CPU
		{4ED53158-FD09-40E0-8494-70E37DD2B2C0}.Debug|x86.Build.0 = Debug|Any CPU
		{4ED53158-FD09-40E0-8494-70E37DD2B2C0}.Release|Any CPU.ActiveCfg = Release|Any CPU
		{4ED53158-FD09-40E0-8494-70E37DD2B2C0}.Release|Any CPU.Build.0 = Release|Any CPU
		{4ED53158-FD09-40E0-8494-70E37DD2B2C0}.Release|ARM.ActiveCfg = Release|Any CPU
		{4ED53158-FD09-40E0-8494-70E37DD2B2C0}.Release|ARM.Build.0 = Release|Any CPU
		{4ED53158-FD09-40E0-8494-70E37DD2B2C0}.Release|iPhone.ActiveCfg = Release|Any CPU
		{4ED53158-FD09-40E0-8494-70E37DD2B2C0}.Release|iPhone.Build.0 = Release|Any CPU
		{4ED53158-FD09-40E0-8494-70E37DD2B2C0}.Release|iPhoneSimulator.ActiveCfg = Release|Any CPU
		{4ED53158-FD09-40E0-8494-70E37DD2B2C0}.Release|iPhoneSimulator.Build.0 = Release|Any CPU
		{4ED53158-FD09-40E0-8494-70E37DD2B2C0}.Release|x64.ActiveCfg = Release|Any CPU
		{4ED53158-FD09-40E0-8494-70E37DD2B2C0}.Release|x64.Build.0 = Release|Any CPU
		{4ED53158-FD09-40E0-8494-70E37DD2B2C0}.Release|x86.ActiveCfg = Release|Any CPU
		{4ED53158-FD09-40E0-8494-70E37DD2B2C0}.Release|x86.Build.0 = Release|Any CPU
		{FAFA9B0B-975F-4B2A-BE09-97386204399C}.Debug|Any CPU.ActiveCfg = Debug|Any CPU
		{FAFA9B0B-975F-4B2A-BE09-97386204399C}.Debug|Any CPU.Build.0 = Debug|Any CPU
		{FAFA9B0B-975F-4B2A-BE09-97386204399C}.Debug|ARM.ActiveCfg = Debug|Any CPU
		{FAFA9B0B-975F-4B2A-BE09-97386204399C}.Debug|ARM.Build.0 = Debug|Any CPU
		{FAFA9B0B-975F-4B2A-BE09-97386204399C}.Debug|iPhone.ActiveCfg = Debug|Any CPU
		{FAFA9B0B-975F-4B2A-BE09-97386204399C}.Debug|iPhone.Build.0 = Debug|Any CPU
		{FAFA9B0B-975F-4B2A-BE09-97386204399C}.Debug|iPhoneSimulator.ActiveCfg = Debug|Any CPU
		{FAFA9B0B-975F-4B2A-BE09-97386204399C}.Debug|iPhoneSimulator.Build.0 = Debug|Any CPU
		{FAFA9B0B-975F-4B2A-BE09-97386204399C}.Debug|x64.ActiveCfg = Debug|Any CPU
		{FAFA9B0B-975F-4B2A-BE09-97386204399C}.Debug|x64.Build.0 = Debug|Any CPU
		{FAFA9B0B-975F-4B2A-BE09-97386204399C}.Debug|x86.ActiveCfg = Debug|Any CPU
		{FAFA9B0B-975F-4B2A-BE09-97386204399C}.Debug|x86.Build.0 = Debug|Any CPU
		{FAFA9B0B-975F-4B2A-BE09-97386204399C}.Release|Any CPU.ActiveCfg = Release|Any CPU
		{FAFA9B0B-975F-4B2A-BE09-97386204399C}.Release|Any CPU.Build.0 = Release|Any CPU
		{FAFA9B0B-975F-4B2A-BE09-97386204399C}.Release|ARM.ActiveCfg = Release|Any CPU
		{FAFA9B0B-975F-4B2A-BE09-97386204399C}.Release|ARM.Build.0 = Release|Any CPU
		{FAFA9B0B-975F-4B2A-BE09-97386204399C}.Release|iPhone.ActiveCfg = Release|Any CPU
		{FAFA9B0B-975F-4B2A-BE09-97386204399C}.Release|iPhone.Build.0 = Release|Any CPU
		{FAFA9B0B-975F-4B2A-BE09-97386204399C}.Release|iPhoneSimulator.ActiveCfg = Release|Any CPU
		{FAFA9B0B-975F-4B2A-BE09-97386204399C}.Release|iPhoneSimulator.Build.0 = Release|Any CPU
		{FAFA9B0B-975F-4B2A-BE09-97386204399C}.Release|x64.ActiveCfg = Release|Any CPU
		{FAFA9B0B-975F-4B2A-BE09-97386204399C}.Release|x64.Build.0 = Release|Any CPU
		{FAFA9B0B-975F-4B2A-BE09-97386204399C}.Release|x86.ActiveCfg = Release|Any CPU
		{FAFA9B0B-975F-4B2A-BE09-97386204399C}.Release|x86.Build.0 = Release|Any CPU
		{5644B2A3-5B96-44D5-A244-4E7E450E2196}.Debug|Any CPU.ActiveCfg = Debug|Any CPU
		{5644B2A3-5B96-44D5-A244-4E7E450E2196}.Debug|Any CPU.Build.0 = Debug|Any CPU
		{5644B2A3-5B96-44D5-A244-4E7E450E2196}.Debug|ARM.ActiveCfg = Debug|Any CPU
		{5644B2A3-5B96-44D5-A244-4E7E450E2196}.Debug|ARM.Build.0 = Debug|Any CPU
		{5644B2A3-5B96-44D5-A244-4E7E450E2196}.Debug|iPhone.ActiveCfg = Debug|Any CPU
		{5644B2A3-5B96-44D5-A244-4E7E450E2196}.Debug|iPhone.Build.0 = Debug|Any CPU
		{5644B2A3-5B96-44D5-A244-4E7E450E2196}.Debug|iPhoneSimulator.ActiveCfg = Debug|Any CPU
		{5644B2A3-5B96-44D5-A244-4E7E450E2196}.Debug|iPhoneSimulator.Build.0 = Debug|Any CPU
		{5644B2A3-5B96-44D5-A244-4E7E450E2196}.Debug|x64.ActiveCfg = Debug|Any CPU
		{5644B2A3-5B96-44D5-A244-4E7E450E2196}.Debug|x64.Build.0 = Debug|Any CPU
		{5644B2A3-5B96-44D5-A244-4E7E450E2196}.Debug|x86.ActiveCfg = Debug|Any CPU
		{5644B2A3-5B96-44D5-A244-4E7E450E2196}.Debug|x86.Build.0 = Debug|Any CPU
		{5644B2A3-5B96-44D5-A244-4E7E450E2196}.Release|Any CPU.ActiveCfg = Release|Any CPU
		{5644B2A3-5B96-44D5-A244-4E7E450E2196}.Release|Any CPU.Build.0 = Release|Any CPU
		{5644B2A3-5B96-44D5-A244-4E7E450E2196}.Release|ARM.ActiveCfg = Release|Any CPU
		{5644B2A3-5B96-44D5-A244-4E7E450E2196}.Release|ARM.Build.0 = Release|Any CPU
		{5644B2A3-5B96-44D5-A244-4E7E450E2196}.Release|iPhone.ActiveCfg = Release|Any CPU
		{5644B2A3-5B96-44D5-A244-4E7E450E2196}.Release|iPhone.Build.0 = Release|Any CPU
		{5644B2A3-5B96-44D5-A244-4E7E450E2196}.Release|iPhoneSimulator.ActiveCfg = Release|Any CPU
		{5644B2A3-5B96-44D5-A244-4E7E450E2196}.Release|iPhoneSimulator.Build.0 = Release|Any CPU
		{5644B2A3-5B96-44D5-A244-4E7E450E2196}.Release|x64.ActiveCfg = Release|Any CPU
		{5644B2A3-5B96-44D5-A244-4E7E450E2196}.Release|x64.Build.0 = Release|Any CPU
		{5644B2A3-5B96-44D5-A244-4E7E450E2196}.Release|x86.ActiveCfg = Release|Any CPU
		{5644B2A3-5B96-44D5-A244-4E7E450E2196}.Release|x86.Build.0 = Release|Any CPU
		{1EDA072C-07B1-41F7-BFAF-7782B0B09CA8}.Debug|Any CPU.ActiveCfg = Debug|iPhoneSimulator
		{1EDA072C-07B1-41F7-BFAF-7782B0B09CA8}.Debug|Any CPU.Build.0 = Debug|iPhoneSimulator
		{1EDA072C-07B1-41F7-BFAF-7782B0B09CA8}.Debug|ARM.ActiveCfg = Debug|iPhoneSimulator
		{1EDA072C-07B1-41F7-BFAF-7782B0B09CA8}.Debug|ARM.Build.0 = Debug|iPhoneSimulator
		{1EDA072C-07B1-41F7-BFAF-7782B0B09CA8}.Debug|iPhone.ActiveCfg = Debug|iPhone
		{1EDA072C-07B1-41F7-BFAF-7782B0B09CA8}.Debug|iPhone.Build.0 = Debug|iPhone
		{1EDA072C-07B1-41F7-BFAF-7782B0B09CA8}.Debug|iPhoneSimulator.ActiveCfg = Debug|iPhoneSimulator
		{1EDA072C-07B1-41F7-BFAF-7782B0B09CA8}.Debug|iPhoneSimulator.Build.0 = Debug|iPhoneSimulator
		{1EDA072C-07B1-41F7-BFAF-7782B0B09CA8}.Debug|x64.ActiveCfg = Debug|iPhoneSimulator
		{1EDA072C-07B1-41F7-BFAF-7782B0B09CA8}.Debug|x64.Build.0 = Debug|iPhoneSimulator
		{1EDA072C-07B1-41F7-BFAF-7782B0B09CA8}.Debug|x86.ActiveCfg = Debug|iPhoneSimulator
		{1EDA072C-07B1-41F7-BFAF-7782B0B09CA8}.Debug|x86.Build.0 = Debug|iPhoneSimulator
		{1EDA072C-07B1-41F7-BFAF-7782B0B09CA8}.Release|Any CPU.ActiveCfg = Release|iPhoneSimulator
		{1EDA072C-07B1-41F7-BFAF-7782B0B09CA8}.Release|Any CPU.Build.0 = Release|iPhoneSimulator
		{1EDA072C-07B1-41F7-BFAF-7782B0B09CA8}.Release|ARM.ActiveCfg = Release|iPhoneSimulator
		{1EDA072C-07B1-41F7-BFAF-7782B0B09CA8}.Release|ARM.Build.0 = Release|iPhoneSimulator
		{1EDA072C-07B1-41F7-BFAF-7782B0B09CA8}.Release|iPhone.ActiveCfg = Release|iPhone
		{1EDA072C-07B1-41F7-BFAF-7782B0B09CA8}.Release|iPhone.Build.0 = Release|iPhone
		{1EDA072C-07B1-41F7-BFAF-7782B0B09CA8}.Release|iPhoneSimulator.ActiveCfg = Release|iPhoneSimulator
		{1EDA072C-07B1-41F7-BFAF-7782B0B09CA8}.Release|iPhoneSimulator.Build.0 = Release|iPhoneSimulator
		{1EDA072C-07B1-41F7-BFAF-7782B0B09CA8}.Release|x64.ActiveCfg = Release|iPhoneSimulator
		{1EDA072C-07B1-41F7-BFAF-7782B0B09CA8}.Release|x64.Build.0 = Release|iPhoneSimulator
		{1EDA072C-07B1-41F7-BFAF-7782B0B09CA8}.Release|x86.ActiveCfg = Release|iPhoneSimulator
		{1EDA072C-07B1-41F7-BFAF-7782B0B09CA8}.Release|x86.Build.0 = Release|iPhoneSimulator
		{3CECADBB-3E56-4D47-A313-CE9E43DCAB02}.Debug|Any CPU.ActiveCfg = Debug|Any CPU
		{3CECADBB-3E56-4D47-A313-CE9E43DCAB02}.Debug|Any CPU.Build.0 = Debug|Any CPU
		{3CECADBB-3E56-4D47-A313-CE9E43DCAB02}.Debug|ARM.ActiveCfg = Debug|Any CPU
		{3CECADBB-3E56-4D47-A313-CE9E43DCAB02}.Debug|ARM.Build.0 = Debug|Any CPU
		{3CECADBB-3E56-4D47-A313-CE9E43DCAB02}.Debug|iPhone.ActiveCfg = Debug|Any CPU
		{3CECADBB-3E56-4D47-A313-CE9E43DCAB02}.Debug|iPhone.Build.0 = Debug|Any CPU
		{3CECADBB-3E56-4D47-A313-CE9E43DCAB02}.Debug|iPhoneSimulator.ActiveCfg = Debug|Any CPU
		{3CECADBB-3E56-4D47-A313-CE9E43DCAB02}.Debug|iPhoneSimulator.Build.0 = Debug|Any CPU
		{3CECADBB-3E56-4D47-A313-CE9E43DCAB02}.Debug|x64.ActiveCfg = Debug|Any CPU
		{3CECADBB-3E56-4D47-A313-CE9E43DCAB02}.Debug|x64.Build.0 = Debug|Any CPU
		{3CECADBB-3E56-4D47-A313-CE9E43DCAB02}.Debug|x86.ActiveCfg = Debug|Any CPU
		{3CECADBB-3E56-4D47-A313-CE9E43DCAB02}.Debug|x86.Build.0 = Debug|Any CPU
		{3CECADBB-3E56-4D47-A313-CE9E43DCAB02}.Release|Any CPU.ActiveCfg = Release|Any CPU
		{3CECADBB-3E56-4D47-A313-CE9E43DCAB02}.Release|Any CPU.Build.0 = Release|Any CPU
		{3CECADBB-3E56-4D47-A313-CE9E43DCAB02}.Release|ARM.ActiveCfg = Release|Any CPU
		{3CECADBB-3E56-4D47-A313-CE9E43DCAB02}.Release|ARM.Build.0 = Release|Any CPU
		{3CECADBB-3E56-4D47-A313-CE9E43DCAB02}.Release|iPhone.ActiveCfg = Release|Any CPU
		{3CECADBB-3E56-4D47-A313-CE9E43DCAB02}.Release|iPhone.Build.0 = Release|Any CPU
		{3CECADBB-3E56-4D47-A313-CE9E43DCAB02}.Release|iPhoneSimulator.ActiveCfg = Release|Any CPU
		{3CECADBB-3E56-4D47-A313-CE9E43DCAB02}.Release|iPhoneSimulator.Build.0 = Release|Any CPU
		{3CECADBB-3E56-4D47-A313-CE9E43DCAB02}.Release|x64.ActiveCfg = Release|Any CPU
		{3CECADBB-3E56-4D47-A313-CE9E43DCAB02}.Release|x64.Build.0 = Release|Any CPU
		{3CECADBB-3E56-4D47-A313-CE9E43DCAB02}.Release|x86.ActiveCfg = Release|Any CPU
		{3CECADBB-3E56-4D47-A313-CE9E43DCAB02}.Release|x86.Build.0 = Release|Any CPU
		{067B3562-A60A-48CB-A917-4B7D9700120A}.Debug|Any CPU.ActiveCfg = Debug|iPhone
		{067B3562-A60A-48CB-A917-4B7D9700120A}.Debug|Any CPU.Build.0 = Debug|iPhone
		{067B3562-A60A-48CB-A917-4B7D9700120A}.Debug|ARM.ActiveCfg = Debug|iPhone
		{067B3562-A60A-48CB-A917-4B7D9700120A}.Debug|iPhone.ActiveCfg = Debug|iPhone
		{067B3562-A60A-48CB-A917-4B7D9700120A}.Debug|iPhone.Build.0 = Debug|iPhone
		{067B3562-A60A-48CB-A917-4B7D9700120A}.Debug|iPhoneSimulator.ActiveCfg = Debug|iPhoneSimulator
		{067B3562-A60A-48CB-A917-4B7D9700120A}.Debug|iPhoneSimulator.Build.0 = Debug|iPhoneSimulator
		{067B3562-A60A-48CB-A917-4B7D9700120A}.Debug|x64.ActiveCfg = Debug|iPhone
		{067B3562-A60A-48CB-A917-4B7D9700120A}.Debug|x86.ActiveCfg = Debug|iPhone
		{067B3562-A60A-48CB-A917-4B7D9700120A}.Release|Any CPU.ActiveCfg = Release|iPhone
		{067B3562-A60A-48CB-A917-4B7D9700120A}.Release|ARM.ActiveCfg = Release|iPhone
		{067B3562-A60A-48CB-A917-4B7D9700120A}.Release|iPhone.ActiveCfg = Release|iPhone
		{067B3562-A60A-48CB-A917-4B7D9700120A}.Release|iPhone.Build.0 = Release|iPhone
		{067B3562-A60A-48CB-A917-4B7D9700120A}.Release|iPhoneSimulator.ActiveCfg = Release|iPhoneSimulator
		{067B3562-A60A-48CB-A917-4B7D9700120A}.Release|iPhoneSimulator.Build.0 = Release|iPhoneSimulator
		{067B3562-A60A-48CB-A917-4B7D9700120A}.Release|x64.ActiveCfg = Release|iPhone
		{067B3562-A60A-48CB-A917-4B7D9700120A}.Release|x86.ActiveCfg = Release|iPhone
		{3BF32231-DBD0-4BF6-A3A0-CF4F397BB29C}.Debug|Any CPU.ActiveCfg = Debug|Any CPU
		{3BF32231-DBD0-4BF6-A3A0-CF4F397BB29C}.Debug|Any CPU.Build.0 = Debug|Any CPU
		{3BF32231-DBD0-4BF6-A3A0-CF4F397BB29C}.Debug|ARM.ActiveCfg = Debug|Any CPU
		{3BF32231-DBD0-4BF6-A3A0-CF4F397BB29C}.Debug|ARM.Build.0 = Debug|Any CPU
		{3BF32231-DBD0-4BF6-A3A0-CF4F397BB29C}.Debug|iPhone.ActiveCfg = Debug|Any CPU
		{3BF32231-DBD0-4BF6-A3A0-CF4F397BB29C}.Debug|iPhone.Build.0 = Debug|Any CPU
		{3BF32231-DBD0-4BF6-A3A0-CF4F397BB29C}.Debug|iPhoneSimulator.ActiveCfg = Debug|Any CPU
		{3BF32231-DBD0-4BF6-A3A0-CF4F397BB29C}.Debug|iPhoneSimulator.Build.0 = Debug|Any CPU
		{3BF32231-DBD0-4BF6-A3A0-CF4F397BB29C}.Debug|x64.ActiveCfg = Debug|Any CPU
		{3BF32231-DBD0-4BF6-A3A0-CF4F397BB29C}.Debug|x64.Build.0 = Debug|Any CPU
		{3BF32231-DBD0-4BF6-A3A0-CF4F397BB29C}.Debug|x86.ActiveCfg = Debug|Any CPU
		{3BF32231-DBD0-4BF6-A3A0-CF4F397BB29C}.Debug|x86.Build.0 = Debug|Any CPU
		{3BF32231-DBD0-4BF6-A3A0-CF4F397BB29C}.Release|Any CPU.ActiveCfg = Release|Any CPU
		{3BF32231-DBD0-4BF6-A3A0-CF4F397BB29C}.Release|Any CPU.Build.0 = Release|Any CPU
		{3BF32231-DBD0-4BF6-A3A0-CF4F397BB29C}.Release|ARM.ActiveCfg = Release|Any CPU
		{3BF32231-DBD0-4BF6-A3A0-CF4F397BB29C}.Release|ARM.Build.0 = Release|Any CPU
		{3BF32231-DBD0-4BF6-A3A0-CF4F397BB29C}.Release|iPhone.ActiveCfg = Release|Any CPU
		{3BF32231-DBD0-4BF6-A3A0-CF4F397BB29C}.Release|iPhone.Build.0 = Release|Any CPU
		{3BF32231-DBD0-4BF6-A3A0-CF4F397BB29C}.Release|iPhoneSimulator.ActiveCfg = Release|Any CPU
		{3BF32231-DBD0-4BF6-A3A0-CF4F397BB29C}.Release|iPhoneSimulator.Build.0 = Release|Any CPU
		{3BF32231-DBD0-4BF6-A3A0-CF4F397BB29C}.Release|x64.ActiveCfg = Release|Any CPU
		{3BF32231-DBD0-4BF6-A3A0-CF4F397BB29C}.Release|x64.Build.0 = Release|Any CPU
		{3BF32231-DBD0-4BF6-A3A0-CF4F397BB29C}.Release|x86.ActiveCfg = Release|Any CPU
		{3BF32231-DBD0-4BF6-A3A0-CF4F397BB29C}.Release|x86.Build.0 = Release|Any CPU
		{F4E4DE9D-5766-49A8-BD66-DEC0D1636D5D}.Debug|Any CPU.ActiveCfg = Debug|Any CPU
		{F4E4DE9D-5766-49A8-BD66-DEC0D1636D5D}.Debug|Any CPU.Build.0 = Debug|Any CPU
		{F4E4DE9D-5766-49A8-BD66-DEC0D1636D5D}.Debug|ARM.ActiveCfg = Debug|Any CPU
		{F4E4DE9D-5766-49A8-BD66-DEC0D1636D5D}.Debug|ARM.Build.0 = Debug|Any CPU
		{F4E4DE9D-5766-49A8-BD66-DEC0D1636D5D}.Debug|iPhone.ActiveCfg = Debug|Any CPU
		{F4E4DE9D-5766-49A8-BD66-DEC0D1636D5D}.Debug|iPhone.Build.0 = Debug|Any CPU
		{F4E4DE9D-5766-49A8-BD66-DEC0D1636D5D}.Debug|iPhoneSimulator.ActiveCfg = Debug|Any CPU
		{F4E4DE9D-5766-49A8-BD66-DEC0D1636D5D}.Debug|iPhoneSimulator.Build.0 = Debug|Any CPU
		{F4E4DE9D-5766-49A8-BD66-DEC0D1636D5D}.Debug|x64.ActiveCfg = Debug|Any CPU
		{F4E4DE9D-5766-49A8-BD66-DEC0D1636D5D}.Debug|x64.Build.0 = Debug|Any CPU
		{F4E4DE9D-5766-49A8-BD66-DEC0D1636D5D}.Debug|x86.ActiveCfg = Debug|Any CPU
		{F4E4DE9D-5766-49A8-BD66-DEC0D1636D5D}.Debug|x86.Build.0 = Debug|Any CPU
		{F4E4DE9D-5766-49A8-BD66-DEC0D1636D5D}.Release|Any CPU.ActiveCfg = Release|Any CPU
		{F4E4DE9D-5766-49A8-BD66-DEC0D1636D5D}.Release|Any CPU.Build.0 = Release|Any CPU
		{F4E4DE9D-5766-49A8-BD66-DEC0D1636D5D}.Release|ARM.ActiveCfg = Release|Any CPU
		{F4E4DE9D-5766-49A8-BD66-DEC0D1636D5D}.Release|ARM.Build.0 = Release|Any CPU
		{F4E4DE9D-5766-49A8-BD66-DEC0D1636D5D}.Release|iPhone.ActiveCfg = Release|Any CPU
		{F4E4DE9D-5766-49A8-BD66-DEC0D1636D5D}.Release|iPhone.Build.0 = Release|Any CPU
		{F4E4DE9D-5766-49A8-BD66-DEC0D1636D5D}.Release|iPhoneSimulator.ActiveCfg = Release|Any CPU
		{F4E4DE9D-5766-49A8-BD66-DEC0D1636D5D}.Release|iPhoneSimulator.Build.0 = Release|Any CPU
		{F4E4DE9D-5766-49A8-BD66-DEC0D1636D5D}.Release|x64.ActiveCfg = Release|Any CPU
		{F4E4DE9D-5766-49A8-BD66-DEC0D1636D5D}.Release|x64.Build.0 = Release|Any CPU
		{F4E4DE9D-5766-49A8-BD66-DEC0D1636D5D}.Release|x86.ActiveCfg = Release|Any CPU
		{F4E4DE9D-5766-49A8-BD66-DEC0D1636D5D}.Release|x86.Build.0 = Release|Any CPU
		{3B1E3038-4904-436B-8594-E9456CDFA6F5}.Debug|Any CPU.ActiveCfg = Debug|Any CPU
		{3B1E3038-4904-436B-8594-E9456CDFA6F5}.Debug|Any CPU.Build.0 = Debug|Any CPU
		{3B1E3038-4904-436B-8594-E9456CDFA6F5}.Debug|ARM.ActiveCfg = Debug|Any CPU
		{3B1E3038-4904-436B-8594-E9456CDFA6F5}.Debug|ARM.Build.0 = Debug|Any CPU
		{3B1E3038-4904-436B-8594-E9456CDFA6F5}.Debug|iPhone.ActiveCfg = Debug|Any CPU
		{3B1E3038-4904-436B-8594-E9456CDFA6F5}.Debug|iPhone.Build.0 = Debug|Any CPU
		{3B1E3038-4904-436B-8594-E9456CDFA6F5}.Debug|iPhoneSimulator.ActiveCfg = Debug|Any CPU
		{3B1E3038-4904-436B-8594-E9456CDFA6F5}.Debug|iPhoneSimulator.Build.0 = Debug|Any CPU
		{3B1E3038-4904-436B-8594-E9456CDFA6F5}.Debug|x64.ActiveCfg = Debug|Any CPU
		{3B1E3038-4904-436B-8594-E9456CDFA6F5}.Debug|x64.Build.0 = Debug|Any CPU
		{3B1E3038-4904-436B-8594-E9456CDFA6F5}.Debug|x86.ActiveCfg = Debug|Any CPU
		{3B1E3038-4904-436B-8594-E9456CDFA6F5}.Debug|x86.Build.0 = Debug|Any CPU
		{3B1E3038-4904-436B-8594-E9456CDFA6F5}.Release|Any CPU.ActiveCfg = Release|Any CPU
		{3B1E3038-4904-436B-8594-E9456CDFA6F5}.Release|Any CPU.Build.0 = Release|Any CPU
		{3B1E3038-4904-436B-8594-E9456CDFA6F5}.Release|ARM.ActiveCfg = Release|Any CPU
		{3B1E3038-4904-436B-8594-E9456CDFA6F5}.Release|ARM.Build.0 = Release|Any CPU
		{3B1E3038-4904-436B-8594-E9456CDFA6F5}.Release|iPhone.ActiveCfg = Release|Any CPU
		{3B1E3038-4904-436B-8594-E9456CDFA6F5}.Release|iPhone.Build.0 = Release|Any CPU
		{3B1E3038-4904-436B-8594-E9456CDFA6F5}.Release|iPhoneSimulator.ActiveCfg = Release|Any CPU
		{3B1E3038-4904-436B-8594-E9456CDFA6F5}.Release|iPhoneSimulator.Build.0 = Release|Any CPU
		{3B1E3038-4904-436B-8594-E9456CDFA6F5}.Release|x64.ActiveCfg = Release|Any CPU
		{3B1E3038-4904-436B-8594-E9456CDFA6F5}.Release|x64.Build.0 = Release|Any CPU
		{3B1E3038-4904-436B-8594-E9456CDFA6F5}.Release|x86.ActiveCfg = Release|Any CPU
		{3B1E3038-4904-436B-8594-E9456CDFA6F5}.Release|x86.Build.0 = Release|Any CPU
		{047A718A-19C9-4E34-A562-F07C2BDD7DBD}.Debug|Any CPU.ActiveCfg = Debug|Any CPU
		{047A718A-19C9-4E34-A562-F07C2BDD7DBD}.Debug|Any CPU.Build.0 = Debug|Any CPU
		{047A718A-19C9-4E34-A562-F07C2BDD7DBD}.Debug|ARM.ActiveCfg = Debug|Any CPU
		{047A718A-19C9-4E34-A562-F07C2BDD7DBD}.Debug|ARM.Build.0 = Debug|Any CPU
		{047A718A-19C9-4E34-A562-F07C2BDD7DBD}.Debug|iPhone.ActiveCfg = Debug|Any CPU
		{047A718A-19C9-4E34-A562-F07C2BDD7DBD}.Debug|iPhone.Build.0 = Debug|Any CPU
		{047A718A-19C9-4E34-A562-F07C2BDD7DBD}.Debug|iPhoneSimulator.ActiveCfg = Debug|Any CPU
		{047A718A-19C9-4E34-A562-F07C2BDD7DBD}.Debug|iPhoneSimulator.Build.0 = Debug|Any CPU
		{047A718A-19C9-4E34-A562-F07C2BDD7DBD}.Debug|x64.ActiveCfg = Debug|Any CPU
		{047A718A-19C9-4E34-A562-F07C2BDD7DBD}.Debug|x64.Build.0 = Debug|Any CPU
		{047A718A-19C9-4E34-A562-F07C2BDD7DBD}.Debug|x86.ActiveCfg = Debug|Any CPU
		{047A718A-19C9-4E34-A562-F07C2BDD7DBD}.Debug|x86.Build.0 = Debug|Any CPU
		{047A718A-19C9-4E34-A562-F07C2BDD7DBD}.Release|Any CPU.ActiveCfg = Release|Any CPU
		{047A718A-19C9-4E34-A562-F07C2BDD7DBD}.Release|Any CPU.Build.0 = Release|Any CPU
		{047A718A-19C9-4E34-A562-F07C2BDD7DBD}.Release|ARM.ActiveCfg = Release|Any CPU
		{047A718A-19C9-4E34-A562-F07C2BDD7DBD}.Release|ARM.Build.0 = Release|Any CPU
		{047A718A-19C9-4E34-A562-F07C2BDD7DBD}.Release|iPhone.ActiveCfg = Release|Any CPU
		{047A718A-19C9-4E34-A562-F07C2BDD7DBD}.Release|iPhone.Build.0 = Release|Any CPU
		{047A718A-19C9-4E34-A562-F07C2BDD7DBD}.Release|iPhoneSimulator.ActiveCfg = Release|Any CPU
		{047A718A-19C9-4E34-A562-F07C2BDD7DBD}.Release|iPhoneSimulator.Build.0 = Release|Any CPU
		{047A718A-19C9-4E34-A562-F07C2BDD7DBD}.Release|x64.ActiveCfg = Release|Any CPU
		{047A718A-19C9-4E34-A562-F07C2BDD7DBD}.Release|x64.Build.0 = Release|Any CPU
		{047A718A-19C9-4E34-A562-F07C2BDD7DBD}.Release|x86.ActiveCfg = Release|Any CPU
		{047A718A-19C9-4E34-A562-F07C2BDD7DBD}.Release|x86.Build.0 = Release|Any CPU
		{7147383D-8B55-44BA-A4E7-B01C875E33EE}.Debug|Any CPU.ActiveCfg = Debug|Any CPU
		{7147383D-8B55-44BA-A4E7-B01C875E33EE}.Debug|Any CPU.Build.0 = Debug|Any CPU
		{7147383D-8B55-44BA-A4E7-B01C875E33EE}.Debug|Any CPU.Deploy.0 = Debug|Any CPU
		{7147383D-8B55-44BA-A4E7-B01C875E33EE}.Debug|ARM.ActiveCfg = Debug|Any CPU
		{7147383D-8B55-44BA-A4E7-B01C875E33EE}.Debug|ARM.Build.0 = Debug|Any CPU
		{7147383D-8B55-44BA-A4E7-B01C875E33EE}.Debug|ARM.Deploy.0 = Debug|Any CPU
		{7147383D-8B55-44BA-A4E7-B01C875E33EE}.Debug|iPhone.ActiveCfg = Debug|Any CPU
		{7147383D-8B55-44BA-A4E7-B01C875E33EE}.Debug|iPhone.Build.0 = Debug|Any CPU
		{7147383D-8B55-44BA-A4E7-B01C875E33EE}.Debug|iPhone.Deploy.0 = Debug|Any CPU
		{7147383D-8B55-44BA-A4E7-B01C875E33EE}.Debug|iPhoneSimulator.ActiveCfg = Debug|Any CPU
		{7147383D-8B55-44BA-A4E7-B01C875E33EE}.Debug|iPhoneSimulator.Build.0 = Debug|Any CPU
		{7147383D-8B55-44BA-A4E7-B01C875E33EE}.Debug|iPhoneSimulator.Deploy.0 = Debug|Any CPU
		{7147383D-8B55-44BA-A4E7-B01C875E33EE}.Debug|x64.ActiveCfg = Debug|Any CPU
		{7147383D-8B55-44BA-A4E7-B01C875E33EE}.Debug|x64.Build.0 = Debug|Any CPU
		{7147383D-8B55-44BA-A4E7-B01C875E33EE}.Debug|x64.Deploy.0 = Debug|Any CPU
		{7147383D-8B55-44BA-A4E7-B01C875E33EE}.Debug|x86.ActiveCfg = Debug|Any CPU
		{7147383D-8B55-44BA-A4E7-B01C875E33EE}.Debug|x86.Build.0 = Debug|Any CPU
		{7147383D-8B55-44BA-A4E7-B01C875E33EE}.Debug|x86.Deploy.0 = Debug|Any CPU
		{7147383D-8B55-44BA-A4E7-B01C875E33EE}.Release|Any CPU.ActiveCfg = Release|Any CPU
		{7147383D-8B55-44BA-A4E7-B01C875E33EE}.Release|Any CPU.Build.0 = Release|Any CPU
		{7147383D-8B55-44BA-A4E7-B01C875E33EE}.Release|Any CPU.Deploy.0 = Release|Any CPU
		{7147383D-8B55-44BA-A4E7-B01C875E33EE}.Release|ARM.ActiveCfg = Release|Any CPU
		{7147383D-8B55-44BA-A4E7-B01C875E33EE}.Release|ARM.Build.0 = Release|Any CPU
		{7147383D-8B55-44BA-A4E7-B01C875E33EE}.Release|ARM.Deploy.0 = Release|Any CPU
		{7147383D-8B55-44BA-A4E7-B01C875E33EE}.Release|iPhone.ActiveCfg = Release|Any CPU
		{7147383D-8B55-44BA-A4E7-B01C875E33EE}.Release|iPhone.Build.0 = Release|Any CPU
		{7147383D-8B55-44BA-A4E7-B01C875E33EE}.Release|iPhone.Deploy.0 = Release|Any CPU
		{7147383D-8B55-44BA-A4E7-B01C875E33EE}.Release|iPhoneSimulator.ActiveCfg = Release|Any CPU
		{7147383D-8B55-44BA-A4E7-B01C875E33EE}.Release|iPhoneSimulator.Build.0 = Release|Any CPU
		{7147383D-8B55-44BA-A4E7-B01C875E33EE}.Release|iPhoneSimulator.Deploy.0 = Release|Any CPU
		{7147383D-8B55-44BA-A4E7-B01C875E33EE}.Release|x64.ActiveCfg = Release|Any CPU
		{7147383D-8B55-44BA-A4E7-B01C875E33EE}.Release|x64.Build.0 = Release|Any CPU
		{7147383D-8B55-44BA-A4E7-B01C875E33EE}.Release|x64.Deploy.0 = Release|Any CPU
		{7147383D-8B55-44BA-A4E7-B01C875E33EE}.Release|x86.ActiveCfg = Release|Any CPU
		{7147383D-8B55-44BA-A4E7-B01C875E33EE}.Release|x86.Build.0 = Release|Any CPU
		{7147383D-8B55-44BA-A4E7-B01C875E33EE}.Release|x86.Deploy.0 = Release|Any CPU
		{4041365C-EC53-4D91-9D23-EA86B4778FF0}.Debug|Any CPU.ActiveCfg = Debug|Any CPU
		{4041365C-EC53-4D91-9D23-EA86B4778FF0}.Debug|Any CPU.Build.0 = Debug|Any CPU
		{4041365C-EC53-4D91-9D23-EA86B4778FF0}.Debug|ARM.ActiveCfg = Debug|Any CPU
		{4041365C-EC53-4D91-9D23-EA86B4778FF0}.Debug|ARM.Build.0 = Debug|Any CPU
		{4041365C-EC53-4D91-9D23-EA86B4778FF0}.Debug|iPhone.ActiveCfg = Debug|Any CPU
		{4041365C-EC53-4D91-9D23-EA86B4778FF0}.Debug|iPhone.Build.0 = Debug|Any CPU
		{4041365C-EC53-4D91-9D23-EA86B4778FF0}.Debug|iPhoneSimulator.ActiveCfg = Debug|Any CPU
		{4041365C-EC53-4D91-9D23-EA86B4778FF0}.Debug|iPhoneSimulator.Build.0 = Debug|Any CPU
		{4041365C-EC53-4D91-9D23-EA86B4778FF0}.Debug|x64.ActiveCfg = Debug|Any CPU
		{4041365C-EC53-4D91-9D23-EA86B4778FF0}.Debug|x64.Build.0 = Debug|Any CPU
		{4041365C-EC53-4D91-9D23-EA86B4778FF0}.Debug|x86.ActiveCfg = Debug|Any CPU
		{4041365C-EC53-4D91-9D23-EA86B4778FF0}.Debug|x86.Build.0 = Debug|Any CPU
		{4041365C-EC53-4D91-9D23-EA86B4778FF0}.Release|Any CPU.ActiveCfg = Release|Any CPU
		{4041365C-EC53-4D91-9D23-EA86B4778FF0}.Release|Any CPU.Build.0 = Release|Any CPU
		{4041365C-EC53-4D91-9D23-EA86B4778FF0}.Release|ARM.ActiveCfg = Release|Any CPU
		{4041365C-EC53-4D91-9D23-EA86B4778FF0}.Release|ARM.Build.0 = Release|Any CPU
		{4041365C-EC53-4D91-9D23-EA86B4778FF0}.Release|iPhone.ActiveCfg = Release|Any CPU
		{4041365C-EC53-4D91-9D23-EA86B4778FF0}.Release|iPhone.Build.0 = Release|Any CPU
		{4041365C-EC53-4D91-9D23-EA86B4778FF0}.Release|iPhoneSimulator.ActiveCfg = Release|Any CPU
		{4041365C-EC53-4D91-9D23-EA86B4778FF0}.Release|iPhoneSimulator.Build.0 = Release|Any CPU
		{4041365C-EC53-4D91-9D23-EA86B4778FF0}.Release|x64.ActiveCfg = Release|Any CPU
		{4041365C-EC53-4D91-9D23-EA86B4778FF0}.Release|x64.Build.0 = Release|Any CPU
		{4041365C-EC53-4D91-9D23-EA86B4778FF0}.Release|x86.ActiveCfg = Release|Any CPU
		{4041365C-EC53-4D91-9D23-EA86B4778FF0}.Release|x86.Build.0 = Release|Any CPU
	EndGlobalSection
	GlobalSection(SolutionProperties) = preSolution
		HideSolutionNode = FALSE
	EndGlobalSection
	GlobalSection(NestedProjects) = preSolution
		{671E0BC2-F069-4E03-91A6-85163C7245C9} = {E47E53F0-9924-49A0-8D98-5428399C5BE4}
		{EE29C585-5FDA-49EA-A68E-54E0E2DDE078} = {19667E63-DC41-4FAD-98DC-F438F10D095F}
		{4ED53158-FD09-40E0-8494-70E37DD2B2C0} = {19667E63-DC41-4FAD-98DC-F438F10D095F}
		{FAFA9B0B-975F-4B2A-BE09-97386204399C} = {E47E53F0-9924-49A0-8D98-5428399C5BE4}
		{5644B2A3-5B96-44D5-A244-4E7E450E2196} = {19667E63-DC41-4FAD-98DC-F438F10D095F}
		{1EDA072C-07B1-41F7-BFAF-7782B0B09CA8} = {E47E53F0-9924-49A0-8D98-5428399C5BE4}
		{3CECADBB-3E56-4D47-A313-CE9E43DCAB02} = {19667E63-DC41-4FAD-98DC-F438F10D095F}
		{E47E53F0-9924-49A0-8D98-5428399C5BE4} = {BC202E31-ED6C-4C96-BFAA-F5648FBC9675}
		{79C215AD-9170-4838-A59E-171C6756949E} = {BC202E31-ED6C-4C96-BFAA-F5648FBC9675}
		{067B3562-A60A-48CB-A917-4B7D9700120A} = {79C215AD-9170-4838-A59E-171C6756949E}
		{3BF32231-DBD0-4BF6-A3A0-CF4F397BB29C} = {79C215AD-9170-4838-A59E-171C6756949E}
		{F4E4DE9D-5766-49A8-BD66-DEC0D1636D5D} = {E47E53F0-9924-49A0-8D98-5428399C5BE4}
		{3B1E3038-4904-436B-8594-E9456CDFA6F5} = {79C215AD-9170-4838-A59E-171C6756949E}
		{047A718A-19C9-4E34-A562-F07C2BDD7DBD} = {19667E63-DC41-4FAD-98DC-F438F10D095F}
		{7147383D-8B55-44BA-A4E7-B01C875E33EE} = {E47E53F0-9924-49A0-8D98-5428399C5BE4}
		{4041365C-EC53-4D91-9D23-EA86B4778FF0} = {19667E63-DC41-4FAD-98DC-F438F10D095F}
	EndGlobalSection
	GlobalSection(ExtensibilityGlobals) = postSolution
		SolutionGuid = {DFFC8E8C-FFEE-4C9F-AF4E-A20F449F21B9}
	EndGlobalSection
EndGlobal
