Microsoft Visual Studio Solution File, Format Version 12.00
# Visual Studio Version 16
VisualStudioVersion = 16.0.0.0
MinimumVisualStudioVersion = 16.0.0.0
Project("{9A19103F-16F7-4668-BE54-9A1E7A4F7556}") = "ControlGallery", "ControlGallery\ControlGallery.csproj", "{5D6F0A6D-9756-445C-B36C-B6F187418969}"
EndProject
Project("{FAE04EC0-301F-11D3-BF4B-00C04F79EFBC}") = "ControlGallery.Android", "ControlGallery.Android\ControlGallery.Android.csproj", "{4413CDA6-56AA-4843-B5ED-3C885E1AC80A}"
EndProject
Project("{FAE04EC0-301F-11D3-BF4B-00C04F79EFBC}") = "ControlGallery.iOS", "ControlGallery.iOS\ControlGallery.iOS.csproj", "{24939485-B489-47E0-ACB5-199264D4BEB0}"
EndProject
Global
	GlobalSection(SolutionConfigurationPlatforms) = preSolution
		Debug|Any CPU = Debug|Any CPU
		Debug|iPhone = Debug|iPhone
		Debug|iPhoneSimulator = Debug|iPhoneSimulator
		Debug|x64 = Debug|x64
		Debug|x86 = Debug|x86
		Release|Any CPU = Release|Any CPU
		Release|iPhone = Release|iPhone
		Release|iPhoneSimulator = Release|iPhoneSimulator
		Release|x64 = Release|x64
		Release|x86 = Release|x86
	EndGlobalSection
	GlobalSection(ProjectConfigurationPlatforms) = postSolution
		{4413CDA6-56AA-4843-B5ED-3C885E1AC80A}.Debug|Any CPU.ActiveCfg = Debug|Any CPU
		{4413CDA6-56AA-4843-B5ED-3C885E1AC80A}.Debug|Any CPU.Build.0 = Debug|Any CPU
		{4413CDA6-56AA-4843-B5ED-3C885E1AC80A}.Debug|Any CPU.Deploy.0 = Debug|Any CPU
		{4413CDA6-56AA-4843-B5ED-3C885E1AC80A}.Debug|iPhone.ActiveCfg = Debug|Any CPU
		{4413CDA6-56AA-4843-B5ED-3C885E1AC80A}.Debug|iPhone.Build.0 = Debug|Any CPU
		{4413CDA6-56AA-4843-B5ED-3C885E1AC80A}.Debug|iPhone.Deploy.0 = Debug|Any CPU
		{4413CDA6-56AA-4843-B5ED-3C885E1AC80A}.Debug|iPhoneSimulator.ActiveCfg = Debug|Any CPU
		{4413CDA6-56AA-4843-B5ED-3C885E1AC80A}.Debug|iPhoneSimulator.Build.0 = Debug|Any CPU
		{4413CDA6-56AA-4843-B5ED-3C885E1AC80A}.Debug|iPhoneSimulator.Deploy.0 = Debug|Any CPU
		{4413CDA6-56AA-4843-B5ED-3C885E1AC80A}.Debug|x64.ActiveCfg = Debug|Any CPU
		{4413CDA6-56AA-4843-B5ED-3C885E1AC80A}.Debug|x64.Build.0 = Debug|Any CPU
		{4413CDA6-56AA-4843-B5ED-3C885E1AC80A}.Debug|x64.Deploy.0 = Debug|Any CPU
		{4413CDA6-56AA-4843-B5ED-3C885E1AC80A}.Debug|x86.ActiveCfg = Debug|Any CPU
		{4413CDA6-56AA-4843-B5ED-3C885E1AC80A}.Debug|x86.Build.0 = Debug|Any CPU
		{4413CDA6-56AA-4843-B5ED-3C885E1AC80A}.Debug|x86.Deploy.0 = Debug|Any CPU
		{4413CDA6-56AA-4843-B5ED-3C885E1AC80A}.Release|Any CPU.ActiveCfg = Release|Any CPU
		{4413CDA6-56AA-4843-B5ED-3C885E1AC80A}.Release|Any CPU.Build.0 = Release|Any CPU
		{4413CDA6-56AA-4843-B5ED-3C885E1AC80A}.Release|Any CPU.Deploy.0 = Release|Any CPU
		{4413CDA6-56AA-4843-B5ED-3C885E1AC80A}.Release|iPhone.ActiveCfg = Release|Any CPU
		{4413CDA6-56AA-4843-B5ED-3C885E1AC80A}.Release|iPhone.Build.0 = Release|Any CPU
		{4413CDA6-56AA-4843-B5ED-3C885E1AC80A}.Release|iPhone.Deploy.0 = Release|Any CPU
		{4413CDA6-56AA-4843-B5ED-3C885E1AC80A}.Release|iPhoneSimulator.ActiveCfg = Release|Any CPU
		{4413CDA6-56AA-4843-B5ED-3C885E1AC80A}.Release|iPhoneSimulator.Build.0 = Release|Any CPU
		{4413CDA6-56AA-4843-B5ED-3C885E1AC80A}.Release|iPhoneSimulator.Deploy.0 = Release|Any CPU
		{4413CDA6-56AA-4843-B5ED-3C885E1AC80A}.Release|x64.ActiveCfg = Release|Any CPU
		{4413CDA6-56AA-4843-B5ED-3C885E1AC80A}.Release|x64.Build.0 = Release|Any CPU
		{4413CDA6-56AA-4843-B5ED-3C885E1AC80A}.Release|x64.Deploy.0 = Release|Any CPU
		{4413CDA6-56AA-4843-B5ED-3C885E1AC80A}.Release|x86.ActiveCfg = Release|Any CPU
		{4413CDA6-56AA-4843-B5ED-3C885E1AC80A}.Release|x86.Build.0 = Release|Any CPU
		{4413CDA6-56AA-4843-B5ED-3C885E1AC80A}.Release|x86.Deploy.0 = Release|Any CPU
		{5D6F0A6D-9756-445C-B36C-B6F187418969}.Debug|Any CPU.ActiveCfg = Debug|Any CPU
		{5D6F0A6D-9756-445C-B36C-B6F187418969}.Debug|Any CPU.Build.0 = Debug|Any CPU
		{5D6F0A6D-9756-445C-B36C-B6F187418969}.Debug|iPhone.ActiveCfg = Debug|Any CPU
		{5D6F0A6D-9756-445C-B36C-B6F187418969}.Debug|iPhone.Build.0 = Debug|Any CPU
		{5D6F0A6D-9756-445C-B36C-B6F187418969}.Debug|iPhoneSimulator.ActiveCfg = Debug|Any CPU
		{5D6F0A6D-9756-445C-B36C-B6F187418969}.Debug|iPhoneSimulator.Build.0 = Debug|Any CPU
		{5D6F0A6D-9756-445C-B36C-B6F187418969}.Debug|x64.ActiveCfg = Debug|Any CPU
		{5D6F0A6D-9756-445C-B36C-B6F187418969}.Debug|x64.Build.0 = Debug|Any CPU
		{5D6F0A6D-9756-445C-B36C-B6F187418969}.Debug|x86.ActiveCfg = Debug|Any CPU
		{5D6F0A6D-9756-445C-B36C-B6F187418969}.Debug|x86.Build.0 = Debug|Any CPU
		{5D6F0A6D-9756-445C-B36C-B6F187418969}.Release|Any CPU.ActiveCfg = Release|Any CPU
		{5D6F0A6D-9756-445C-B36C-B6F187418969}.Release|Any CPU.Build.0 = Release|Any CPU
		{5D6F0A6D-9756-445C-B36C-B6F187418969}.Release|iPhone.ActiveCfg = Release|Any CPU
		{5D6F0A6D-9756-445C-B36C-B6F187418969}.Release|iPhone.Build.0 = Release|Any CPU
		{5D6F0A6D-9756-445C-B36C-B6F187418969}.Release|iPhoneSimulator.ActiveCfg = Release|Any CPU
		{5D6F0A6D-9756-445C-B36C-B6F187418969}.Release|iPhoneSimulator.Build.0 = Release|Any CPU
		{5D6F0A6D-9756-445C-B36C-B6F187418969}.Release|x64.ActiveCfg = Release|Any CPU
		{5D6F0A6D-9756-445C-B36C-B6F187418969}.Release|x64.Build.0 = Release|Any CPU
		{5D6F0A6D-9756-445C-B36C-B6F187418969}.Release|x86.ActiveCfg = Release|Any CPU
		{5D6F0A6D-9756-445C-B36C-B6F187418969}.Release|x86.Build.0 = Release|Any CPU
		{24939485-B489-47E0-ACB5-199264D4BEB0}.Debug|Any CPU.ActiveCfg = Debug|iPhone
		{24939485-B489-47E0-ACB5-199264D4BEB0}.Debug|iPhone.ActiveCfg = Debug|iPhone
		{24939485-B489-47E0-ACB5-199264D4BEB0}.Debug|iPhone.Build.0 = Debug|iPhone
		{24939485-B489-47E0-ACB5-199264D4BEB0}.Debug|iPhoneSimulator.ActiveCfg = Debug|iPhoneSimulator
		{24939485-B489-47E0-ACB5-199264D4BEB0}.Debug|iPhoneSimulator.Build.0 = Debug|iPhoneSimulator
		{24939485-B489-47E0-ACB5-199264D4BEB0}.Debug|x64.ActiveCfg = Debug|iPhone
		{24939485-B489-47E0-ACB5-199264D4BEB0}.Debug|x86.ActiveCfg = Debug|iPhone
		{24939485-B489-47E0-ACB5-199264D4BEB0}.Release|Any CPU.ActiveCfg = Release|iPhone
		{24939485-B489-47E0-ACB5-199264D4BEB0}.Release|iPhone.ActiveCfg = Release|iPhone
		{24939485-B489-47E0-ACB5-199264D4BEB0}.Release|iPhone.Build.0 = Release|iPhone
		{24939485-B489-47E0-ACB5-199264D4BEB0}.Release|iPhoneSimulator.ActiveCfg = Release|iPhoneSimulator
		{24939485-B489-47E0-ACB5-199264D4BEB0}.Release|iPhoneSimulator.Build.0 = Release|iPhoneSimulator
		{24939485-B489-47E0-ACB5-199264D4BEB0}.Release|x64.ActiveCfg = Release|iPhone
		{24939485-B489-47E0-ACB5-199264D4BEB0}.Release|x86.ActiveCfg = Release|iPhone
	EndGlobalSection
	GlobalSection(SolutionProperties) = preSolution
		HideSolutionNode = FALSE
	EndGlobalSection
	GlobalSection(ExtensibilityGlobals) = postSolution
		SolutionGuid = {0185FF58-BCBD-4E69-8B93-503BE0DBF140}
	EndGlobalSection
EndGlobal