
Microsoft Visual Studio Solution File, Format Version 12.00
# Visual Studio Version 16
VisualStudioVersion = 16.0.29319.158
MinimumVisualStudioVersion = 10.0.40219.1
Project("{FAE04EC0-301F-11D3-BF4B-00C04F79EFBC}") = "XamarinTodoXaml.Android", "XamarinTodoXaml\XamarinTodoXaml.Android\XamarinTodoXaml.Android.csproj", "{D996AB13-8888-44F6-9F47-2B1832F8C9F5}"
EndProject
Project("{FAE04EC0-301F-11D3-BF4B-00C04F79EFBC}") = "XamarinTodoXaml.iOS", "XamarinTodoXaml\XamarinTodoXaml.iOS\XamarinTodoXaml.iOS.csproj", "{D0B92F3B-F08C-4437-96CD-07A6258AB47A}"
EndProject
Project("{FAE04EC0-301F-11D3-BF4B-00C04F79EFBC}") = "XamarinTodoXaml", "XamarinTodoXaml\XamarinTodoXaml\XamarinTodoXaml.csproj", "{2920524A-970C-4DFE-8043-11B86BE7BB23}"
EndProject
Global
	GlobalSection(SolutionConfigurationPlatforms) = preSolution
		Debug|Any CPU = Debug|Any CPU
		Debug|iPhone = Debug|iPhone
		Debug|iPhoneSimulator = Debug|iPhoneSimulator
		Release|Any CPU = Release|Any CPU
		Release|iPhone = Release|iPhone
		Release|iPhoneSimulator = Release|iPhoneSimulator
	EndGlobalSection
	GlobalSection(ProjectConfigurationPlatforms) = postSolution
		{D996AB13-8888-44F6-9F47-2B1832F8C9F5}.Debug|Any CPU.ActiveCfg = Debug|Any CPU
		{D996AB13-8888-44F6-9F47-2B1832F8C9F5}.Debug|Any CPU.Build.0 = Debug|Any CPU
		{D996AB13-8888-44F6-9F47-2B1832F8C9F5}.Debug|Any CPU.Deploy.0 = Debug|Any CPU
		{D996AB13-8888-44F6-9F47-2B1832F8C9F5}.Debug|iPhone.ActiveCfg = Debug|Any CPU
		{D996AB13-8888-44F6-9F47-2B1832F8C9F5}.Debug|iPhone.Build.0 = Debug|Any CPU
		{D996AB13-8888-44F6-9F47-2B1832F8C9F5}.Debug|iPhone.Deploy.0 = Debug|Any CPU
		{D996AB13-8888-44F6-9F47-2B1832F8C9F5}.Debug|iPhoneSimulator.ActiveCfg = Debug|Any CPU
		{D996AB13-8888-44F6-9F47-2B1832F8C9F5}.Debug|iPhoneSimulator.Build.0 = Debug|Any CPU
		{D996AB13-8888-44F6-9F47-2B1832F8C9F5}.Debug|iPhoneSimulator.Deploy.0 = Debug|Any CPU
		{D996AB13-8888-44F6-9F47-2B1832F8C9F5}.Release|Any CPU.ActiveCfg = Release|Any CPU
		{D996AB13-8888-44F6-9F47-2B1832F8C9F5}.Release|Any CPU.Build.0 = Release|Any CPU
		{D996AB13-8888-44F6-9F47-2B1832F8C9F5}.Release|Any CPU.Deploy.0 = Release|Any CPU
		{D996AB13-8888-44F6-9F47-2B1832F8C9F5}.Release|iPhone.ActiveCfg = Release|Any CPU
		{D996AB13-8888-44F6-9F47-2B1832F8C9F5}.Release|iPhone.Build.0 = Release|Any CPU
		{D996AB13-8888-44F6-9F47-2B1832F8C9F5}.Release|iPhone.Deploy.0 = Release|Any CPU
		{D996AB13-8888-44F6-9F47-2B1832F8C9F5}.Release|iPhoneSimulator.ActiveCfg = Release|Any CPU
		{D996AB13-8888-44F6-9F47-2B1832F8C9F5}.Release|iPhoneSimulator.Build.0 = Release|Any CPU
		{D996AB13-8888-44F6-9F47-2B1832F8C9F5}.Release|iPhoneSimulator.Deploy.0 = Release|Any CPU
		{D0B92F3B-F08C-4437-96CD-07A6258AB47A}.Debug|Any CPU.ActiveCfg = Debug|iPhoneSimulator
		{D0B92F3B-F08C-4437-96CD-07A6258AB47A}.Debug|Any CPU.Build.0 = Debug|iPhoneSimulator
		{D0B92F3B-F08C-4437-96CD-07A6258AB47A}.Debug|Any CPU.Deploy.0 = Debug|iPhoneSimulator
		{D0B92F3B-F08C-4437-96CD-07A6258AB47A}.Debug|iPhone.ActiveCfg = Debug|iPhone
		{D0B92F3B-F08C-4437-96CD-07A6258AB47A}.Debug|iPhone.Build.0 = Debug|iPhone
		{D0B92F3B-F08C-4437-96CD-07A6258AB47A}.Debug|iPhone.Deploy.0 = Debug|iPhone
		{D0B92F3B-F08C-4437-96CD-07A6258AB47A}.Debug|iPhoneSimulator.ActiveCfg = Debug|iPhoneSimulator
		{D0B92F3B-F08C-4437-96CD-07A6258AB47A}.Debug|iPhoneSimulator.Build.0 = Debug|iPhoneSimulator
		{D0B92F3B-F08C-4437-96CD-07A6258AB47A}.Debug|iPhoneSimulator.Deploy.0 = Debug|iPhoneSimulator
		{D0B92F3B-F08C-4437-96CD-07A6258AB47A}.Release|Any CPU.ActiveCfg = Release|iPhone
		{D0B92F3B-F08C-4437-96CD-07A6258AB47A}.Release|Any CPU.Build.0 = Release|iPhone
		{D0B92F3B-F08C-4437-96CD-07A6258AB47A}.Release|Any CPU.Deploy.0 = Release|iPhone
		{D0B92F3B-F08C-4437-96CD-07A6258AB47A}.Release|iPhone.ActiveCfg = Release|iPhone
		{D0B92F3B-F08C-4437-96CD-07A6258AB47A}.Release|iPhone.Build.0 = Release|iPhone
		{D0B92F3B-F08C-4437-96CD-07A6258AB47A}.Release|iPhone.Deploy.0 = Release|iPhone
		{D0B92F3B-F08C-4437-96CD-07A6258AB47A}.Release|iPhoneSimulator.ActiveCfg = Release|iPhoneSimulator
		{D0B92F3B-F08C-4437-96CD-07A6258AB47A}.Release|iPhoneSimulator.Build.0 = Release|iPhoneSimulator
		{D0B92F3B-F08C-4437-96CD-07A6258AB47A}.Release|iPhoneSimulator.Deploy.0 = Release|iPhoneSimulator
		{2920524A-970C-4DFE-8043-11B86BE7BB23}.Debug|Any CPU.ActiveCfg = Debug|Any CPU
		{2920524A-970C-4DFE-8043-11B86BE7BB23}.Debug|Any CPU.Build.0 = Debug|Any CPU
		{2920524A-970C-4DFE-8043-11B86BE7BB23}.Debug|Any CPU.Deploy.0 = Debug|Any CPU
		{2920524A-970C-4DFE-8043-11B86BE7BB23}.Debug|iPhone.ActiveCfg = Debug|Any CPU
		{2920524A-970C-4DFE-8043-11B86BE7BB23}.Debug|iPhone.Build.0 = Debug|Any CPU
		{2920524A-970C-4DFE-8043-11B86BE7BB23}.Debug|iPhone.Deploy.0 = Debug|Any CPU
		{2920524A-970C-4DFE-8043-11B86BE7BB23}.Debug|iPhoneSimulator.ActiveCfg = Debug|Any CPU
		{2920524A-970C-4DFE-8043-11B86BE7BB23}.Debug|iPhoneSimulator.Build.0 = Debug|Any CPU
		{2920524A-970C-4DFE-8043-11B86BE7BB23}.Debug|iPhoneSimulator.Deploy.0 = Debug|Any CPU
		{2920524A-970C-4DFE-8043-11B86BE7BB23}.Release|Any CPU.ActiveCfg = Release|Any CPU
		{2920524A-970C-4DFE-8043-11B86BE7BB23}.Release|Any CPU.Build.0 = Release|Any CPU
		{2920524A-970C-4DFE-8043-11B86BE7BB23}.Release|Any CPU.Deploy.0 = Release|Any CPU
		{2920524A-970C-4DFE-8043-11B86BE7BB23}.Release|iPhone.ActiveCfg = Release|Any CPU
		{2920524A-970C-4DFE-8043-11B86BE7BB23}.Release|iPhone.Build.0 = Release|Any CPU
		{2920524A-970C-4DFE-8043-11B86BE7BB23}.Release|iPhone.Deploy.0 = Release|Any CPU
		{2920524A-970C-4DFE-8043-11B86BE7BB23}.Release|iPhoneSimulator.ActiveCfg = Release|Any CPU
		{2920524A-970C-4DFE-8043-11B86BE7BB23}.Release|iPhoneSimulator.Build.0 = Release|Any CPU
		{2920524A-970C-4DFE-8043-11B86BE7BB23}.Release|iPhoneSimulator.Deploy.0 = Release|Any CPU
	EndGlobalSection
	GlobalSection(SolutionProperties) = preSolution
		HideSolutionNode = FALSE
	EndGlobalSection
	GlobalSection(ExtensibilityGlobals) = postSolution
		SolutionGuid = {E9B33CF5-C96C-4FD4-9F19-2415E1AA8856}
	EndGlobalSection
EndGlobal
