Microsoft Visual Studio Solution File, Format Version 12.00
# Visual Studio Version 16
VisualStudioVersion = 16.0.0.0
MinimumVisualStudioVersion = 16.0.0.0
Project("{9A19103F-16F7-4668-BE54-9A1E7A4F7556}") = "NewApp", "NewApp\NewApp.csproj", "{99E19497-29A6-4B77-B773-BEC55F9B55DC}"
EndProject
#if (CreateAndroidProject)
Project("{FAE04EC0-301F-11D3-BF4B-00C04F79EFBC}") = "NewApp.Android", "NewApp.Android\NewApp.Android.csproj", "{8D9F8CF0-E178-402D-8D40-A88B7B5F3D42}"
EndProject
#endif
#if (CreateiOSProject)
Project("{FAE04EC0-301F-11D3-BF4B-00C04F79EFBC}") = "NewApp.iOS", "NewApp.iOS\NewApp.iOS.csproj", "{91D74A40-E440-42AD-B51F-C2D641C49384}"
EndProject
#endif
Global
	GlobalSection(SolutionConfigurationPlatforms) = preSolution
		Debug|Any CPU = Debug|Any CPU
		Debug|iPhone = Debug|iPhone
		Debug|iPhoneSimulator = Debug|iPhoneSimulator
		Debug|x64 = Debug|x64
		Debug|x86 = Debug|x86
		Release|Any CPU = Release|Any CPU
		Release|iPhone = Release|iPhone
		Release|iPhoneSimulator = Release|iPhoneSimulator
		Release|x64 = Release|x64
		Release|x86 = Release|x86
	EndGlobalSection
	GlobalSection(ProjectConfigurationPlatforms) = postSolution
#if (CreateAndroidProject)
		{8D9F8CF0-E178-402D-8D40-A88B7B5F3D42}.Debug|Any CPU.ActiveCfg = Debug|Any CPU
		{8D9F8CF0-E178-402D-8D40-A88B7B5F3D42}.Debug|Any CPU.Build.0 = Debug|Any CPU
		{8D9F8CF0-E178-402D-8D40-A88B7B5F3D42}.Debug|Any CPU.Deploy.0 = Debug|Any CPU
		{8D9F8CF0-E178-402D-8D40-A88B7B5F3D42}.Debug|iPhone.ActiveCfg = Debug|Any CPU
		{8D9F8CF0-E178-402D-8D40-A88B7B5F3D42}.Debug|iPhone.Build.0 = Debug|Any CPU
		{8D9F8CF0-E178-402D-8D40-A88B7B5F3D42}.Debug|iPhone.Deploy.0 = Debug|Any CPU
		{8D9F8CF0-E178-402D-8D40-A88B7B5F3D42}.Debug|iPhoneSimulator.ActiveCfg = Debug|Any CPU
		{8D9F8CF0-E178-402D-8D40-A88B7B5F3D42}.Debug|iPhoneSimulator.Build.0 = Debug|Any CPU
		{8D9F8CF0-E178-402D-8D40-A88B7B5F3D42}.Debug|iPhoneSimulator.Deploy.0 = Debug|Any CPU
		{8D9F8CF0-E178-402D-8D40-A88B7B5F3D42}.Debug|x64.ActiveCfg = Debug|Any CPU
		{8D9F8CF0-E178-402D-8D40-A88B7B5F3D42}.Debug|x64.Build.0 = Debug|Any CPU
		{8D9F8CF0-E178-402D-8D40-A88B7B5F3D42}.Debug|x64.Deploy.0 = Debug|Any CPU
		{8D9F8CF0-E178-402D-8D40-A88B7B5F3D42}.Debug|x86.ActiveCfg = Debug|Any CPU
		{8D9F8CF0-E178-402D-8D40-A88B7B5F3D42}.Debug|x86.Build.0 = Debug|Any CPU
		{8D9F8CF0-E178-402D-8D40-A88B7B5F3D42}.Debug|x86.Deploy.0 = Debug|Any CPU
		{8D9F8CF0-E178-402D-8D40-A88B7B5F3D42}.Release|Any CPU.ActiveCfg = Release|Any CPU
		{8D9F8CF0-E178-402D-8D40-A88B7B5F3D42}.Release|Any CPU.Build.0 = Release|Any CPU
		{8D9F8CF0-E178-402D-8D40-A88B7B5F3D42}.Release|Any CPU.Deploy.0 = Release|Any CPU
		{8D9F8CF0-E178-402D-8D40-A88B7B5F3D42}.Release|iPhone.ActiveCfg = Release|Any CPU
		{8D9F8CF0-E178-402D-8D40-A88B7B5F3D42}.Release|iPhone.Build.0 = Release|Any CPU
		{8D9F8CF0-E178-402D-8D40-A88B7B5F3D42}.Release|iPhone.Deploy.0 = Release|Any CPU
		{8D9F8CF0-E178-402D-8D40-A88B7B5F3D42}.Release|iPhoneSimulator.ActiveCfg = Release|Any CPU
		{8D9F8CF0-E178-402D-8D40-A88B7B5F3D42}.Release|iPhoneSimulator.Build.0 = Release|Any CPU
		{8D9F8CF0-E178-402D-8D40-A88B7B5F3D42}.Release|iPhoneSimulator.Deploy.0 = Release|Any CPU
		{8D9F8CF0-E178-402D-8D40-A88B7B5F3D42}.Release|x64.ActiveCfg = Release|Any CPU
		{8D9F8CF0-E178-402D-8D40-A88B7B5F3D42}.Release|x64.Build.0 = Release|Any CPU
		{8D9F8CF0-E178-402D-8D40-A88B7B5F3D42}.Release|x64.Deploy.0 = Release|Any CPU
		{8D9F8CF0-E178-402D-8D40-A88B7B5F3D42}.Release|x86.ActiveCfg = Release|Any CPU
		{8D9F8CF0-E178-402D-8D40-A88B7B5F3D42}.Release|x86.Build.0 = Release|Any CPU
		{8D9F8CF0-E178-402D-8D40-A88B7B5F3D42}.Release|x86.Deploy.0 = Release|Any CPU
#endif
		{99E19497-29A6-4B77-B773-BEC55F9B55DC}.Debug|Any CPU.ActiveCfg = Debug|Any CPU
		{99E19497-29A6-4B77-B773-BEC55F9B55DC}.Debug|Any CPU.Build.0 = Debug|Any CPU
		{99E19497-29A6-4B77-B773-BEC55F9B55DC}.Debug|iPhone.ActiveCfg = Debug|Any CPU
		{99E19497-29A6-4B77-B773-BEC55F9B55DC}.Debug|iPhone.Build.0 = Debug|Any CPU
		{99E19497-29A6-4B77-B773-BEC55F9B55DC}.Debug|iPhoneSimulator.ActiveCfg = Debug|Any CPU
		{99E19497-29A6-4B77-B773-BEC55F9B55DC}.Debug|iPhoneSimulator.Build.0 = Debug|Any CPU
		{99E19497-29A6-4B77-B773-BEC55F9B55DC}.Debug|x64.ActiveCfg = Debug|Any CPU
		{99E19497-29A6-4B77-B773-BEC55F9B55DC}.Debug|x64.Build.0 = Debug|Any CPU
		{99E19497-29A6-4B77-B773-BEC55F9B55DC}.Debug|x86.ActiveCfg = Debug|Any CPU
		{99E19497-29A6-4B77-B773-BEC55F9B55DC}.Debug|x86.Build.0 = Debug|Any CPU
		{99E19497-29A6-4B77-B773-BEC55F9B55DC}.Release|Any CPU.ActiveCfg = Release|Any CPU
		{99E19497-29A6-4B77-B773-BEC55F9B55DC}.Release|Any CPU.Build.0 = Release|Any CPU
		{99E19497-29A6-4B77-B773-BEC55F9B55DC}.Release|iPhone.ActiveCfg = Release|Any CPU
		{99E19497-29A6-4B77-B773-BEC55F9B55DC}.Release|iPhone.Build.0 = Release|Any CPU
		{99E19497-29A6-4B77-B773-BEC55F9B55DC}.Release|iPhoneSimulator.ActiveCfg = Release|Any CPU
		{99E19497-29A6-4B77-B773-BEC55F9B55DC}.Release|iPhoneSimulator.Build.0 = Release|Any CPU
		{99E19497-29A6-4B77-B773-BEC55F9B55DC}.Release|x64.ActiveCfg = Release|Any CPU
		{99E19497-29A6-4B77-B773-BEC55F9B55DC}.Release|x64.Build.0 = Release|Any CPU
		{99E19497-29A6-4B77-B773-BEC55F9B55DC}.Release|x86.ActiveCfg = Release|Any CPU
		{99E19497-29A6-4B77-B773-BEC55F9B55DC}.Release|x86.Build.0 = Release|Any CPU
#if (CreateiOSProject)
		{91D74A40-E440-42AD-B51F-C2D641C49384}.Debug|Any CPU.ActiveCfg = Debug|iPhone
		{91D74A40-E440-42AD-B51F-C2D641C49384}.Debug|iPhone.ActiveCfg = Debug|iPhone
		{91D74A40-E440-42AD-B51F-C2D641C49384}.Debug|iPhone.Build.0 = Debug|iPhone
		{91D74A40-E440-42AD-B51F-C2D641C49384}.Debug|iPhoneSimulator.ActiveCfg = Debug|iPhoneSimulator
		{91D74A40-E440-42AD-B51F-C2D641C49384}.Debug|iPhoneSimulator.Build.0 = Debug|iPhoneSimulator
		{91D74A40-E440-42AD-B51F-C2D641C49384}.Debug|x64.ActiveCfg = Debug|iPhone
		{91D74A40-E440-42AD-B51F-C2D641C49384}.Debug|x86.ActiveCfg = Debug|iPhone
		{91D74A40-E440-42AD-B51F-C2D641C49384}.Release|Any CPU.ActiveCfg = Release|iPhone
		{91D74A40-E440-42AD-B51F-C2D641C49384}.Release|iPhone.ActiveCfg = Release|iPhone
		{91D74A40-E440-42AD-B51F-C2D641C49384}.Release|iPhone.Build.0 = Release|iPhone
		{91D74A40-E440-42AD-B51F-C2D641C49384}.Release|iPhoneSimulator.ActiveCfg = Release|iPhoneSimulator
		{91D74A40-E440-42AD-B51F-C2D641C49384}.Release|iPhoneSimulator.Build.0 = Release|iPhoneSimulator
		{91D74A40-E440-42AD-B51F-C2D641C49384}.Release|x64.ActiveCfg = Release|iPhone
		{91D74A40-E440-42AD-B51F-C2D641C49384}.Release|x86.ActiveCfg = Release|iPhone
#endif
	EndGlobalSection
	GlobalSection(SolutionProperties) = preSolution
		HideSolutionNode = FALSE
	EndGlobalSection
	GlobalSection(ExtensibilityGlobals) = postSolution
		SolutionGuid = {4C26868E-5E7C-458D-82E3-040509D0C71F}
	EndGlobalSection
EndGlobal
