
Microsoft Visual Studio Solution File, Format Version 12.00
# Visual Studio Version 17
VisualStudioVersion = 17.0.31611.283
MinimumVisualStudioVersion = 10.0.40219.1
Project("{9A19103F-16F7-4668-BE54-9A1E7A4F7556}") = "NewApp", "NewApp\NewApp.csproj", "{99E19497-29A6-4B77-B773-BEC55F9B55DC}"
EndProject
Global
	GlobalSection(SolutionConfigurationPlatforms) = preSolution
		Debug|Any CPU = Debug|Any CPU
		Release|Any CPU = Release|Any CPU
	EndGlobalSection
	GlobalSection(ProjectConfigurationPlatforms) = postSolution
		{99E19497-29A6-4B77-B773-BEC55F9B55DC}.Debug|Any CPU.ActiveCfg = Debug|Any CPU
		{99E19497-29A6-4B77-B773-BEC55F9B55DC}.Debug|Any CPU.Build.0 = Debug|Any CPU
		{99E19497-29A6-4B77-B773-BEC55F9B55DC}.Debug|Any CPU.Deploy.0 = Debug|Any CPU
		{99E19497-29A6-4B77-B773-BEC55F9B55DC}.Release|Any CPU.ActiveCfg = Release|Any CPU
		{99E19497-29A6-4B77-B773-BEC55F9B55DC}.Release|Any CPU.Build.0 = Release|Any CPU
		{99E19497-29A6-4B77-B773-BEC55F9B55DC}.Release|Any CPU.Deploy.0 = Release|Any CPU
	EndGlobalSection
	GlobalSection(SolutionProperties) = preSolution
		HideSolutionNode = FALSE
	EndGlobalSection
	GlobalSection(ExtensibilityGlobals) = postSolution
		SolutionGuid = {4C26868E-5E7C-458D-82E3-040509D0C71F}
	EndGlobalSection
EndGlobal
